Microsoft Visual Studio Solution File, Format Version 12.00
# Visual Studio 15
VisualStudioVersion = 15.0.28307.1000
MinimumVisualStudioVersion = 10.0.40219.1
Project("{FAE04EC0-301F-11D3-BF4B-00C04F79EFBC}") = "InformaticaTrentinaPCL", "InformaticaTrentinaPCL\InformaticaTrentinaPCL.csproj", "{2C33DEBD-467C-4860-A693-9FB6E07001FA}"
EndProject
Project("{FAE04EC0-301F-11D3-BF4B-00C04F79EFBC}") = "InformaticaTrentinaPCL.Droid", "Droid\InformaticaTrentinaPCL.Droid.csproj", "{8DD157CB-8350-4C03-9911-F05109AC87C0}"
EndProject
Project("{FAE04EC0-301F-11D3-BF4B-00C04F79EFBC}") = "InformaticaTrentinaPCL.iOS", "iOS\InformaticaTrentinaPCL.iOS.csproj", "{AF00D03A-F6D8-4319-9FF7-BE805A62969A}"
EndProject
Global
	GlobalSection(SolutionConfigurationPlatforms) = preSolution
		Coll|Any CPU = Coll|Any CPU
		Coll|iPhone = Coll|iPhone
		Coll|iPhoneSimulator = Coll|iPhoneSimulator
		Debug|Any CPU = Debug|Any CPU
		Debug|iPhone = Debug|iPhone
		Debug|iPhoneSimulator = Debug|iPhoneSimulator
		PITre_Coll|Any CPU = PITre_Coll|Any CPU
		PITre_Coll|iPhone = PITre_Coll|iPhone
		PITre_Coll|iPhoneSimulator = PITre_Coll|iPhoneSimulator
		PITre_Custom|Any CPU = PITre_Custom|Any CPU
		PITre_Custom|iPhone = PITre_Custom|iPhone
		PITre_Custom|iPhoneSimulator = PITre_Custom|iPhoneSimulator
		PITre_Prod|Any CPU = PITre_Prod|Any CPU
		PITre_Prod|iPhone = PITre_Prod|iPhone
		PITre_Prod|iPhoneSimulator = PITre_Prod|iPhoneSimulator
		PITre_Svil|Any CPU = PITre_Svil|Any CPU
		PITre_Svil|iPhone = PITre_Svil|iPhone
		PITre_Svil|iPhoneSimulator = PITre_Svil|iPhoneSimulator
		Prod|Any CPU = Prod|Any CPU
		Prod|iPhone = Prod|iPhone
		Prod|iPhoneSimulator = Prod|iPhoneSimulator
		Release|Any CPU = Release|Any CPU
		Release|iPhone = Release|iPhone
		Release|iPhoneSimulator = Release|iPhoneSimulator
		Svil|Any CPU = Svil|Any CPU
		Svil|iPhone = Svil|iPhone
		Svil|iPhoneSimulator = Svil|iPhoneSimulator
	EndGlobalSection
	GlobalSection(ProjectConfigurationPlatforms) = postSolution
		{2C33DEBD-467C-4860-A693-9FB6E07001FA}.Coll|Any CPU.ActiveCfg = Collaudo|Any CPU
		{2C33DEBD-467C-4860-A693-9FB6E07001FA}.Coll|Any CPU.Build.0 = Collaudo|Any CPU
		{2C33DEBD-467C-4860-A693-9FB6E07001FA}.Coll|iPhone.ActiveCfg = Collaudo|Any CPU
		{2C33DEBD-467C-4860-A693-9FB6E07001FA}.Coll|iPhone.Build.0 = Collaudo|Any CPU
		{2C33DEBD-467C-4860-A693-9FB6E07001FA}.Coll|iPhoneSimulator.ActiveCfg = Collaudo|Any CPU
		{2C33DEBD-467C-4860-A693-9FB6E07001FA}.Coll|iPhoneSimulator.Build.0 = Collaudo|Any CPU
		{2C33DEBD-467C-4860-A693-9FB6E07001FA}.Debug|Any CPU.ActiveCfg = Debug|Any CPU
		{2C33DEBD-467C-4860-A693-9FB6E07001FA}.Debug|Any CPU.Build.0 = Debug|Any CPU
		{2C33DEBD-467C-4860-A693-9FB6E07001FA}.Debug|iPhone.ActiveCfg = Debug|Any CPU
		{2C33DEBD-467C-4860-A693-9FB6E07001FA}.Debug|iPhone.Build.0 = Debug|Any CPU
		{2C33DEBD-467C-4860-A693-9FB6E07001FA}.Debug|iPhoneSimulator.ActiveCfg = Debug|Any CPU
		{2C33DEBD-467C-4860-A693-9FB6E07001FA}.Debug|iPhoneSimulator.Build.0 = Debug|Any CPU
		{2C33DEBD-467C-4860-A693-9FB6E07001FA}.PITre_Coll|Any CPU.ActiveCfg = Release|Any CPU
		{2C33DEBD-467C-4860-A693-9FB6E07001FA}.PITre_Coll|Any CPU.Build.0 = Release|Any CPU
		{2C33DEBD-467C-4860-A693-9FB6E07001FA}.PITre_Coll|iPhone.ActiveCfg = Release|Any CPU
		{2C33DEBD-467C-4860-A693-9FB6E07001FA}.PITre_Coll|iPhone.Build.0 = Release|Any CPU
		{2C33DEBD-467C-4860-A693-9FB6E07001FA}.PITre_Coll|iPhoneSimulator.ActiveCfg = Release|Any CPU
		{2C33DEBD-467C-4860-A693-9FB6E07001FA}.PITre_Coll|iPhoneSimulator.Build.0 = Release|Any CPU
		{2C33DEBD-467C-4860-A693-9FB6E07001FA}.PITre_Custom|Any CPU.ActiveCfg = Release|Any CPU
		{2C33DEBD-467C-4860-A693-9FB6E07001FA}.PITre_Custom|Any CPU.Build.0 = Release|Any CPU
		{2C33DEBD-467C-4860-A693-9FB6E07001FA}.PITre_Custom|iPhone.ActiveCfg = Release|Any CPU
		{2C33DEBD-467C-4860-A693-9FB6E07001FA}.PITre_Custom|iPhone.Build.0 = Release|Any CPU
		{2C33DEBD-467C-4860-A693-9FB6E07001FA}.PITre_Custom|iPhoneSimulator.ActiveCfg = Release|Any CPU
		{2C33DEBD-467C-4860-A693-9FB6E07001FA}.PITre_Custom|iPhoneSimulator.Build.0 = Release|Any CPU
		{2C33DEBD-467C-4860-A693-9FB6E07001FA}.PITre_Prod|Any CPU.ActiveCfg = Release|Any CPU
		{2C33DEBD-467C-4860-A693-9FB6E07001FA}.PITre_Prod|Any CPU.Build.0 = Release|Any CPU
		{2C33DEBD-467C-4860-A693-9FB6E07001FA}.PITre_Prod|iPhone.ActiveCfg = Release|Any CPU
		{2C33DEBD-467C-4860-A693-9FB6E07001FA}.PITre_Prod|iPhone.Build.0 = Release|Any CPU
		{2C33DEBD-467C-4860-A693-9FB6E07001FA}.PITre_Prod|iPhoneSimulator.ActiveCfg = Release|Any CPU
		{2C33DEBD-467C-4860-A693-9FB6E07001FA}.PITre_Prod|iPhoneSimulator.Build.0 = Release|Any CPU
		{2C33DEBD-467C-4860-A693-9FB6E07001FA}.PITre_Svil|Any CPU.ActiveCfg = Release|Any CPU
		{2C33DEBD-467C-4860-A693-9FB6E07001FA}.PITre_Svil|Any CPU.Build.0 = Release|Any CPU
		{2C33DEBD-467C-4860-A693-9FB6E07001FA}.PITre_Svil|iPhone.ActiveCfg = Release|Any CPU
		{2C33DEBD-467C-4860-A693-9FB6E07001FA}.PITre_Svil|iPhone.Build.0 = Release|Any CPU
		{2C33DEBD-467C-4860-A693-9FB6E07001FA}.PITre_Svil|iPhoneSimulator.ActiveCfg = Release|Any CPU
		{2C33DEBD-467C-4860-A693-9FB6E07001FA}.PITre_Svil|iPhoneSimulator.Build.0 = Release|Any CPU
		{2C33DEBD-467C-4860-A693-9FB6E07001FA}.Prod|Any CPU.ActiveCfg = Release|Any CPU
		{2C33DEBD-467C-4860-A693-9FB6E07001FA}.Prod|Any CPU.Build.0 = Release|Any CPU
		{2C33DEBD-467C-4860-A693-9FB6E07001FA}.Prod|iPhone.ActiveCfg = Release|Any CPU
		{2C33DEBD-467C-4860-A693-9FB6E07001FA}.Prod|iPhone.Build.0 = Release|Any CPU
		{2C33DEBD-467C-4860-A693-9FB6E07001FA}.Prod|iPhoneSimulator.ActiveCfg = Release|Any CPU
		{2C33DEBD-467C-4860-A693-9FB6E07001FA}.Prod|iPhoneSimulator.Build.0 = Release|Any CPU
		{2C33DEBD-467C-4860-A693-9FB6E07001FA}.Release|Any CPU.ActiveCfg = Release|Any CPU
		{2C33DEBD-467C-4860-A693-9FB6E07001FA}.Release|Any CPU.Build.0 = Release|Any CPU
		{2C33DEBD-467C-4860-A693-9FB6E07001FA}.Release|iPhone.ActiveCfg = Release|Any CPU
		{2C33DEBD-467C-4860-A693-9FB6E07001FA}.Release|iPhone.Build.0 = Release|Any CPU
		{2C33DEBD-467C-4860-A693-9FB6E07001FA}.Release|iPhoneSimulator.ActiveCfg = Release|Any CPU
		{2C33DEBD-467C-4860-A693-9FB6E07001FA}.Release|iPhoneSimulator.Build.0 = Release|Any CPU
		{2C33DEBD-467C-4860-A693-9FB6E07001FA}.Svil|Any CPU.ActiveCfg = Release|Any CPU
		{2C33DEBD-467C-4860-A693-9FB6E07001FA}.Svil|Any CPU.Build.0 = Release|Any CPU
		{2C33DEBD-467C-4860-A693-9FB6E07001FA}.Svil|iPhone.ActiveCfg = Release|Any CPU
		{2C33DEBD-467C-4860-A693-9FB6E07001FA}.Svil|iPhone.Build.0 = Release|Any CPU
		{2C33DEBD-467C-4860-A693-9FB6E07001FA}.Svil|iPhoneSimulator.ActiveCfg = Release|Any CPU
		{2C33DEBD-467C-4860-A693-9FB6E07001FA}.Svil|iPhoneSimulator.Build.0 = Release|Any CPU
		{8DD157CB-8350-4C03-9911-F05109AC87C0}.Coll|Any CPU.ActiveCfg = Release|Any CPU
		{8DD157CB-8350-4C03-9911-F05109AC87C0}.Coll|Any CPU.Build.0 = Release|Any CPU
		{8DD157CB-8350-4C03-9911-F05109AC87C0}.Coll|iPhone.ActiveCfg = Debug|Any CPU
		{8DD157CB-8350-4C03-9911-F05109AC87C0}.Coll|iPhone.Build.0 = Debug|Any CPU
		{8DD157CB-8350-4C03-9911-F05109AC87C0}.Coll|iPhone.Deploy.0 = Debug|Any CPU
		{8DD157CB-8350-4C03-9911-F05109AC87C0}.Coll|iPhoneSimulator.ActiveCfg = Debug|Any CPU
		{8DD157CB-8350-4C03-9911-F05109AC87C0}.Coll|iPhoneSimulator.Build.0 = Debug|Any CPU
		{8DD157CB-8350-4C03-9911-F05109AC87C0}.Coll|iPhoneSimulator.Deploy.0 = Debug|Any CPU
		{8DD157CB-8350-4C03-9911-F05109AC87C0}.Debug|Any CPU.ActiveCfg = Debug|Any CPU
		{8DD157CB-8350-4C03-9911-F05109AC87C0}.Debug|Any CPU.Build.0 = Debug|Any CPU
		{8DD157CB-8350-4C03-9911-F05109AC87C0}.Debug|Any CPU.Deploy.0 = Debug|Any CPU
		{8DD157CB-8350-4C03-9911-F05109AC87C0}.Debug|iPhone.ActiveCfg = Debug|Any CPU
		{8DD157CB-8350-4C03-9911-F05109AC87C0}.Debug|iPhone.Build.0 = Debug|Any CPU
		{8DD157CB-8350-4C03-9911-F05109AC87C0}.Debug|iPhoneSimulator.ActiveCfg = Debug|Any CPU
		{8DD157CB-8350-4C03-9911-F05109AC87C0}.Debug|iPhoneSimulator.Build.0 = Debug|Any CPU
		{8DD157CB-8350-4C03-9911-F05109AC87C0}.PITre_Coll|Any CPU.ActiveCfg = Debug|Any CPU
		{8DD157CB-8350-4C03-9911-F05109AC87C0}.PITre_Coll|Any CPU.Build.0 = Debug|Any CPU
		{8DD157CB-8350-4C03-9911-F05109AC87C0}.PITre_Coll|Any CPU.Deploy.0 = Debug|Any CPU
		{8DD157CB-8350-4C03-9911-F05109AC87C0}.PITre_Coll|iPhone.ActiveCfg = Debug|Any CPU
		{8DD157CB-8350-4C03-9911-F05109AC87C0}.PITre_Coll|iPhone.Build.0 = Debug|Any CPU
		{8DD157CB-8350-4C03-9911-F05109AC87C0}.PITre_Coll|iPhone.Deploy.0 = Debug|Any CPU
		{8DD157CB-8350-4C03-9911-F05109AC87C0}.PITre_Coll|iPhoneSimulator.ActiveCfg = Debug|Any CPU
		{8DD157CB-8350-4C03-9911-F05109AC87C0}.PITre_Coll|iPhoneSimulator.Build.0 = Debug|Any CPU
		{8DD157CB-8350-4C03-9911-F05109AC87C0}.PITre_Coll|iPhoneSimulator.Deploy.0 = Debug|Any CPU
		{8DD157CB-8350-4C03-9911-F05109AC87C0}.PITre_Custom|Any CPU.ActiveCfg = Debug|Any CPU
		{8DD157CB-8350-4C03-9911-F05109AC87C0}.PITre_Custom|Any CPU.Build.0 = Debug|Any CPU
		{8DD157CB-8350-4C03-9911-F05109AC87C0}.PITre_Custom|Any CPU.Deploy.0 = Debug|Any CPU
		{8DD157CB-8350-4C03-9911-F05109AC87C0}.PITre_Custom|iPhone.ActiveCfg = Debug|Any CPU
		{8DD157CB-8350-4C03-9911-F05109AC87C0}.PITre_Custom|iPhone.Build.0 = Debug|Any CPU
		{8DD157CB-8350-4C03-9911-F05109AC87C0}.PITre_Custom|iPhone.Deploy.0 = Debug|Any CPU
		{8DD157CB-8350-4C03-9911-F05109AC87C0}.PITre_Custom|iPhoneSimulator.ActiveCfg = Debug|Any CPU
		{8DD157CB-8350-4C03-9911-F05109AC87C0}.PITre_Custom|iPhoneSimulator.Build.0 = Debug|Any CPU
		{8DD157CB-8350-4C03-9911-F05109AC87C0}.PITre_Custom|iPhoneSimulator.Deploy.0 = Debug|Any CPU
		{8DD157CB-8350-4C03-9911-F05109AC87C0}.PITre_Prod|Any CPU.ActiveCfg = Release|Any CPU
		{8DD157CB-8350-4C03-9911-F05109AC87C0}.PITre_Prod|Any CPU.Build.0 = Release|Any CPU
		{8DD157CB-8350-4C03-9911-F05109AC87C0}.PITre_Prod|Any CPU.Deploy.0 = Release|Any CPU
		{8DD157CB-8350-4C03-9911-F05109AC87C0}.PITre_Prod|iPhone.ActiveCfg = Release|Any CPU
		{8DD157CB-8350-4C03-9911-F05109AC87C0}.PITre_Prod|iPhone.Build.0 = Release|Any CPU
		{8DD157CB-8350-4C03-9911-F05109AC87C0}.PITre_Prod|iPhone.Deploy.0 = Release|Any CPU
		{8DD157CB-8350-4C03-9911-F05109AC87C0}.PITre_Prod|iPhoneSimulator.ActiveCfg = Release|Any CPU
		{8DD157CB-8350-4C03-9911-F05109AC87C0}.PITre_Prod|iPhoneSimulator.Build.0 = Release|Any CPU
		{8DD157CB-8350-4C03-9911-F05109AC87C0}.PITre_Prod|iPhoneSimulator.Deploy.0 = Release|Any CPU
		{8DD157CB-8350-4C03-9911-F05109AC87C0}.PITre_Svil|Any CPU.ActiveCfg = Debug|Any CPU
		{8DD157CB-8350-4C03-9911-F05109AC87C0}.PITre_Svil|Any CPU.Build.0 = Debug|Any CPU
		{8DD157CB-8350-4C03-9911-F05109AC87C0}.PITre_Svil|Any CPU.Deploy.0 = Debug|Any CPU
		{8DD157CB-8350-4C03-9911-F05109AC87C0}.PITre_Svil|iPhone.ActiveCfg = Debug|Any CPU
		{8DD157CB-8350-4C03-9911-F05109AC87C0}.PITre_Svil|iPhone.Build.0 = Debug|Any CPU
		{8DD157CB-8350-4C03-9911-F05109AC87C0}.PITre_Svil|iPhone.Deploy.0 = Debug|Any CPU
		{8DD157CB-8350-4C03-9911-F05109AC87C0}.PITre_Svil|iPhoneSimulator.ActiveCfg = Debug|Any CPU
		{8DD157CB-8350-4C03-9911-F05109AC87C0}.PITre_Svil|iPhoneSimulator.Build.0 = Debug|Any CPU
		{8DD157CB-8350-4C03-9911-F05109AC87C0}.PITre_Svil|iPhoneSimulator.Deploy.0 = Debug|Any CPU
		{8DD157CB-8350-4C03-9911-F05109AC87C0}.Prod|Any CPU.ActiveCfg = Release|Any CPU
		{8DD157CB-8350-4C03-9911-F05109AC87C0}.Prod|Any CPU.Build.0 = Release|Any CPU
		{8DD157CB-8350-4C03-9911-F05109AC87C0}.Prod|Any CPU.Deploy.0 = Release|Any CPU
		{8DD157CB-8350-4C03-9911-F05109AC87C0}.Prod|iPhone.ActiveCfg = Debug|Any CPU
		{8DD157CB-8350-4C03-9911-F05109AC87C0}.Prod|iPhone.Build.0 = Debug|Any CPU
		{8DD157CB-8350-4C03-9911-F05109AC87C0}.Prod|iPhone.Deploy.0 = Debug|Any CPU
		{8DD157CB-8350-4C03-9911-F05109AC87C0}.Prod|iPhoneSimulator.ActiveCfg = Debug|Any CPU
		{8DD157CB-8350-4C03-9911-F05109AC87C0}.Prod|iPhoneSimulator.Build.0 = Debug|Any CPU
		{8DD157CB-8350-4C03-9911-F05109AC87C0}.Prod|iPhoneSimulator.Deploy.0 = Debug|Any CPU
		{8DD157CB-8350-4C03-9911-F05109AC87C0}.Release|Any CPU.ActiveCfg = Release|Any CPU
		{8DD157CB-8350-4C03-9911-F05109AC87C0}.Release|Any CPU.Build.0 = Release|Any CPU
		{8DD157CB-8350-4C03-9911-F05109AC87C0}.Release|Any CPU.Deploy.0 = Release|Any CPU
		{8DD157CB-8350-4C03-9911-F05109AC87C0}.Release|iPhone.ActiveCfg = Release|Any CPU
		{8DD157CB-8350-4C03-9911-F05109AC87C0}.Release|iPhone.Build.0 = Release|Any CPU
		{8DD157CB-8350-4C03-9911-F05109AC87C0}.Release|iPhoneSimulator.ActiveCfg = Release|Any CPU
		{8DD157CB-8350-4C03-9911-F05109AC87C0}.Release|iPhoneSimulator.Build.0 = Release|Any CPU
		{8DD157CB-8350-4C03-9911-F05109AC87C0}.Svil|Any CPU.ActiveCfg = Debug|Any CPU
		{8DD157CB-8350-4C03-9911-F05109AC87C0}.Svil|Any CPU.Build.0 = Debug|Any CPU
		{8DD157CB-8350-4C03-9911-F05109AC87C0}.Svil|Any CPU.Deploy.0 = Debug|Any CPU
		{8DD157CB-8350-4C03-9911-F05109AC87C0}.Svil|iPhone.ActiveCfg = Debug|Any CPU
		{8DD157CB-8350-4C03-9911-F05109AC87C0}.Svil|iPhone.Build.0 = Debug|Any CPU
		{8DD157CB-8350-4C03-9911-F05109AC87C0}.Svil|iPhone.Deploy.0 = Debug|Any CPU
		{8DD157CB-8350-4C03-9911-F05109AC87C0}.Svil|iPhoneSimulator.ActiveCfg = Debug|Any CPU
		{8DD157CB-8350-4C03-9911-F05109AC87C0}.Svil|iPhoneSimulator.Build.0 = Debug|Any CPU
		{8DD157CB-8350-4C03-9911-F05109AC87C0}.Svil|iPhoneSimulator.Deploy.0 = Debug|Any CPU
		{AF00D03A-F6D8-4319-9FF7-BE805A62969A}.Coll|Any CPU.ActiveCfg = Release|iPhoneSimulator
		{AF00D03A-F6D8-4319-9FF7-BE805A62969A}.Coll|Any CPU.Build.0 = Release|iPhoneSimulator
		{AF00D03A-F6D8-4319-9FF7-BE805A62969A}.Coll|iPhone.ActiveCfg = Release|iPhone
		{AF00D03A-F6D8-4319-9FF7-BE805A62969A}.Coll|iPhone.Build.0 = Release|iPhone
		{AF00D03A-F6D8-4319-9FF7-BE805A62969A}.Coll|iPhoneSimulator.ActiveCfg = Debug|iPhoneSimulator
		{AF00D03A-F6D8-4319-9FF7-BE805A62969A}.Coll|iPhoneSimulator.Build.0 = Debug|iPhoneSimulator
		{AF00D03A-F6D8-4319-9FF7-BE805A62969A}.Debug|Any CPU.ActiveCfg = Debug|iPhoneSimulator
		{AF00D03A-F6D8-4319-9FF7-BE805A62969A}.Debug|Any CPU.Build.0 = Debug|iPhoneSimulator
		{AF00D03A-F6D8-4319-9FF7-BE805A62969A}.Debug|iPhone.ActiveCfg = Debug|iPhone
		{AF00D03A-F6D8-4319-9FF7-BE805A62969A}.Debug|iPhone.Build.0 = Debug|iPhone
		{AF00D03A-F6D8-4319-9FF7-BE805A62969A}.Debug|iPhoneSimulator.ActiveCfg = Debug|iPhoneSimulator
		{AF00D03A-F6D8-4319-9FF7-BE805A62969A}.Debug|iPhoneSimulator.Build.0 = Debug|iPhoneSimulator
		{AF00D03A-F6D8-4319-9FF7-BE805A62969A}.PITre_Coll|Any CPU.ActiveCfg = Release|iPhone
		{AF00D03A-F6D8-4319-9FF7-BE805A62969A}.PITre_Coll|Any CPU.Build.0 = Release|iPhone
		{AF00D03A-F6D8-4319-9FF7-BE805A62969A}.PITre_Coll|iPhone.ActiveCfg = Release|iPhone
		{AF00D03A-F6D8-4319-9FF7-BE805A62969A}.PITre_Coll|iPhone.Build.0 = Release|iPhone
		{AF00D03A-F6D8-4319-9FF7-BE805A62969A}.PITre_Coll|iPhoneSimulator.ActiveCfg = Debug|iPhoneSimulator
		{AF00D03A-F6D8-4319-9FF7-BE805A62969A}.PITre_Coll|iPhoneSimulator.Build.0 = Debug|iPhoneSimulator
		{AF00D03A-F6D8-4319-9FF7-BE805A62969A}.PITre_Custom|Any CPU.ActiveCfg = Release|iPhone
		{AF00D03A-F6D8-4319-9FF7-BE805A62969A}.PITre_Custom|Any CPU.Build.0 = Release|iPhone
		{AF00D03A-F6D8-4319-9FF7-BE805A62969A}.PITre_Custom|iPhone.ActiveCfg = Release|iPhone
		{AF00D03A-F6D8-4319-9FF7-BE805A62969A}.PITre_Custom|iPhone.Build.0 = Release|iPhone
		{AF00D03A-F6D8-4319-9FF7-BE805A62969A}.PITre_Custom|iPhoneSimulator.ActiveCfg = Debug|iPhoneSimulator
		{AF00D03A-F6D8-4319-9FF7-BE805A62969A}.PITre_Custom|iPhoneSimulator.Build.0 = Debug|iPhoneSimulator
		{AF00D03A-F6D8-4319-9FF7-BE805A62969A}.PITre_Prod|Any CPU.ActiveCfg = Release|iPhone
		{AF00D03A-F6D8-4319-9FF7-BE805A62969A}.PITre_Prod|Any CPU.Build.0 = Release|iPhone
		{AF00D03A-F6D8-4319-9FF7-BE805A62969A}.PITre_Prod|iPhone.ActiveCfg = Release|iPhone
		{AF00D03A-F6D8-4319-9FF7-BE805A62969A}.PITre_Prod|iPhone.Build.0 = Release|iPhone
		{AF00D03A-F6D8-4319-9FF7-BE805A62969A}.PITre_Prod|iPhoneSimulator.ActiveCfg = Release|iPhone
		{AF00D03A-F6D8-4319-9FF7-BE805A62969A}.PITre_Prod|iPhoneSimulator.Build.0 = Release|iPhone
		{AF00D03A-F6D8-4319-9FF7-BE805A62969A}.PITre_Svil|Any CPU.ActiveCfg = Release|iPhone
		{AF00D03A-F6D8-4319-9FF7-BE805A62969A}.PITre_Svil|Any CPU.Build.0 = Release|iPhone
		{AF00D03A-F6D8-4319-9FF7-BE805A62969A}.PITre_Svil|iPhone.ActiveCfg = Release|iPhone
		{AF00D03A-F6D8-4319-9FF7-BE805A62969A}.PITre_Svil|iPhone.Build.0 = Release|iPhone
		{AF00D03A-F6D8-4319-9FF7-BE805A62969A}.PITre_Svil|iPhoneSimulator.ActiveCfg = Debug|iPhoneSimulator
		{AF00D03A-F6D8-4319-9FF7-BE805A62969A}.PITre_Svil|iPhoneSimulator.Build.0 = Debug|iPhoneSimulator
		{AF00D03A-F6D8-4319-9FF7-BE805A62969A}.Prod|Any CPU.ActiveCfg = Release|iPhoneSimulator
		{AF00D03A-F6D8-4319-9FF7-BE805A62969A}.Prod|Any CPU.Build.0 = Release|iPhoneSimulator
		{AF00D03A-F6D8-4319-9FF7-BE805A62969A}.Prod|iPhone.ActiveCfg = Release|iPhone
		{AF00D03A-F6D8-4319-9FF7-BE805A62969A}.Prod|iPhone.Build.0 = Release|iPhone
		{AF00D03A-F6D8-4319-9FF7-BE805A62969A}.Prod|iPhoneSimulator.ActiveCfg = Debug|iPhoneSimulator
		{AF00D03A-F6D8-4319-9FF7-BE805A62969A}.Prod|iPhoneSimulator.Build.0 = Debug|iPhoneSimulator
		{AF00D03A-F6D8-4319-9FF7-BE805A62969A}.Release|Any CPU.ActiveCfg = Release|iPhone
		{AF00D03A-F6D8-4319-9FF7-BE805A62969A}.Release|Any CPU.Build.0 = Release|iPhone
		{AF00D03A-F6D8-4319-9FF7-BE805A62969A}.Release|iPhone.ActiveCfg = Release|iPhone
		{AF00D03A-F6D8-4319-9FF7-BE805A62969A}.Release|iPhone.Build.0 = Release|iPhone
		{AF00D03A-F6D8-4319-9FF7-BE805A62969A}.Release|iPhoneSimulator.ActiveCfg = Release|iPhoneSimulator
		{AF00D03A-F6D8-4319-9FF7-BE805A62969A}.Release|iPhoneSimulator.Build.0 = Release|iPhoneSimulator
		{AF00D03A-F6D8-4319-9FF7-BE805A62969A}.Svil|Any CPU.ActiveCfg = Release|iPhone
		{AF00D03A-F6D8-4319-9FF7-BE805A62969A}.Svil|Any CPU.Build.0 = Release|iPhone
		{AF00D03A-F6D8-4319-9FF7-BE805A62969A}.Svil|iPhone.ActiveCfg = Release|iPhone
		{AF00D03A-F6D8-4319-9FF7-BE805A62969A}.Svil|iPhone.Build.0 = Release|iPhone
		{AF00D03A-F6D8-4319-9FF7-BE805A62969A}.Svil|iPhoneSimulator.ActiveCfg = Debug|iPhoneSimulator
		{AF00D03A-F6D8-4319-9FF7-BE805A62969A}.Svil|iPhoneSimulator.Build.0 = Debug|iPhoneSimulator
	EndGlobalSection
	GlobalSection(SolutionProperties) = preSolution
		HideSolutionNode = FALSE
	EndGlobalSection
	GlobalSection(ExtensibilityGlobals) = postSolution
		SolutionGuid = {E1C4CBB3-365B-466C-B2DA-7C860E26088D}
	EndGlobalSection
EndGlobal
