
Microsoft Visual Studio Solution File, Format Version 12.00
Project("{FAE04EC0-301F-11D3-BF4B-00C04F79EFBC}") = "Pi3.Infrastructure.Legacy.UploaderFS", "Pi3.Infrastructure.Legacy.UploaderFS\\Pi3.Infrastructure.Legacy.UploaderFS.csproj", "{B62D209C-6266-4659-B9F2-4972024294B6}"
EndProject
Project("{FAE04EC0-301F-11D3-BF4B-00C04F79EFBC}") = "Pi3.Infrastructure.Legacy.Test", "Pi3.Infrastructure.Legacy.Test\\Pi3.Infrastructure.Legacy.Test.csproj", "{BA4425F5-A4AE-4C5B-BB0A-42B82596A312}"
EndProject
Project("{FAE04EC0-301F-11D3-BF4B-00C04F79EFBC}") = "Pi3.Core.UOCorrispondenteAggregate", "..\\..\\core\\pi3.core\\Pi3.Core.UOCorrispondenteAggregate\\Pi3.Core.UOCorrispondenteAggregate.csproj", "{503990B8-EC2C-4A65-9900-48196EF6C6B4}"
EndProject
Project("{FAE04EC0-301F-11D3-BF4B-00C04F79EFBC}") = "Pi3.Infrastructure.Legacy.EF.UOCorrispondenteAggregate", "Pi3.Infrastructure.Legacy.EF.UOCorrispondenteAggregate\\Pi3.Infrastructure.Legacy.EF.UOCorrispondenteAggregate.csproj", "{FB7EF246-7CB2-4C0D-92E6-7B07DB482F7D}"
EndProject
Project("{FAE04EC0-301F-11D3-BF4B-00C04F79EFBC}") = "Pi3.Core.TrasmissioneAggregate", "..\\..\\core\\pi3.core\\Pi3.Core.TrasmissioneAggregate\\Pi3.Core.TrasmissioneAggregate.csproj", "{7AC41594-2D13-45F6-8490-95803A3E1821}"
EndProject
Project("{FAE04EC0-301F-11D3-BF4B-00C04F79EFBC}") = "Pi3.Infrastructure.Legacy.EF.TrasmissioneAggregate", "Pi3.Infrastructure.Legacy.EF.TrasmissioneAggregate\\Pi3.Infrastructure.Legacy.EF.TrasmissioneAggregate.csproj", "{3BAED0D8-01E5-408A-B348-4BB024FBA92F}"
EndProject
Project("{FAE04EC0-301F-11D3-BF4B-00C04F79EFBC}") = "Pi3.Infrastructure.Legacy.EF.Services", "Pi3.Infrastructure.Legacy.EF.Services\\Pi3.Infrastructure.Legacy.EF.Services.csproj", "{B1307A9A-4ECB-4970-8F7A-C0CEA1CF1433}"
EndProject
Project("{FAE04EC0-301F-11D3-BF4B-00C04F79EFBC}") = "Pi3.Core.RuoloCorrispondenteAggregate", "..\\..\\core\\pi3.core\\Pi3.Core.RuoloCorrispondenteAggregate\\Pi3.Core.RuoloCorrispondenteAggregate.csproj", "{CFE2918A-97A9-4325-A3BD-AABB803658FE}"
EndProject
Project("{FAE04EC0-301F-11D3-BF4B-00C04F79EFBC}") = "Pi3.Infrastructure.Legacy.EF.RuoloCorrispondenteAggregate", "Pi3.Infrastructure.Legacy.EF.RuoloCorrispondenteAggregate\\Pi3.Infrastructure.Legacy.EF.RuoloCorrispondenteAggregate.csproj", "{26434884-C3EC-46DB-A8A6-4E85BE1E1B52}"
EndProject
Project("{FAE04EC0-301F-11D3-BF4B-00C04F79EFBC}") = "Pi3.Core.RagioneTrasmissioneAggregate", "..\\..\\core\\pi3.core\\Pi3.Core.RagioneTrasmissioneAggregate\\Pi3.Core.RagioneTrasmissioneAggregate.csproj", "{569F178D-E2D9-495B-BEBE-60FE6F3FA94F}"
EndProject
Project("{FAE04EC0-301F-11D3-BF4B-00C04F79EFBC}") = "Pi3.Infrastructure.Legacy.EF.RagioneTrasmissioneAggregate", "Pi3.Infrastructure.Legacy.EF.RagioneTrasmissioneAggregate\\Pi3.Infrastructure.Legacy.EF.RagioneTrasmissioneAggregate.csproj", "{6B8F900C-33D8-472A-AA60-4C2ABFBB82F2}"
EndProject
Project("{FAE04EC0-301F-11D3-BF4B-00C04F79EFBC}") = "Pi3.Core.CorrispondenteAggregate", "..\\..\\core\\pi3.core\\Pi3.Core.CorrispondenteAggregate\\Pi3.Core.CorrispondenteAggregate.csproj", "{E282DA8B-EC4A-4C3F-80EE-1094E7131791}"
EndProject
Project("{FAE04EC0-301F-11D3-BF4B-00C04F79EFBC}") = "Pi3.Core.PersonaCorrispondenteAggregate", "..\\..\\core\\pi3.core\\Pi3.Core.PersonaCorrispondenteAggregate\\Pi3.Core.PersonaCorrispondenteAggregate.csproj", "{64659A4D-4421-4092-951A-48F5CCFF6FB8}"
EndProject
Project("{FAE04EC0-301F-11D3-BF4B-00C04F79EFBC}") = "Pi3.Infrastructure.Legacy.EF.PersonaCorrispondenteAggregate", "Pi3.Infrastructure.Legacy.EF.PersonaCorrispondenteAggregate\\Pi3.Infrastructure.Legacy.EF.PersonaCorrispondenteAggregate.csproj", "{E9D67272-15BF-4ABE-A1D0-83378B115FBC}"
EndProject
Project("{FAE04EC0-301F-11D3-BF4B-00C04F79EFBC}") = "Pi3.Infrastructure.Legacy.EF.Oracle", "Pi3.Infrastructure.Legacy.EF.Oracle\\Pi3.Infrastructure.Legacy.EF.Oracle.csproj", "{F55D00FD-D1B3-464C-967D-30B175A1BEA1}"
EndProject
Project("{FAE04EC0-301F-11D3-BF4B-00C04F79EFBC}") = "Pi3.Core.OggettoAggregate", "..\\..\\core\\pi3.core\\Pi3.Core.OggettoAggregate\\Pi3.Core.OggettoAggregate.csproj", "{C7CC2CB3-0418-4C47-BF32-9577880A36EA}"
EndProject
Project("{FAE04EC0-301F-11D3-BF4B-00C04F79EFBC}") = "Pi3.Infrastructure.Legacy.EF.OggettoAggregate", "Pi3.Infrastructure.Legacy.EF.OggettoAggregate\\Pi3.Infrastructure.Legacy.EF.OggettoAggregate.csproj", "{23EDFF42-0539-4724-B702-0362705750A5}"
EndProject
Project("{FAE04EC0-301F-11D3-BF4B-00C04F79EFBC}") = "Pi3.Core.NotaAggregate", "..\\..\\core\\pi3.core\\Pi3.Core.NoteAggregate\\Pi3.Core.NotaAggregate.csproj", "{75FBEE18-7663-4B9C-8C8F-5A4B08AB52AD}"
EndProject
Project("{FAE04EC0-301F-11D3-BF4B-00C04F79EFBC}") = "Pi3.Infrastructure.Legacy.EF.NotaAggregate", "Pi3.Infrastructure.Legacy.EF.NoteAggregate\\Pi3.Infrastructure.Legacy.EF.NotaAggregate.csproj", "{865EC060-A3D5-4216-BEB7-F92D62B2EF17}"
EndProject
Project("{FAE04EC0-301F-11D3-BF4B-00C04F79EFBC}") = "Pi3.Core.NotaRFAggregate", "..\\..\\core\\pi3.core\\Pi3.Core.NotaRFAggregate\\Pi3.Core.NotaRFAggregate.csproj", "{190FF06A-2C5B-43F8-8E38-EDED078CF402}"
EndProject
Project("{FAE04EC0-301F-11D3-BF4B-00C04F79EFBC}") = "Pi3.Infrastructure.Legacy.EF.NotaRFAggregate", "Pi3.Infrastructure.Legacy.EF.NotaRFAggregate\\Pi3.Infrastructure.Legacy.EF.NotaRFAggregate.csproj", "{9894A2CE-A7AF-4D7D-A861-D7F1534A623D}"
EndProject
Project("{FAE04EC0-301F-11D3-BF4B-00C04F79EFBC}") = "Pi3.Core.ModelloTrasmissioneAggregate", "..\\..\\core\\pi3.core\\Pi3.Core.ModelloTrasmissioneAggregate\\Pi3.Core.ModelloTrasmissioneAggregate.csproj", "{507E4E29-91FA-4A75-A152-87D282676D3C}"
EndProject
Project("{FAE04EC0-301F-11D3-BF4B-00C04F79EFBC}") = "Pi3.Infrastructure.Legacy.EF.ModelloTrasmissioneAggregate", "Pi3.Infrastructure.Legacy.EF.ModelloTrasmissioneAggregate\\Pi3.Infrastructure.Legacy.EF.ModelloTrasmissioneAggregate.csproj", "{53DFBFF3-5F1D-42D1-9A37-87954C0BC456}"
EndProject
Project("{FAE04EC0-301F-11D3-BF4B-00C04F79EFBC}") = "Pi3.Core.MezzoSpedizioneAggregate", "..\\..\\core\\pi3.core\\Pi3.Core.MezzoSpedizioneAggregate\\Pi3.Core.MezzoSpedizioneAggregate.csproj", "{D901745A-9870-4F32-B17D-BD25A00CC6F9}"
EndProject
Project("{FAE04EC0-301F-11D3-BF4B-00C04F79EFBC}") = "Pi3.Infrastructure.Legacy.EF.MezzoSpedizioneAggregate", "Pi3.Infrastructure.Legacy.EF.MezzoSpedizioneAggregate\\Pi3.Infrastructure.Legacy.EF.MezzoSpedizioneAggregate.csproj", "{57DC41BE-5B4A-4401-90C4-14EA638530ED}"
EndProject
Project("{FAE04EC0-301F-11D3-BF4B-00C04F79EFBC}") = "Pi3.Core.ListaDistribuzioneAggregate", "..\\..\\core\\pi3.core\\Pi3.Core.ListaDistribuzioneAggregate\\Pi3.Core.ListaDistribuzioneAggregate.csproj", "{B20CDA93-EE06-4198-824F-9FAE489DCC4F}"
EndProject
Project("{FAE04EC0-301F-11D3-BF4B-00C04F79EFBC}") = "Pi3.Infrastructure.Legacy.EF.ListaDistribuzioneAggregate", "Pi3.Infrastructure.Legacy.EF.ListaDistribuzioneAggregate\\Pi3.Infrastructure.Legacy.EF.ListaDistribuzioneAggregate.csproj", "{794AEFA7-58E0-4448-8A46-D3F4C9A4AF56}"
EndProject
Project("{FAE04EC0-301F-11D3-BF4B-00C04F79EFBC}") = "Pi3.Core.KeywordAggregate", "..\\..\\core\\pi3.core\\Pi3.Core.KeywordAggregate\\Pi3.Core.KeywordAggregate.csproj", "{8F083467-5D9B-4F75-ADA6-37E9C886C122}"
EndProject
Project("{FAE04EC0-301F-11D3-BF4B-00C04F79EFBC}") = "Pi3.Infrastructure.Legacy.EF.KeywordAggregate", "Pi3.Infrastructure.Legacy.EF.KeywordAggregate\\Pi3.Infrastructure.Legacy.EF.KeywordAggregate.csproj", "{7E720159-DD75-4D0E-BB99-D7845A3F1D59}"
EndProject
Project("{FAE04EC0-301F-11D3-BF4B-00C04F79EFBC}") = "Pi3.Core.DocumentAggregate", "..\\..\\core\\pi3.core\\Pi3.Core.DocumentAggregate\\Pi3.Core.DocumentAggregate.csproj", "{1025B135-3170-4033-B347-1BFCDD5CEE7C}"
EndProject
Project("{FAE04EC0-301F-11D3-BF4B-00C04F79EFBC}") = "Pi3.Core.DocumentoAmministrativoAggregate", "..\\..\\core\\pi3.core\\Pi3.Core.DocumentoAmministrativoAggregate\\Pi3.Core.DocumentoAmministrativoAggregate.csproj", "{37024BEE-5D34-416B-B896-37C2208591E5}"
EndProject
Project("{FAE04EC0-301F-11D3-BF4B-00C04F79EFBC}") = "Pi3.Infrastructure.Legacy.EF.DocumentoAmministrativoAggregate", "Pi3.Infrastructure.Legacy.EF.DocumentoAmministrativo\\Pi3.Infrastructure.Legacy.EF.DocumentoAmministrativoAggregate.csproj", "{35A45510-8C4C-4FD3-8506-82507D680554}"
EndProject
Project("{FAE04EC0-301F-11D3-BF4B-00C04F79EFBC}") = "Pi3.Core.DelegaAggregate", "..\\..\\core\\pi3.core\\Pi3.Core.DelegaAggregate\\Pi3.Core.DelegaAggregate.csproj", "{BF2B8538-0D07-44B6-80E0-F4D9C67D9358}"
EndProject
Project("{FAE04EC0-301F-11D3-BF4B-00C04F79EFBC}") = "Pi3.Infrastructure.Legacy.EF.DelegaAggregate", "Pi3.Infrastructure.Legacy.EF.DelegaAggregate\\Pi3.Infrastructure.Legacy.EF.DelegaAggregate.csproj", "{C7D60EF1-295B-4EB3-A9BC-09DAC7FACE86}"
EndProject
Project("{FAE04EC0-301F-11D3-BF4B-00C04F79EFBC}") = "Pi3.Infrastructure.Legacy.EF.Entities", "Pi3.Infrastructure.Legacy.EF.Entities\\Pi3.Infrastructure.Legacy.EF.Entities.csproj", "{0215F8F7-2EAD-4B64-B804-D51A0EF320A4}"
EndProject
Project("{FAE04EC0-301F-11D3-BF4B-00C04F79EFBC}") = "Pi3.Core.AggregazioneDocumentaleAggregate", "..\\..\\core\\pi3.core\\Pi3.Core.AggregazioneDocumentaleAggregate\\Pi3.Core.AggregazioneDocumentaleAggregate.csproj", "{AD055931-9A7A-46D0-83ED-441EB465FB50}"
EndProject
Project("{FAE04EC0-301F-11D3-BF4B-00C04F79EFBC}") = "Pi3.Infrastructure.Legacy.EF.AggregazioneDocumentaleAggregate", "Pi3.Infrastructure.Legacy.EF.AggregazioneDocumentale\\Pi3.Infrastructure.Legacy.EF.AggregazioneDocumentaleAggregate.csproj", "{A6CB3BE9-EE0C-4A6B-A034-72A5918881FC}"
EndProject
Project("{FAE04EC0-301F-11D3-BF4B-00C04F79EFBC}") = "Pi3.Core", "..\\..\\core\\pi3.core\\Pi3.Core\\Pi3.Core.csproj", "{51D93DF7-BC9D-454F-9AAC-603F50A839C5}"
EndProject
Project("{FAE04EC0-301F-11D3-BF4B-00C04F79EFBC}") = "Pi3.Core.ElementAggregate", "..\\..\\core\\pi3.core\\Pi3.Core.ElementAggregate\\Pi3.Core.ElementAggregate.csproj", "{8E629FA6-FB44-4EBD-BE69-AC8139978586}"
EndProject
Project("{FAE04EC0-301F-11D3-BF4B-00C04F79EFBC}") = "Pi3.Core.ContentElementAggregate", "..\\..\\core\\pi3.core\\Pi3.Core.ContentElementAggregate\\Pi3.Core.ContentElementAggregate.csproj", "{A3EB0AFB-4FF7-4D1A-900B-DB45F8362C6D}"
EndProject
Project("{FAE04EC0-301F-11D3-BF4B-00C04F79EFBC}") = "Pi3.Core.DocumentBlobAggregate", "..\\..\\core\\pi3.core\\Pi3.Core.DocumentBlobAggregate\\Pi3.Core.DocumentBlobAggregate.csproj", "{0507407E-F39D-435B-AFC3-20609AFCBB10}"
EndProject
Project("{FAE04EC0-301F-11D3-BF4B-00C04F79EFBC}") = "Pi3.Infrastructure.Legacy.DocumentFSRepository", "Pi3.Infrastructure.Legacy.DocumentFSRepository\\Pi3.Infrastructure.Legacy.DocumentFSRepository.csproj", "{D098EE8D-83DB-4358-AAB0-047AABB0B67C}"
EndProject
# Visual Studio Version 17
VisualStudioVersion = 17.3.32804.467
MinimumVisualStudioVersion = 10.0.40219.1
Global
	GlobalSection(SolutionConfigurationPlatforms) = preSolution
		Debug|Any CPU = Debug|Any CPU
		Release|Any CPU = Release|Any CPU
	EndGlobalSection
	GlobalSection(ProjectConfigurationPlatforms) = postSolution
		{049259B6-183C-49AB-B6E7-7C17C1B016E4}.Debug|Any CPU.ActiveCfg = Debug|Any CPU
		{049259B6-183C-49AB-B6E7-7C17C1B016E4}.Debug|Any CPU.Build.0 = Debug|Any CPU
		{049259B6-183C-49AB-B6E7-7C17C1B016E4}.Release|Any CPU.ActiveCfg = Release|Any CPU
		{049259B6-183C-49AB-B6E7-7C17C1B016E4}.Release|Any CPU.Build.0 = Release|Any CPU
		{187509C0-847C-463C-BDFD-489FF4D36A8C}.Debug|Any CPU.ActiveCfg = Debug|Any CPU
		{187509C0-847C-463C-BDFD-489FF4D36A8C}.Debug|Any CPU.Build.0 = Debug|Any CPU
		{187509C0-847C-463C-BDFD-489FF4D36A8C}.Release|Any CPU.ActiveCfg = Release|Any CPU
		{187509C0-847C-463C-BDFD-489FF4D36A8C}.Release|Any CPU.Build.0 = Release|Any CPU
		{CE557610-5934-441A-B362-B3FAD03C9F16}.Debug|Any CPU.ActiveCfg = Debug|Any CPU
		{CE557610-5934-441A-B362-B3FAD03C9F16}.Debug|Any CPU.Build.0 = Debug|Any CPU
		{CE557610-5934-441A-B362-B3FAD03C9F16}.Release|Any CPU.ActiveCfg = Release|Any CPU
		{CE557610-5934-441A-B362-B3FAD03C9F16}.Release|Any CPU.Build.0 = Release|Any CPU
		{5B8F8DF8-92B6-4C7D-B2CF-F8A517B3FD1C}.Debug|Any CPU.ActiveCfg = Debug|Any CPU
		{5B8F8DF8-92B6-4C7D-B2CF-F8A517B3FD1C}.Debug|Any CPU.Build.0 = Debug|Any CPU
		{5B8F8DF8-92B6-4C7D-B2CF-F8A517B3FD1C}.Release|Any CPU.ActiveCfg = Release|Any CPU
		{5B8F8DF8-92B6-4C7D-B2CF-F8A517B3FD1C}.Release|Any CPU.Build.0 = Release|Any CPU
		{66C988B8-D5D0-4002-8F0E-2B5D3D2B547E}.Debug|Any CPU.ActiveCfg = Debug|Any CPU
		{66C988B8-D5D0-4002-8F0E-2B5D3D2B547E}.Debug|Any CPU.Build.0 = Debug|Any CPU
		{66C988B8-D5D0-4002-8F0E-2B5D3D2B547E}.Release|Any CPU.ActiveCfg = Release|Any CPU
		{66C988B8-D5D0-4002-8F0E-2B5D3D2B547E}.Release|Any CPU.Build.0 = Release|Any CPU
		{E1B3AA44-D966-40D9-A7D5-06F9E9ACBE17}.Debug|Any CPU.ActiveCfg = Debug|Any CPU
		{E1B3AA44-D966-40D9-A7D5-06F9E9ACBE17}.Debug|Any CPU.Build.0 = Debug|Any CPU
		{E1B3AA44-D966-40D9-A7D5-06F9E9ACBE17}.Release|Any CPU.ActiveCfg = Release|Any CPU
		{E1B3AA44-D966-40D9-A7D5-06F9E9ACBE17}.Release|Any CPU.Build.0 = Release|Any CPU
		{AA6EA17B-AC22-4D1A-B56A-A968A51ED589}.Debug|Any CPU.ActiveCfg = Debug|Any CPU
		{AA6EA17B-AC22-4D1A-B56A-A968A51ED589}.Debug|Any CPU.Build.0 = Debug|Any CPU
		{AA6EA17B-AC22-4D1A-B56A-A968A51ED589}.Release|Any CPU.ActiveCfg = Release|Any CPU
		{AA6EA17B-AC22-4D1A-B56A-A968A51ED589}.Release|Any CPU.Build.0 = Release|Any CPU
		{C024488D-D40A-4BA9-8DA5-7F7362AB3975}.Debug|Any CPU.ActiveCfg = Debug|Any CPU
		{C024488D-D40A-4BA9-8DA5-7F7362AB3975}.Debug|Any CPU.Build.0 = Debug|Any CPU
		{C024488D-D40A-4BA9-8DA5-7F7362AB3975}.Release|Any CPU.ActiveCfg = Release|Any CPU
		{C024488D-D40A-4BA9-8DA5-7F7362AB3975}.Release|Any CPU.Build.0 = Release|Any CPU
		{BD8354D1-DF79-4BEE-BA3D-A6B70EB8AA91}.Debug|Any CPU.ActiveCfg = Debug|Any CPU
		{BD8354D1-DF79-4BEE-BA3D-A6B70EB8AA91}.Debug|Any CPU.Build.0 = Debug|Any CPU
		{BD8354D1-DF79-4BEE-BA3D-A6B70EB8AA91}.Release|Any CPU.ActiveCfg = Release|Any CPU
		{BD8354D1-DF79-4BEE-BA3D-A6B70EB8AA91}.Release|Any CPU.Build.0 = Release|Any CPU
		{036E9100-3D6A-459C-B2E5-BCA1BE561CCF}.Debug|Any CPU.ActiveCfg = Debug|Any CPU
		{036E9100-3D6A-459C-B2E5-BCA1BE561CCF}.Debug|Any CPU.Build.0 = Debug|Any CPU
		{036E9100-3D6A-459C-B2E5-BCA1BE561CCF}.Release|Any CPU.ActiveCfg = Release|Any CPU
		{036E9100-3D6A-459C-B2E5-BCA1BE561CCF}.Release|Any CPU.Build.0 = Release|Any CPU
		{65CE3143-3FBD-4226-96E8-07C910EA56BA}.Debug|Any CPU.ActiveCfg = Debug|Any CPU
		{65CE3143-3FBD-4226-96E8-07C910EA56BA}.Debug|Any CPU.Build.0 = Debug|Any CPU
		{65CE3143-3FBD-4226-96E8-07C910EA56BA}.Release|Any CPU.ActiveCfg = Release|Any CPU
		{65CE3143-3FBD-4226-96E8-07C910EA56BA}.Release|Any CPU.Build.0 = Release|Any CPU
		{6101117B-4D26-4E79-8763-9E29B9B48A81}.Debug|Any CPU.ActiveCfg = Debug|Any CPU
		{6101117B-4D26-4E79-8763-9E29B9B48A81}.Debug|Any CPU.Build.0 = Debug|Any CPU
		{6101117B-4D26-4E79-8763-9E29B9B48A81}.Release|Any CPU.ActiveCfg = Release|Any CPU
		{6101117B-4D26-4E79-8763-9E29B9B48A81}.Release|Any CPU.Build.0 = Release|Any CPU
		{2966948A-CF03-4165-9E0E-DB2C0502C361}.Debug|Any CPU.ActiveCfg = Debug|Any CPU
		{2966948A-CF03-4165-9E0E-DB2C0502C361}.Debug|Any CPU.Build.0 = Debug|Any CPU
		{2966948A-CF03-4165-9E0E-DB2C0502C361}.Release|Any CPU.ActiveCfg = Release|Any CPU
		{2966948A-CF03-4165-9E0E-DB2C0502C361}.Release|Any CPU.Build.0 = Release|Any CPU
		{C0CCAA24-785A-4776-A61C-86809F36039A}.Debug|Any CPU.ActiveCfg = Debug|Any CPU
		{C0CCAA24-785A-4776-A61C-86809F36039A}.Debug|Any CPU.Build.0 = Debug|Any CPU
		{C0CCAA24-785A-4776-A61C-86809F36039A}.Release|Any CPU.ActiveCfg = Release|Any CPU
		{C0CCAA24-785A-4776-A61C-86809F36039A}.Release|Any CPU.Build.0 = Release|Any CPU
		{57253F6E-B65D-4150-9D02-EDA2252F3F24}.Debug|Any CPU.ActiveCfg = Debug|Any CPU
		{57253F6E-B65D-4150-9D02-EDA2252F3F24}.Debug|Any CPU.Build.0 = Debug|Any CPU
		{57253F6E-B65D-4150-9D02-EDA2252F3F24}.Release|Any CPU.ActiveCfg = Release|Any CPU
		{57253F6E-B65D-4150-9D02-EDA2252F3F24}.Release|Any CPU.Build.0 = Release|Any CPU
		{545C375E-796A-4322-BD7E-110C652E8D74}.Debug|Any CPU.ActiveCfg = Debug|Any CPU
		{545C375E-796A-4322-BD7E-110C652E8D74}.Debug|Any CPU.Build.0 = Debug|Any CPU
		{545C375E-796A-4322-BD7E-110C652E8D74}.Release|Any CPU.ActiveCfg = Release|Any CPU
		{545C375E-796A-4322-BD7E-110C652E8D74}.Release|Any CPU.Build.0 = Release|Any CPU
		{B71DF4A0-02A9-47CF-BB6F-973DA23F2818}.Debug|Any CPU.ActiveCfg = Debug|Any CPU
		{B71DF4A0-02A9-47CF-BB6F-973DA23F2818}.Debug|Any CPU.Build.0 = Debug|Any CPU
		{B71DF4A0-02A9-47CF-BB6F-973DA23F2818}.Release|Any CPU.ActiveCfg = Release|Any CPU
		{B71DF4A0-02A9-47CF-BB6F-973DA23F2818}.Release|Any CPU.Build.0 = Release|Any CPU
		{1C1D54D3-AD88-4EE4-9110-8C88857210D5}.Debug|Any CPU.ActiveCfg = Debug|Any CPU
		{1C1D54D3-AD88-4EE4-9110-8C88857210D5}.Debug|Any CPU.Build.0 = Debug|Any CPU
		{1C1D54D3-AD88-4EE4-9110-8C88857210D5}.Release|Any CPU.ActiveCfg = Release|Any CPU
		{1C1D54D3-AD88-4EE4-9110-8C88857210D5}.Release|Any CPU.Build.0 = Release|Any CPU
		{705122F8-C821-4055-98E0-5727C5F3E7BF}.Debug|Any CPU.ActiveCfg = Debug|Any CPU
		{705122F8-C821-4055-98E0-5727C5F3E7BF}.Debug|Any CPU.Build.0 = Debug|Any CPU
		{705122F8-C821-4055-98E0-5727C5F3E7BF}.Release|Any CPU.ActiveCfg = Release|Any CPU
		{705122F8-C821-4055-98E0-5727C5F3E7BF}.Release|Any CPU.Build.0 = Release|Any CPU
		{2EE3A422-8622-40A1-8351-978E5E89FBD5}.Debug|Any CPU.ActiveCfg = Debug|Any CPU
		{2EE3A422-8622-40A1-8351-978E5E89FBD5}.Debug|Any CPU.Build.0 = Debug|Any CPU
		{2EE3A422-8622-40A1-8351-978E5E89FBD5}.Release|Any CPU.ActiveCfg = Release|Any CPU
		{2EE3A422-8622-40A1-8351-978E5E89FBD5}.Release|Any CPU.Build.0 = Release|Any CPU
		{653F630A-B741-432F-ACFF-1371964B875A}.Debug|Any CPU.ActiveCfg = Debug|Any CPU
		{653F630A-B741-432F-ACFF-1371964B875A}.Debug|Any CPU.Build.0 = Debug|Any CPU
		{653F630A-B741-432F-ACFF-1371964B875A}.Release|Any CPU.ActiveCfg = Release|Any CPU
		{653F630A-B741-432F-ACFF-1371964B875A}.Release|Any CPU.Build.0 = Release|Any CPU
	EndGlobalSection
	GlobalSection(SolutionProperties) = preSolution
		HideSolutionNode = FALSE
	EndGlobalSection
	GlobalSection(ExtensibilityGlobals) = postSolution
		SolutionGuid = {23EDE196-F21B-47C7-A49F-21D02F7D49F4}
	EndGlobalSection
EndGlobal
