
Microsoft Visual Studio Solution File, Format Version 12.00
Project("{FAE04EC0-301F-11D3-BF4B-00C04F79EFBC}") = "Pi3.Core.DocumentAggregate", "..\\..\\..\\core\\pi3.core\\Pi3.Core.DocumentAggregate\\Pi3.Core.DocumentAggregate.csproj", "{54A5AC6C-CBBC-4C3F-A553-14D34747D94D}"
EndProject
Project("{FAE04EC0-301F-11D3-BF4B-00C04F79EFBC}") = "Pi3.Core.DocumentoAmministrativoAggregate", "..\\..\\..\\core\\pi3.core\\Pi3.Core.DocumentoAmministrativoAggregate\\Pi3.Core.DocumentoAmministrativoAggregate.csproj", "{FC9265C2-0B96-4156-BCBD-8A0964599D7D}"
EndProject
Project("{FAE04EC0-301F-11D3-BF4B-00C04F79EFBC}") = "Pi3.Infrastructure.Legacy.EF.DocumentoAmministrativoAggregate", "..\\..\\..\\infrastructure\\pi3.infrastructure.legacy\\Pi3.Infrastructure.Legacy.EF.DocumentoAmministrativo\\Pi3.Infrastructure.Legacy.EF.DocumentoAmministrativoAggregate.csproj", "{4D1FCB55-50E8-411D-AE16-1EC8822EB7D0}"
EndProject
Project("{FAE04EC0-301F-11D3-BF4B-00C04F79EFBC}") = "Pi3.Infrastructure.DocumentFormat.OpenXml", "..\\..\\..\\infrastructure\\pi3.infrastructure.documentformat.openxml\\Pi3.Infrastructure.DocumentFormat.OpenXml\\Pi3.Infrastructure.DocumentFormat.OpenXml.csproj", "{566CAC60-C2C9-4DDD-B48D-F418D803DE50}"
EndProject
Project("{FAE04EC0-301F-11D3-BF4B-00C04F79EFBC}") = "Pi3.App.Legacy.WebApi.Application", "..\\Pi3.App.Legacy.WebApi.Application\\Pi3.App.Legacy.WebApi.Application.csproj", "{D38731EE-3C80-40BC-93DC-84F42E129FB1}"
EndProject
Project("{FAE04EC0-301F-11D3-BF4B-00C04F79EFBC}") = "DocsPaVO", "..\\DocsPaVO\\DocsPaVO.csproj", "{B5922C09-7A9B-48A4-BF7C-32773B9463E6}"
EndProject
Project("{FAE04EC0-301F-11D3-BF4B-00C04F79EFBC}") = "Pi3.Core.UOCorrispondenteAggregate", "..\\..\\..\\core\\pi3.core\\Pi3.Core.UOCorrispondenteAggregate\\Pi3.Core.UOCorrispondenteAggregate.csproj", "{AA70399C-CBEE-4F60-9E55-06C3EB9E69C3}"
EndProject
Project("{FAE04EC0-301F-11D3-BF4B-00C04F79EFBC}") = "Pi3.Infrastructure.Legacy.EF.UOCorrispondenteAggregate", "..\\..\\..\\infrastructure\\pi3.infrastructure.legacy\\Pi3.Infrastructure.Legacy.EF.UOCorrispondenteAggregate\\Pi3.Infrastructure.Legacy.EF.UOCorrispondenteAggregate.csproj", "{5E53A1A3-28A3-4F80-A41B-E9DCA0E12AB3}"
EndProject
Project("{FAE04EC0-301F-11D3-BF4B-00C04F79EFBC}") = "Pi3.Core.TrasmissioneAggregate", "..\\..\\..\\core\\pi3.core\\Pi3.Core.TrasmissioneAggregate\\Pi3.Core.TrasmissioneAggregate.csproj", "{722C2C34-12FC-42CA-96B1-BD4C665D90A4}"
EndProject
Project("{FAE04EC0-301F-11D3-BF4B-00C04F79EFBC}") = "Pi3.Infrastructure.Legacy.EF.TrasmissioneAggregate", "..\\..\\..\\infrastructure\\pi3.infrastructure.legacy\\Pi3.Infrastructure.Legacy.EF.TrasmissioneAggregate\\Pi3.Infrastructure.Legacy.EF.TrasmissioneAggregate.csproj", "{34D51034-FDEC-49C6-94B4-3AF33802486A}"
EndProject
Project("{FAE04EC0-301F-11D3-BF4B-00C04F79EFBC}") = "Pi3.Infrastructure.Legacy.EF.Services", "..\\..\\..\\infrastructure\\pi3.infrastructure.legacy\\Pi3.Infrastructure.Legacy.EF.Services\\Pi3.Infrastructure.Legacy.EF.Services.csproj", "{ED3D5714-E738-458F-90DD-F8AD13411472}"
EndProject
Project("{FAE04EC0-301F-11D3-BF4B-00C04F79EFBC}") = "Pi3.Core.RuoloCorrispondenteAggregate", "..\\..\\..\\core\\pi3.core\\Pi3.Core.RuoloCorrispondenteAggregate\\Pi3.Core.RuoloCorrispondenteAggregate.csproj", "{30251A20-3EAD-4D68-A2D9-5F579005071C}"
EndProject
Project("{FAE04EC0-301F-11D3-BF4B-00C04F79EFBC}") = "Pi3.Infrastructure.Legacy.EF.RuoloCorrispondenteAggregate", "..\\..\\..\\infrastructure\\pi3.infrastructure.legacy\\Pi3.Infrastructure.Legacy.EF.RuoloCorrispondenteAggregate\\Pi3.Infrastructure.Legacy.EF.RuoloCorrispondenteAggregate.csproj", "{99EFDFBC-7B28-4BBB-AC77-963053BADC7A}"
EndProject
Project("{FAE04EC0-301F-11D3-BF4B-00C04F79EFBC}") = "Pi3.Core.RagioneTrasmissioneAggregate", "..\\..\\..\\core\\pi3.core\\Pi3.Core.RagioneTrasmissioneAggregate\\Pi3.Core.RagioneTrasmissioneAggregate.csproj", "{69443D5F-4EC8-49A2-9E1C-5E6288BCF259}"
EndProject
Project("{FAE04EC0-301F-11D3-BF4B-00C04F79EFBC}") = "Pi3.Infrastructure.Legacy.EF.RagioneTrasmissioneAggregate", "..\\..\\..\\infrastructure\\pi3.infrastructure.legacy\\Pi3.Infrastructure.Legacy.EF.RagioneTrasmissioneAggregate\\Pi3.Infrastructure.Legacy.EF.RagioneTrasmissioneAggregate.csproj", "{7C9A3598-4892-48A1-BD4A-D7A679E93E74}"
EndProject
Project("{FAE04EC0-301F-11D3-BF4B-00C04F79EFBC}") = "Pi3.Core.CorrispondenteAggregate", "..\\..\\..\\core\\pi3.core\\Pi3.Core.CorrispondenteAggregate\\Pi3.Core.CorrispondenteAggregate.csproj", "{E7CB23E3-B692-4EDB-8A64-A971A74D3B60}"
EndProject
Project("{FAE04EC0-301F-11D3-BF4B-00C04F79EFBC}") = "Pi3.Core.PersonaCorrispondenteAggregate", "..\\..\\..\\core\\pi3.core\\Pi3.Core.PersonaCorrispondenteAggregate\\Pi3.Core.PersonaCorrispondenteAggregate.csproj", "{154C145D-5DA0-4A1E-94AE-28927AE42570}"
EndProject
Project("{FAE04EC0-301F-11D3-BF4B-00C04F79EFBC}") = "Pi3.Infrastructure.Legacy.EF.PersonaCorrispondenteAggregate", "..\\..\\..\\infrastructure\\pi3.infrastructure.legacy\\Pi3.Infrastructure.Legacy.EF.PersonaCorrispondenteAggregate\\Pi3.Infrastructure.Legacy.EF.PersonaCorrispondenteAggregate.csproj", "{5724D564-BF7C-48DA-9D56-3C0267092697}"
EndProject
Project("{FAE04EC0-301F-11D3-BF4B-00C04F79EFBC}") = "Pi3.Infrastructure.Legacy.EF.Oracle", "..\\..\\..\\infrastructure\\pi3.infrastructure.legacy\\Pi3.Infrastructure.Legacy.EF.Oracle\\Pi3.Infrastructure.Legacy.EF.Oracle.csproj", "{24F0005D-B8D6-41F8-933A-C48B8969CDDC}"
EndProject
Project("{FAE04EC0-301F-11D3-BF4B-00C04F79EFBC}") = "Pi3.Core.OggettoAggregate", "..\\..\\..\\core\\pi3.core\\Pi3.Core.OggettoAggregate\\Pi3.Core.OggettoAggregate.csproj", "{E10F9786-437A-41BF-BDFD-0DE826AB0738}"
EndProject
Project("{FAE04EC0-301F-11D3-BF4B-00C04F79EFBC}") = "Pi3.Infrastructure.Legacy.EF.OggettoAggregate", "..\\..\\..\\infrastructure\\pi3.infrastructure.legacy\\Pi3.Infrastructure.Legacy.EF.OggettoAggregate\\Pi3.Infrastructure.Legacy.EF.OggettoAggregate.csproj", "{B0FBFFF8-E19A-4F9A-9416-8AB26AC66223}"
EndProject
Project("{FAE04EC0-301F-11D3-BF4B-00C04F79EFBC}") = "Pi3.Core.NotaRFAggregate", "..\\..\\..\\core\\pi3.core\\Pi3.Core.NotaRFAggregate\\Pi3.Core.NotaRFAggregate.csproj", "{BCD8B481-75EC-4607-ADC9-E3037AEA1A42}"
EndProject
Project("{FAE04EC0-301F-11D3-BF4B-00C04F79EFBC}") = "Pi3.Infrastructure.Legacy.EF.NotaRFAggregate", "..\\..\\..\\infrastructure\\pi3.infrastructure.legacy\\Pi3.Infrastructure.Legacy.EF.NotaRFAggregate\\Pi3.Infrastructure.Legacy.EF.NotaRFAggregate.csproj", "{5202AC50-CE4E-45ED-981E-FBDA2EB4141D}"
EndProject
Project("{FAE04EC0-301F-11D3-BF4B-00C04F79EFBC}") = "Pi3.Core.NotaAggregate", "..\\..\\..\\core\\pi3.core\\Pi3.Core.NoteAggregate\\Pi3.Core.NotaAggregate.csproj", "{02F8257E-5091-4B3E-86A2-335CACAE0DC4}"
EndProject
Project("{FAE04EC0-301F-11D3-BF4B-00C04F79EFBC}") = "Pi3.Infrastructure.Legacy.EF.NotaAggregate", "..\\..\\..\\infrastructure\\pi3.infrastructure.legacy\\Pi3.Infrastructure.Legacy.EF.NoteAggregate\\Pi3.Infrastructure.Legacy.EF.NotaAggregate.csproj", "{2E7259BB-6E06-4561-95FC-3C909E56C85C}"
EndProject
Project("{FAE04EC0-301F-11D3-BF4B-00C04F79EFBC}") = "Pi3.Core.ModelloTrasmissioneAggregate", "..\\..\\..\\core\\pi3.core\\Pi3.Core.ModelloTrasmissioneAggregate\\Pi3.Core.ModelloTrasmissioneAggregate.csproj", "{1A002FE5-5925-4FC9-A131-8B6C2BF2DC45}"
EndProject
Project("{FAE04EC0-301F-11D3-BF4B-00C04F79EFBC}") = "Pi3.Infrastructure.Legacy.EF.ModelloTrasmissioneAggregate", "..\\..\\..\\infrastructure\\pi3.infrastructure.legacy\\Pi3.Infrastructure.Legacy.EF.ModelloTrasmissioneAggregate\\Pi3.Infrastructure.Legacy.EF.ModelloTrasmissioneAggregate.csproj", "{41043EB3-D0EE-41D6-82E6-D2EC5D6C6192}"
EndProject
Project("{FAE04EC0-301F-11D3-BF4B-00C04F79EFBC}") = "Pi3.Core.MezzoSpedizioneAggregate", "..\\..\\..\\core\\pi3.core\\Pi3.Core.MezzoSpedizioneAggregate\\Pi3.Core.MezzoSpedizioneAggregate.csproj", "{B24E81D7-D82E-4107-A9D2-8BE7B7B7F8EC}"
EndProject
Project("{FAE04EC0-301F-11D3-BF4B-00C04F79EFBC}") = "Pi3.Infrastructure.Legacy.EF.MezzoSpedizioneAggregate", "..\\..\\..\\infrastructure\\pi3.infrastructure.legacy\\Pi3.Infrastructure.Legacy.EF.MezzoSpedizioneAggregate\\Pi3.Infrastructure.Legacy.EF.MezzoSpedizioneAggregate.csproj", "{AB9DD59A-67DF-4FBF-8C6B-B9FB4DE03CDE}"
EndProject
Project("{FAE04EC0-301F-11D3-BF4B-00C04F79EFBC}") = "Pi3.Core.ListaDistribuzioneAggregate", "..\\..\\..\\core\\pi3.core\\Pi3.Core.ListaDistribuzioneAggregate\\Pi3.Core.ListaDistribuzioneAggregate.csproj", "{EAA004D4-1427-4D85-85CF-571C3E6AE5DF}"
EndProject
Project("{FAE04EC0-301F-11D3-BF4B-00C04F79EFBC}") = "Pi3.Infrastructure.Legacy.EF.ListaDistribuzioneAggregate", "..\\..\\..\\infrastructure\\pi3.infrastructure.legacy\\Pi3.Infrastructure.Legacy.EF.ListaDistribuzioneAggregate\\Pi3.Infrastructure.Legacy.EF.ListaDistribuzioneAggregate.csproj", "{6FBACCC7-2ABE-46AC-826D-417D98239D74}"
EndProject
Project("{FAE04EC0-301F-11D3-BF4B-00C04F79EFBC}") = "Pi3.Core.KeywordAggregate", "..\\..\\..\\core\\pi3.core\\Pi3.Core.KeywordAggregate\\Pi3.Core.KeywordAggregate.csproj", "{82E5F211-3134-4628-8E94-2B8DB929C71A}"
EndProject
Project("{FAE04EC0-301F-11D3-BF4B-00C04F79EFBC}") = "Pi3.Infrastructure.Legacy.EF.KeywordAggregate", "..\\..\\..\\infrastructure\\pi3.infrastructure.legacy\\Pi3.Infrastructure.Legacy.EF.KeywordAggregate\\Pi3.Infrastructure.Legacy.EF.KeywordAggregate.csproj", "{7EDA9ED0-8C0E-4A4E-AD00-C53CD8C58CC5}"
EndProject
Project("{FAE04EC0-301F-11D3-BF4B-00C04F79EFBC}") = "Pi3.Core.DelegaAggregate", "..\\..\\..\\core\\pi3.core\\Pi3.Core.DelegaAggregate\\Pi3.Core.DelegaAggregate.csproj", "{A7A82932-4EF1-44FD-AD7A-C29FB0D55705}"
EndProject
Project("{FAE04EC0-301F-11D3-BF4B-00C04F79EFBC}") = "Pi3.Infrastructure.Legacy.EF.DelegaAggregate", "..\\..\\..\\infrastructure\\pi3.infrastructure.legacy\\Pi3.Infrastructure.Legacy.EF.DelegaAggregate\\Pi3.Infrastructure.Legacy.EF.DelegaAggregate.csproj", "{2EF0FCD2-C42D-43C2-B54F-66EAC2984295}"
EndProject
Project("{FAE04EC0-301F-11D3-BF4B-00C04F79EFBC}") = "Pi3.Infrastructure.Legacy.EF.Entities", "..\\..\\..\\infrastructure\\pi3.infrastructure.legacy\\Pi3.Infrastructure.Legacy.EF.Entities\\Pi3.Infrastructure.Legacy.EF.Entities.csproj", "{92AC23E6-CF99-4447-8DB4-6E85D104C2CB}"
EndProject
Project("{FAE04EC0-301F-11D3-BF4B-00C04F79EFBC}") = "Pi3.Core.AggregazioneDocumentaleAggregate", "..\\..\\..\\core\\pi3.core\\Pi3.Core.AggregazioneDocumentaleAggregate\\Pi3.Core.AggregazioneDocumentaleAggregate.csproj", "{9B28FB21-4921-413E-86BC-AB2D68997382}"
EndProject
Project("{FAE04EC0-301F-11D3-BF4B-00C04F79EFBC}") = "Pi3.Infrastructure.Legacy.EF.AggregazioneDocumentaleAggregate", "..\\..\\..\\infrastructure\\pi3.infrastructure.legacy\\Pi3.Infrastructure.Legacy.EF.AggregazioneDocumentale\\Pi3.Infrastructure.Legacy.EF.AggregazioneDocumentaleAggregate.csproj", "{F5F0AA41-E647-411B-B346-E2470876B626}"
EndProject
Project("{FAE04EC0-301F-11D3-BF4B-00C04F79EFBC}") = "Pi3.Core.ElementAggregate", "..\\..\\..\\core\\pi3.core\\Pi3.Core.ElementAggregate\\Pi3.Core.ElementAggregate.csproj", "{01966EB6-ED1C-4C8D-89C0-C67374C4C77C}"
EndProject
Project("{FAE04EC0-301F-11D3-BF4B-00C04F79EFBC}") = "Pi3.Core.ContentElementAggregate", "..\\..\\..\\core\\pi3.core\\Pi3.Core.ContentElementAggregate\\Pi3.Core.ContentElementAggregate.csproj", "{0F5EBE21-E8B8-4663-89FB-748C67FBCBB3}"
EndProject
Project("{FAE04EC0-301F-11D3-BF4B-00C04F79EFBC}") = "Pi3.Core.DocumentBlobAggregate", "..\\..\\..\\core\\pi3.core\\Pi3.Core.DocumentBlobAggregate\\Pi3.Core.DocumentBlobAggregate.csproj", "{C68987F9-1ADC-484E-8D09-DC55A2B0BA5B}"
EndProject
Project("{FAE04EC0-301F-11D3-BF4B-00C04F79EFBC}") = "Pi3.Infrastructure.Legacy.DocumentFSRepository", "..\\..\\..\\infrastructure\\pi3.infrastructure.legacy\\Pi3.Infrastructure.Legacy.DocumentFSRepository\\Pi3.Infrastructure.Legacy.DocumentFSRepository.csproj", "{91CF4660-DFA6-415C-B92E-7FC98C09C33D}"
EndProject
Project("{FAE04EC0-301F-11D3-BF4B-00C04F79EFBC}") = "Pi3.Infrastructure.IText.ReportGenerator", "..\\..\\..\\infrastructure\\pi3.infrastructure.itext\\Pi3.Infrastructure.IText.ReportGenerator\\Pi3.Infrastructure.IText.ReportGenerator.csproj", "{CAF9987D-FE47-40FD-9840-133F764AB594}"
EndProject
Project("{FAE04EC0-301F-11D3-BF4B-00C04F79EFBC}") = "Pi3.Infrastructure.IText.Decorator", "..\\..\\..\\infrastructure\\pi3.infrastructure.itext\\Pi3.Infrastructure.IText.Decorator\\Pi3.Infrastructure.IText.Decorator.csproj", "{4FBD8241-244C-4CB8-A07F-08D7697F4AC6}"
EndProject
Project("{FAE04EC0-301F-11D3-BF4B-00C04F79EFBC}") = "Pi3.Infrastructure.Graph", "..\\..\\..\\infrastructure\\pi3.infrastructure.graph\\Pi3.Infrastructure.Graph\\Pi3.Infrastructure.Graph.csproj", "{DCB4C23B-3509-4E45-9491-DA8A396F897D}"
EndProject
Project("{FAE04EC0-301F-11D3-BF4B-00C04F79EFBC}") = "Pi3.Infrastructure.Chilkat", "..\\..\\..\\infrastructure\\pi3.infrastructure.chilkat\\Pi3.Infrastructure.Chilkat\\Pi3.Infrastructure.Chilkat.csproj", "{69A842F6-A3E7-448C-A8E0-9F716EDF9BA7}"
EndProject
Project("{FAE04EC0-301F-11D3-BF4B-00C04F79EFBC}") = "Pi3.Core", "..\\..\\..\\core\\pi3.core\\Pi3.Core\\Pi3.Core.csproj", "{66E56079-2ACF-47CA-A9EF-90EF37FF280D}"
EndProject
Project("{FAE04EC0-301F-11D3-BF4B-00C04F79EFBC}") = "Pi3.Infrastructure.BouncyCastle", "..\\..\\..\\infrastructure\\pi3.infrastructure.bouncycastle\\Pi3.Infrastructure.BouncyCastle\\Pi3.Infrastructure.BouncyCastle.csproj", "{A7976502-4D0B-4A59-8356-3232BB208843}"
EndProject
Project("{FAE04EC0-301F-11D3-BF4B-00C04F79EFBC}") = "Pi3.Infrastructure.AAC", "..\\..\\..\\infrastructure\\pi3.infrastructure.aac\\Pi3.Infrastructure.AAC\\Pi3.Infrastructure.AAC.csproj", "{32F83477-6548-43F3-85E7-5692F97BB0B1}"
EndProject
Project("{FAE04EC0-301F-11D3-BF4B-00C04F79EFBC}") = "Pi3.App.Legacy.WebApi", "Pi3.App.Legacy.WebApi.csproj", "{518C4E74-60EF-42D2-A41A-9881E63681EE}"
EndProject
# Visual Studio Version 17
VisualStudioVersion = 17.5.002.0
MinimumVisualStudioVersion = 10.0.40219.1
Global
	GlobalSection(SolutionConfigurationPlatforms) = preSolution
		Debug|Any CPU = Debug|Any CPU
		Release|Any CPU = Release|Any CPU
	EndGlobalSection
	GlobalSection(ProjectConfigurationPlatforms) = postSolution
		{E6620E99-689A-4C60-967F-63D98660B2A2}.Debug|Any CPU.ActiveCfg = Debug|Any CPU
		{E6620E99-689A-4C60-967F-63D98660B2A2}.Debug|Any CPU.Build.0 = Debug|Any CPU
		{E6620E99-689A-4C60-967F-63D98660B2A2}.Release|Any CPU.ActiveCfg = Release|Any CPU
		{E6620E99-689A-4C60-967F-63D98660B2A2}.Release|Any CPU.Build.0 = Release|Any CPU
	EndGlobalSection
	GlobalSection(SolutionProperties) = preSolution
		HideSolutionNode = FALSE
	EndGlobalSection
	GlobalSection(ExtensibilityGlobals) = postSolution
		SolutionGuid = {70540DCE-0E64-4879-B605-F9A0EDFA8581}
	EndGlobalSection
EndGlobal
