
Microsoft Visual Studio Solution File, Format Version 12.00
Project("{FAE04EC0-301F-11D3-BF4B-00C04F79EFBC}") = "Pi3.Infrastructure.Tibco", "..\\..\\infrastructure\\pi3.infrastructure.tibco-main\\pi3.infrastructure.tibco-main\\Pi3.Infrastructure.Tibco\\Pi3.Infrastructure.Tibco.csproj", "{AB38B124-851C-4CA0-B8E5-4A43CA592BE5}"
EndProject
Project("{FAE04EC0-301F-11D3-BF4B-00C04F79EFBC}") = "Pi3.Infrastructure.DocumentFormat.OpenXml", "..\\..\\infrastructure\\pi3.infrastructure.documentformat.openxml-main\\Pi3.Infrastructure.DocumentFormat.OpenXml\\Pi3.Infrastructure.DocumentFormat.OpenXml.csproj", "{B402305C-234F-4868-9BBC-D994441EDF97}"
EndProject
Project("{FAE04EC0-301F-11D3-BF4B-00C04F79EFBC}") = "Pi3.Infrastructure.Adobe", "..\\..\\infrastructure\\pi3.infrastructure.adobe-main\\Pi3.Infrastructure.Adobe\\Pi3.Infrastructure.Adobe.csproj", "{A621DDE8-28DB-40A7-A833-B93F469F8F10}"
EndProject
Project("{FAE04EC0-301F-11D3-BF4B-00C04F79EFBC}") = "Pi3.App.Legacy.WebApi.Application", "Pi3.App.Legacy.WebApi.Application\\Pi3.App.Legacy.WebApi.Application.csproj", "{FFDD299F-2D7A-4772-B7AC-594EC8C34A9F}"
EndProject
Project("{FAE04EC0-301F-11D3-BF4B-00C04F79EFBC}") = "Pi3.Infrastructure.Legacy.EF.DocumentoAmministrativoAggregate", "..\\..\\infrastructure\\pi3.infrastructure.legacy-main\\Pi3.Infrastructure.Legacy.EF.DocumentoAmministrativo\\Pi3.Infrastructure.Legacy.EF.DocumentoAmministrativoAggregate.csproj", "{C438FC14-0375-4FA7-96D9-DA1CFE18DCBC}"
EndProject
Project("{FAE04EC0-301F-11D3-BF4B-00C04F79EFBC}") = "Pi3.Core.DocumentAggregate", "..\\..\\core\\pi3.core-main\\Pi3.Core.DocumentAggregate\\Pi3.Core.DocumentAggregate.csproj", "{60CB1500-EA25-4B41-A09A-8AF87861B28A}"
EndProject
Project("{FAE04EC0-301F-11D3-BF4B-00C04F79EFBC}") = "Pi3.Core.DocumentoAmministrativoAggregate", "..\\..\\core\\pi3.core-main\\Pi3.Core.DocumentoAmministrativoAggregate\\Pi3.Core.DocumentoAmministrativoAggregate.csproj", "{2473A50E-8257-4EE1-A161-53F8B25CA744}"
EndProject
Project("{FAE04EC0-301F-11D3-BF4B-00C04F79EFBC}") = "Pi3.Infrastructure.ParER", "..\\..\\infrastructure\\pi3.infrastructure.parer-main\\Pi3.Infrastructure.ParER\\Pi3.Infrastructure.ParER.csproj", "{13273695-A1C8-4735-90AD-BDFDE6690B13}"
EndProject
Project("{FAE04EC0-301F-11D3-BF4B-00C04F79EFBC}") = "Pi3.Core.UOCorrispondenteAggregate", "..\\..\\core\\pi3.core-main\\Pi3.Core.UOCorrispondenteAggregate\\Pi3.Core.UOCorrispondenteAggregate.csproj", "{8C97EAFE-FF3A-4483-BA4B-3983286730D3}"
EndProject
Project("{FAE04EC0-301F-11D3-BF4B-00C04F79EFBC}") = "Pi3.Infrastructure.Legacy.EF.UOCorrispondenteAggregate", "..\\..\\infrastructure\\pi3.infrastructure.legacy-main\\Pi3.Infrastructure.Legacy.EF.UOCorrispondenteAggregate\\Pi3.Infrastructure.Legacy.EF.UOCorrispondenteAggregate.csproj", "{BC81CD66-21F0-4FB5-BCC5-C18E0EC637E6}"
EndProject
Project("{FAE04EC0-301F-11D3-BF4B-00C04F79EFBC}") = "Pi3.Core.TrasmissioneAggregate", "..\\..\\core\\pi3.core-main\\Pi3.Core.TrasmissioneAggregate\\Pi3.Core.TrasmissioneAggregate.csproj", "{7736AE49-EE44-4746-9FB3-202F622E8B29}"
EndProject
Project("{FAE04EC0-301F-11D3-BF4B-00C04F79EFBC}") = "Pi3.Infrastructure.Legacy.EF.TrasmissioneAggregate", "..\\..\\infrastructure\\pi3.infrastructure.legacy-main\\Pi3.Infrastructure.Legacy.EF.TrasmissioneAggregate\\Pi3.Infrastructure.Legacy.EF.TrasmissioneAggregate.csproj", "{F29FA3F8-B7A5-4A22-90C7-B79D08DB7A9A}"
EndProject
Project("{FAE04EC0-301F-11D3-BF4B-00C04F79EFBC}") = "Pi3.Infrastructure.Legacy.EF.Services", "..\\..\\infrastructure\\pi3.infrastructure.legacy-main\\Pi3.Infrastructure.Legacy.EF.Services\\Pi3.Infrastructure.Legacy.EF.Services.csproj", "{A9241EE3-202E-4E32-BA8C-338B5194B578}"
EndProject
Project("{FAE04EC0-301F-11D3-BF4B-00C04F79EFBC}") = "Pi3.Core.RuoloCorrispondenteAggregate", "..\\..\\core\\pi3.core-main\\Pi3.Core.RuoloCorrispondenteAggregate\\Pi3.Core.RuoloCorrispondenteAggregate.csproj", "{AAB64F0E-6CD8-4FC2-AE8B-031A902F8EC3}"
EndProject
Project("{FAE04EC0-301F-11D3-BF4B-00C04F79EFBC}") = "Pi3.Infrastructure.Legacy.EF.RuoloCorrispondenteAggregate", "..\\..\\infrastructure\\pi3.infrastructure.legacy-main\\Pi3.Infrastructure.Legacy.EF.RuoloCorrispondenteAggregate\\Pi3.Infrastructure.Legacy.EF.RuoloCorrispondenteAggregate.csproj", "{448E4752-FCF1-4528-A855-C200AC159155}"
EndProject
Project("{FAE04EC0-301F-11D3-BF4B-00C04F79EFBC}") = "Pi3.Core.RagioneTrasmissioneAggregate", "..\\..\\core\\pi3.core-main\\Pi3.Core.RagioneTrasmissioneAggregate\\Pi3.Core.RagioneTrasmissioneAggregate.csproj", "{8A1D97D3-AEC0-4E79-9640-B32AD30F7260}"
EndProject
Project("{FAE04EC0-301F-11D3-BF4B-00C04F79EFBC}") = "Pi3.Infrastructure.Legacy.EF.RagioneTrasmissioneAggregate", "..\\..\\infrastructure\\pi3.infrastructure.legacy-main\\Pi3.Infrastructure.Legacy.EF.RagioneTrasmissioneAggregate\\Pi3.Infrastructure.Legacy.EF.RagioneTrasmissioneAggregate.csproj", "{3DF3A1E1-AAAF-437D-B6B4-C606DE90090B}"
EndProject
Project("{FAE04EC0-301F-11D3-BF4B-00C04F79EFBC}") = "Pi3.Core.CorrispondenteAggregate", "..\\..\\core\\pi3.core-main\\Pi3.Core.CorrispondenteAggregate\\Pi3.Core.CorrispondenteAggregate.csproj", "{301E0632-AD6B-4373-AB19-907A91AA2B4B}"
EndProject
Project("{FAE04EC0-301F-11D3-BF4B-00C04F79EFBC}") = "Pi3.Core.PersonaCorrispondenteAggregate", "..\\..\\core\\pi3.core-main\\Pi3.Core.PersonaCorrispondenteAggregate\\Pi3.Core.PersonaCorrispondenteAggregate.csproj", "{EC25A426-6766-4492-8565-873745BC7B96}"
EndProject
Project("{FAE04EC0-301F-11D3-BF4B-00C04F79EFBC}") = "Pi3.Infrastructure.Legacy.EF.PersonaCorrispondenteAggregate", "..\\..\\infrastructure\\pi3.infrastructure.legacy-main\\Pi3.Infrastructure.Legacy.EF.PersonaCorrispondenteAggregate\\Pi3.Infrastructure.Legacy.EF.PersonaCorrispondenteAggregate.csproj", "{9DCA4E2D-27A3-480D-AE01-BF27108CBB29}"
EndProject
Project("{FAE04EC0-301F-11D3-BF4B-00C04F79EFBC}") = "Pi3.Infrastructure.Legacy.EF.Oracle", "..\\..\\infrastructure\\pi3.infrastructure.legacy-main\\Pi3.Infrastructure.Legacy.EF.Oracle\\Pi3.Infrastructure.Legacy.EF.Oracle.csproj", "{F5FFC21F-B5FE-4063-B604-B66000015A9C}"
EndProject
Project("{FAE04EC0-301F-11D3-BF4B-00C04F79EFBC}") = "Pi3.Core.OggettoAggregate", "..\\..\\core\\pi3.core-main\\Pi3.Core.OggettoAggregate\\Pi3.Core.OggettoAggregate.csproj", "{27E9C087-B811-4EFB-8D65-DE5DA57ABA10}"
EndProject
Project("{FAE04EC0-301F-11D3-BF4B-00C04F79EFBC}") = "Pi3.Infrastructure.Legacy.EF.OggettoAggregate", "..\\..\\infrastructure\\pi3.infrastructure.legacy-main\\Pi3.Infrastructure.Legacy.EF.OggettoAggregate\\Pi3.Infrastructure.Legacy.EF.OggettoAggregate.csproj", "{3E60ECF0-DB0D-439F-A720-96ED2A7E7569}"
EndProject
Project("{FAE04EC0-301F-11D3-BF4B-00C04F79EFBC}") = "Pi3.Core.NotaRFAggregate", "..\\..\\core\\pi3.core-main\\Pi3.Core.NotaRFAggregate\\Pi3.Core.NotaRFAggregate.csproj", "{C0443F6A-33C0-45F5-9E8B-7EC2EFDFC3F0}"
EndProject
Project("{FAE04EC0-301F-11D3-BF4B-00C04F79EFBC}") = "Pi3.Infrastructure.Legacy.EF.NotaRFAggregate", "..\\..\\infrastructure\\pi3.infrastructure.legacy-main\\Pi3.Infrastructure.Legacy.EF.NotaRFAggregate\\Pi3.Infrastructure.Legacy.EF.NotaRFAggregate.csproj", "{5B1A6734-F659-43E2-BF5E-71B2EC6C9C20}"
EndProject
Project("{FAE04EC0-301F-11D3-BF4B-00C04F79EFBC}") = "Pi3.Core.NotaAggregate", "..\\..\\core\\pi3.core-main\\Pi3.Core.NoteAggregate\\Pi3.Core.NotaAggregate.csproj", "{2F6E19C1-C158-46AB-AC5A-6227913B7A5F}"
EndProject
Project("{FAE04EC0-301F-11D3-BF4B-00C04F79EFBC}") = "Pi3.Infrastructure.Legacy.EF.NotaAggregate", "..\\..\\infrastructure\\pi3.infrastructure.legacy-main\\Pi3.Infrastructure.Legacy.EF.NoteAggregate\\Pi3.Infrastructure.Legacy.EF.NotaAggregate.csproj", "{480C45D5-213B-46F0-BCEF-1D16862E16EA}"
EndProject
Project("{FAE04EC0-301F-11D3-BF4B-00C04F79EFBC}") = "Pi3.Core.ModelloTrasmissioneAggregate", "..\\..\\core\\pi3.core-main\\Pi3.Core.ModelloTrasmissioneAggregate\\Pi3.Core.ModelloTrasmissioneAggregate.csproj", "{49E18FDE-B203-48F2-96FC-B950CCFB2FBC}"
EndProject
Project("{FAE04EC0-301F-11D3-BF4B-00C04F79EFBC}") = "Pi3.Infrastructure.Legacy.EF.ModelloTrasmissioneAggregate", "..\\..\\infrastructure\\pi3.infrastructure.legacy-main\\Pi3.Infrastructure.Legacy.EF.ModelloTrasmissioneAggregate\\Pi3.Infrastructure.Legacy.EF.ModelloTrasmissioneAggregate.csproj", "{74427910-542C-4757-9B42-29B43D8E5C23}"
EndProject
Project("{FAE04EC0-301F-11D3-BF4B-00C04F79EFBC}") = "Pi3.Core.MezzoSpedizioneAggregate", "..\\..\\core\\pi3.core-main\\Pi3.Core.MezzoSpedizioneAggregate\\Pi3.Core.MezzoSpedizioneAggregate.csproj", "{3CF8EA96-9CF5-4462-BC93-9275BAEEDFE9}"
EndProject
Project("{FAE04EC0-301F-11D3-BF4B-00C04F79EFBC}") = "Pi3.Infrastructure.Legacy.EF.MezzoSpedizioneAggregate", "..\\..\\infrastructure\\pi3.infrastructure.legacy-main\\Pi3.Infrastructure.Legacy.EF.MezzoSpedizioneAggregate\\Pi3.Infrastructure.Legacy.EF.MezzoSpedizioneAggregate.csproj", "{92F05C71-44CB-49D8-ADA0-DEF365F49D84}"
EndProject
Project("{FAE04EC0-301F-11D3-BF4B-00C04F79EFBC}") = "Pi3.Core.ListaDistribuzioneAggregate", "..\\..\\core\\pi3.core-main\\Pi3.Core.ListaDistribuzioneAggregate\\Pi3.Core.ListaDistribuzioneAggregate.csproj", "{42CB4236-3B1B-422F-928D-BC86A2299A7E}"
EndProject
Project("{FAE04EC0-301F-11D3-BF4B-00C04F79EFBC}") = "Pi3.Infrastructure.Legacy.EF.ListaDistribuzioneAggregate", "..\\..\\infrastructure\\pi3.infrastructure.legacy-main\\Pi3.Infrastructure.Legacy.EF.ListaDistribuzioneAggregate\\Pi3.Infrastructure.Legacy.EF.ListaDistribuzioneAggregate.csproj", "{1931531B-DB27-411F-A512-B6B434170FAF}"
EndProject
Project("{FAE04EC0-301F-11D3-BF4B-00C04F79EFBC}") = "Pi3.Core.KeywordAggregate", "..\\..\\core\\pi3.core-main\\Pi3.Core.KeywordAggregate\\Pi3.Core.KeywordAggregate.csproj", "{BF241947-EC4F-44E2-B23A-C469AFE383D1}"
EndProject
Project("{FAE04EC0-301F-11D3-BF4B-00C04F79EFBC}") = "Pi3.Infrastructure.Legacy.EF.KeywordAggregate", "..\\..\\infrastructure\\pi3.infrastructure.legacy-main\\Pi3.Infrastructure.Legacy.EF.KeywordAggregate\\Pi3.Infrastructure.Legacy.EF.KeywordAggregate.csproj", "{AAFFC3BB-FE39-43F7-A41E-D4D7A7E99144}"
EndProject
Project("{FAE04EC0-301F-11D3-BF4B-00C04F79EFBC}") = "Pi3.Core.DelegaAggregate", "..\\..\\core\\pi3.core-main\\Pi3.Core.DelegaAggregate\\Pi3.Core.DelegaAggregate.csproj", "{67CD60C9-A2C4-4BEC-94F6-50E3B8B9F8E6}"
EndProject
Project("{FAE04EC0-301F-11D3-BF4B-00C04F79EFBC}") = "Pi3.Infrastructure.Legacy.EF.DelegaAggregate", "..\\..\\infrastructure\\pi3.infrastructure.legacy-main\\Pi3.Infrastructure.Legacy.EF.DelegaAggregate\\Pi3.Infrastructure.Legacy.EF.DelegaAggregate.csproj", "{FE64626B-0BC2-44A7-BFF4-BD1B8D67F7A2}"
EndProject
Project("{FAE04EC0-301F-11D3-BF4B-00C04F79EFBC}") = "Pi3.Infrastructure.Legacy.EF.Entities", "..\\..\\infrastructure\\pi3.infrastructure.legacy-main\\Pi3.Infrastructure.Legacy.EF.Entities\\Pi3.Infrastructure.Legacy.EF.Entities.csproj", "{64EB534F-0F44-4CC6-AA20-9E1EF5776D2B}"
EndProject
Project("{FAE04EC0-301F-11D3-BF4B-00C04F79EFBC}") = "Pi3.Core.AggregazioneDocumentaleAggregate", "..\\..\\core\\pi3.core-main\\Pi3.Core.AggregazioneDocumentaleAggregate\\Pi3.Core.AggregazioneDocumentaleAggregate.csproj", "{DB5CE199-0EDB-4CD5-8CEA-01B167BB645E}"
EndProject
Project("{FAE04EC0-301F-11D3-BF4B-00C04F79EFBC}") = "Pi3.Infrastructure.Legacy.EF.AggregazioneDocumentaleAggregate", "..\\..\\infrastructure\\pi3.infrastructure.legacy-main\\Pi3.Infrastructure.Legacy.EF.AggregazioneDocumentale\\Pi3.Infrastructure.Legacy.EF.AggregazioneDocumentaleAggregate.csproj", "{4BCEA79B-9125-4F81-9190-59AE8C220389}"
EndProject
Project("{FAE04EC0-301F-11D3-BF4B-00C04F79EFBC}") = "Pi3.Core.ElementAggregate", "..\\..\\core\\pi3.core-main\\Pi3.Core.ElementAggregate\\Pi3.Core.ElementAggregate.csproj", "{80DA12CB-CBC6-4EF5-847B-9974E49C2C21}"
EndProject
Project("{FAE04EC0-301F-11D3-BF4B-00C04F79EFBC}") = "Pi3.Core.ContentElementAggregate", "..\\..\\core\\pi3.core-main\\Pi3.Core.ContentElementAggregate\\Pi3.Core.ContentElementAggregate.csproj", "{9779E920-9635-4B18-BF02-1215EFAD02A0}"
EndProject
Project("{FAE04EC0-301F-11D3-BF4B-00C04F79EFBC}") = "Pi3.Core.DocumentBlobAggregate", "..\\..\\core\\pi3.core-main\\Pi3.Core.DocumentBlobAggregate\\Pi3.Core.DocumentBlobAggregate.csproj", "{27FE81DB-CC62-4521-B43E-F89E6EC18DD0}"
EndProject
Project("{FAE04EC0-301F-11D3-BF4B-00C04F79EFBC}") = "Pi3.Infrastructure.Legacy.DocumentFSRepository", "..\\..\\infrastructure\\pi3.infrastructure.legacy-main\\Pi3.Infrastructure.Legacy.DocumentFSRepository\\Pi3.Infrastructure.Legacy.DocumentFSRepository.csproj", "{5B31FA63-3DF6-4F55-88BB-866E2F9AAFFD}"
EndProject
Project("{FAE04EC0-301F-11D3-BF4B-00C04F79EFBC}") = "Pi3.Infrastructure.IText.ReportGenerator", "..\\..\\infrastructure\\pi3.infrastructure.itext-main\\Pi3.Infrastructure.IText.ReportGenerator\\Pi3.Infrastructure.IText.ReportGenerator.csproj", "{BE85EA56-A73C-4E53-BC1F-1FCF19D04AB1}"
EndProject
Project("{FAE04EC0-301F-11D3-BF4B-00C04F79EFBC}") = "Pi3.Infrastructure.IText.Decorator", "..\\..\\infrastructure\\pi3.infrastructure.itext-main\\Pi3.Infrastructure.IText.Decorator\\Pi3.Infrastructure.IText.Decorator.csproj", "{25335863-51B0-4D10-A23C-F9C85A1D5C77}"
EndProject
Project("{FAE04EC0-301F-11D3-BF4B-00C04F79EFBC}") = "Pi3.Infrastructure.Graph", "..\\..\\infrastructure\\pi3.infrastructure.graph-main\\Pi3.Infrastructure.Graph\\Pi3.Infrastructure.Graph.csproj", "{82F64D75-AB9D-412A-8D43-57C6205DE67D}"
EndProject
Project("{FAE04EC0-301F-11D3-BF4B-00C04F79EFBC}") = "Pi3.Infrastructure.Chilkat", "..\\..\\infrastructure\\pi3.infrastructure.chilkat-main\\Pi3.Infrastructure.Chilkat\\Pi3.Infrastructure.Chilkat.csproj", "{A57DE908-62E2-49F0-B812-2D650422B8E4}"
EndProject
Project("{FAE04EC0-301F-11D3-BF4B-00C04F79EFBC}") = "Pi3.Core", "..\\..\\core\\pi3.core-main\\Pi3.Core\\Pi3.Core.csproj", "{D7EEB639-8DFA-40FE-991E-6415033907D4}"
EndProject
Project("{FAE04EC0-301F-11D3-BF4B-00C04F79EFBC}") = "Pi3.Infrastructure.BouncyCastle", "..\\..\\infrastructure\\pi3.infrastructure.bouncycastle-main\\Pi3.Infrastructure.BouncyCastle\\Pi3.Infrastructure.BouncyCastle.csproj", "{E63AD82D-9A87-4F98-BABA-223BF8DED69D}"
EndProject
Project("{FAE04EC0-301F-11D3-BF4B-00C04F79EFBC}") = "Pi3.Infrastructure.AAC", "..\\..\\infrastructure\\pi3.infrastructure.aac-main\\Pi3.Infrastructure.AAC\\Pi3.Infrastructure.AAC.csproj", "{6C5DED38-9FD7-458F-8142-C184113212B0}"
EndProject
Project("{FAE04EC0-301F-11D3-BF4B-00C04F79EFBC}") = "Pi3.App.Legacy.WebApi", "Pi3.App.Legacy.WebApi\\Pi3.App.Legacy.WebApi.csproj", "{C7422D38-F871-462A-9DC2-6B37988104AA}"
EndProject
Project("{FAE04EC0-301F-11D3-BF4B-00C04F79EFBC}") = "DocsPaVO", "DocsPaVO\\DocsPaVO.csproj", "{62C3BFBD-E0E7-4F46-82BB-FB0EF1E2438F}"
EndProject
# Visual Studio Version 17
VisualStudioVersion = 17.3.32804.467
MinimumVisualStudioVersion = 10.0.40219.1
Global
	GlobalSection(SolutionConfigurationPlatforms) = preSolution
		Debug|Any CPU = Debug|Any CPU
		Release|Any CPU = Release|Any CPU
	EndGlobalSection
	GlobalSection(ProjectConfigurationPlatforms) = postSolution
		{71A822C5-D321-41F6-8D1C-9474238036B7}.Debug|Any CPU.ActiveCfg = Debug|Any CPU
		{71A822C5-D321-41F6-8D1C-9474238036B7}.Debug|Any CPU.Build.0 = Debug|Any CPU
		{71A822C5-D321-41F6-8D1C-9474238036B7}.Release|Any CPU.ActiveCfg = Release|Any CPU
		{71A822C5-D321-41F6-8D1C-9474238036B7}.Release|Any CPU.Build.0 = Release|Any CPU
		{EDCFD320-F7CD-4685-9D3D-A31A60351D1B}.Debug|Any CPU.ActiveCfg = Debug|Any CPU
		{EDCFD320-F7CD-4685-9D3D-A31A60351D1B}.Debug|Any CPU.Build.0 = Debug|Any CPU
		{EDCFD320-F7CD-4685-9D3D-A31A60351D1B}.Release|Any CPU.ActiveCfg = Release|Any CPU
		{EDCFD320-F7CD-4685-9D3D-A31A60351D1B}.Release|Any CPU.Build.0 = Release|Any CPU
		{36AFDF40-BE66-45E7-9770-D48EA92E72C9}.Debug|Any CPU.ActiveCfg = Debug|Any CPU
		{36AFDF40-BE66-45E7-9770-D48EA92E72C9}.Debug|Any CPU.Build.0 = Debug|Any CPU
		{36AFDF40-BE66-45E7-9770-D48EA92E72C9}.Release|Any CPU.ActiveCfg = Release|Any CPU
		{36AFDF40-BE66-45E7-9770-D48EA92E72C9}.Release|Any CPU.Build.0 = Release|Any CPU
		{F95835B5-AABC-4433-968F-2F4C858B9114}.Debug|Any CPU.ActiveCfg = Debug|Any CPU
		{F95835B5-AABC-4433-968F-2F4C858B9114}.Debug|Any CPU.Build.0 = Debug|Any CPU
		{F95835B5-AABC-4433-968F-2F4C858B9114}.Release|Any CPU.ActiveCfg = Release|Any CPU
		{F95835B5-AABC-4433-968F-2F4C858B9114}.Release|Any CPU.Build.0 = Release|Any CPU
		{EE2BE24D-8130-4720-A024-7FAD862EDA29}.Debug|Any CPU.ActiveCfg = Debug|Any CPU
		{EE2BE24D-8130-4720-A024-7FAD862EDA29}.Debug|Any CPU.Build.0 = Debug|Any CPU
		{EE2BE24D-8130-4720-A024-7FAD862EDA29}.Release|Any CPU.ActiveCfg = Release|Any CPU
		{EE2BE24D-8130-4720-A024-7FAD862EDA29}.Release|Any CPU.Build.0 = Release|Any CPU
	EndGlobalSection
	GlobalSection(SolutionProperties) = preSolution
		HideSolutionNode = FALSE
	EndGlobalSection
	GlobalSection(ExtensibilityGlobals) = postSolution
		SolutionGuid = {F290D7DF-2C77-4439-9E97-9D874C96B8E0}
	EndGlobalSection
EndGlobal
