
Microsoft Visual Studio Solution File, Format Version 12.00
Project("{FAE04EC0-301F-11D3-BF4B-00C04F79EFBC}") = "Pi3.Infrastructure.IText.Decorator", "..\\..\\infrastructure\\pi3.infrastructure.itext-main\\Pi3.Infrastructure.IText.Decorator\\Pi3.Infrastructure.IText.Decorator.csproj", "{09995FC5-A708-49BB-B53F-49072B164E80}"
EndProject
Project("{FAE04EC0-301F-11D3-BF4B-00C04F79EFBC}") = "Pi3.App.Legacy.Pis.WebApi", "Pi3.App.Legacy.Pis.WebApi\\Pi3.App.Legacy.Pis.WebApi.csproj", "{A4E07F2C-9F76-48A3-A6D5-90E552A85218}"
EndProject
Project("{FAE04EC0-301F-11D3-BF4B-00C04F79EFBC}") = "Pi3.Infrastructure.Tibco", "..\\..\\infrastructure\\pi3.infrastructure.tibco-main\\pi3.infrastructure.tibco-main\\Pi3.Infrastructure.Tibco\\Pi3.Infrastructure.Tibco.csproj", "{967766E7-7E35-47DA-AE95-8FE4482E323C}"
EndProject
Project("{FAE04EC0-301F-11D3-BF4B-00C04F79EFBC}") = "Pi3.Infrastructure.Legacy.UploaderFS", "..\\..\\infrastructure\\pi3.infrastructure.legacy-main\\Pi3.Infrastructure.Legacy.UploaderFS\\Pi3.Infrastructure.Legacy.UploaderFS.csproj", "{505795E8-0AA0-4DC5-AF89-55F6DAA51355}"
EndProject
Project("{FAE04EC0-301F-11D3-BF4B-00C04F79EFBC}") = "Pi3.Infrastructure.Legacy.EF.TrasmissioneAggregate", "..\\..\\infrastructure\\pi3.infrastructure.legacy-main\\Pi3.Infrastructure.Legacy.EF.TrasmissioneAggregate\\Pi3.Infrastructure.Legacy.EF.TrasmissioneAggregate.csproj", "{DEF24784-36B5-4E43-A942-43EB73970C69}"
EndProject
Project("{FAE04EC0-301F-11D3-BF4B-00C04F79EFBC}") = "Pi3.Infrastructure.Legacy.EF.Services", "..\\..\\infrastructure\\pi3.infrastructure.legacy-main\\Pi3.Infrastructure.Legacy.EF.Services\\Pi3.Infrastructure.Legacy.EF.Services.csproj", "{F1B300C3-3EF5-4287-8C10-28189BFA1F2C}"
EndProject
Project("{FAE04EC0-301F-11D3-BF4B-00C04F79EFBC}") = "Pi3.Infrastructure.Legacy.EF.Oracle", "..\\..\\infrastructure\\pi3.infrastructure.legacy-main\\Pi3.Infrastructure.Legacy.EF.Oracle\\Pi3.Infrastructure.Legacy.EF.Oracle.csproj", "{6DBF0B36-8A7C-486F-9F86-E5E1F16DB3D1}"
EndProject
Project("{FAE04EC0-301F-11D3-BF4B-00C04F79EFBC}") = "Pi3.Core.NotaRFAggregate", "..\\..\\core\\pi3.core-main\\Pi3.Core.NotaRFAggregate\\Pi3.Core.NotaRFAggregate.csproj", "{9ADE6671-F3D5-493F-8CCD-93FF794F6B6F}"
EndProject
Project("{FAE04EC0-301F-11D3-BF4B-00C04F79EFBC}") = "Pi3.Infrastructure.Legacy.EF.NotaRFAggregate", "..\\..\\infrastructure\\pi3.infrastructure.legacy-main\\Pi3.Infrastructure.Legacy.EF.NotaRFAggregate\\Pi3.Infrastructure.Legacy.EF.NotaRFAggregate.csproj", "{090F14B0-D0FE-44C5-BED7-95B7D1151E5C}"
EndProject
Project("{FAE04EC0-301F-11D3-BF4B-00C04F79EFBC}") = "Pi3.Core.NotaAggregate", "..\\..\\core\\pi3.core-main\\Pi3.Core.NoteAggregate\\Pi3.Core.NotaAggregate.csproj", "{5F4270CB-DC32-4554-8E30-BE955200343E}"
EndProject
Project("{FAE04EC0-301F-11D3-BF4B-00C04F79EFBC}") = "Pi3.Infrastructure.Legacy.EF.NotaAggregate", "..\\..\\infrastructure\\pi3.infrastructure.legacy-main\\Pi3.Infrastructure.Legacy.EF.NoteAggregate\\Pi3.Infrastructure.Legacy.EF.NotaAggregate.csproj", "{F9804BA3-13D2-41CA-A167-6E3F922BB891}"
EndProject
Project("{FAE04EC0-301F-11D3-BF4B-00C04F79EFBC}") = "Pi3.Core.ModelloTrasmissioneAggregate", "..\\..\\core\\pi3.core-main\\Pi3.Core.ModelloTrasmissioneAggregate\\Pi3.Core.ModelloTrasmissioneAggregate.csproj", "{F667F0BA-4DE6-4FB6-8167-AE6608FCA95B}"
EndProject
Project("{FAE04EC0-301F-11D3-BF4B-00C04F79EFBC}") = "Pi3.Infrastructure.Legacy.EF.ModelloTrasmissioneAggregate", "..\\..\\infrastructure\\pi3.infrastructure.legacy-main\\Pi3.Infrastructure.Legacy.EF.ModelloTrasmissioneAggregate\\Pi3.Infrastructure.Legacy.EF.ModelloTrasmissioneAggregate.csproj", "{63C28336-335D-44E7-8F64-978A2C2A20F6}"
EndProject
Project("{FAE04EC0-301F-11D3-BF4B-00C04F79EFBC}") = "Pi3.Infrastructure.Legacy.EF.DocumentoAmministrativoAggregate", "..\\..\\infrastructure\\pi3.infrastructure.legacy-main\\Pi3.Infrastructure.Legacy.EF.DocumentoAmministrativo\\Pi3.Infrastructure.Legacy.EF.DocumentoAmministrativoAggregate.csproj", "{D10E0A61-70F1-47DB-824B-CF0D6814DAF1}"
EndProject
Project("{FAE04EC0-301F-11D3-BF4B-00C04F79EFBC}") = "Pi3.Infrastructure.Legacy.EF.Entities", "..\\..\\infrastructure\\pi3.infrastructure.legacy-main\\Pi3.Infrastructure.Legacy.EF.Entities\\Pi3.Infrastructure.Legacy.EF.Entities.csproj", "{F703CB25-6845-43A6-8378-59D655BFC20A}"
EndProject
Project("{FAE04EC0-301F-11D3-BF4B-00C04F79EFBC}") = "Pi3.Infrastructure.Legacy.EF.AggregazioneDocumentaleAggregate", "..\\..\\infrastructure\\pi3.infrastructure.legacy-main\\Pi3.Infrastructure.Legacy.EF.AggregazioneDocumentale\\Pi3.Infrastructure.Legacy.EF.AggregazioneDocumentaleAggregate.csproj", "{56D1A875-F3D7-4279-A9A7-8F237F2DA3AE}"
EndProject
Project("{FAE04EC0-301F-11D3-BF4B-00C04F79EFBC}") = "Pi3.Infrastructure.Legacy.DocumentFSRepository", "..\\..\\infrastructure\\pi3.infrastructure.legacy-main\\Pi3.Infrastructure.Legacy.DocumentFSRepository\\Pi3.Infrastructure.Legacy.DocumentFSRepository.csproj", "{D69A0318-78CE-4F6D-92D6-B28F3B10D8FD}"
EndProject
Project("{FAE04EC0-301F-11D3-BF4B-00C04F79EFBC}") = "Pi3.Infrastructure.Graph", "..\\..\\infrastructure\\pi3.infrastructure.graph-main\\Pi3.Infrastructure.Graph\\Pi3.Infrastructure.Graph.csproj", "{9360C44E-41C5-4F33-BECA-4CAF99CAEDDF}"
EndProject
Project("{FAE04EC0-301F-11D3-BF4B-00C04F79EFBC}") = "Pi3.Infrastructure.DocumentFormat.OpenXml", "..\\..\\infrastructure\\pi3.infrastructure.documentformat.openxml-main\\Pi3.Infrastructure.DocumentFormat.OpenXml\\Pi3.Infrastructure.DocumentFormat.OpenXml.csproj", "{2FD0D1D5-A417-4832-AB32-948FA3362E8E}"
EndProject
Project("{FAE04EC0-301F-11D3-BF4B-00C04F79EFBC}") = "Pi3.Infrastructure.Chilkat", "..\\..\\infrastructure\\pi3.infrastructure.chilkat-main\\Pi3.Infrastructure.Chilkat\\Pi3.Infrastructure.Chilkat.csproj", "{29818E46-2621-48B7-92E9-6DC523705226}"
EndProject
Project("{FAE04EC0-301F-11D3-BF4B-00C04F79EFBC}") = "Pi3.Infrastructure.BouncyCastle", "..\\..\\infrastructure\\pi3.infrastructure.bouncycastle-main\\Pi3.Infrastructure.BouncyCastle\\Pi3.Infrastructure.BouncyCastle.csproj", "{B586F876-C08F-4C80-9FA1-8E775CEC2EFA}"
EndProject
Project("{FAE04EC0-301F-11D3-BF4B-00C04F79EFBC}") = "Pi3.Infrastructure.Adobe", "..\\..\\infrastructure\\pi3.infrastructure.adobe-main\\Pi3.Infrastructure.Adobe\\Pi3.Infrastructure.Adobe.csproj", "{45147DC0-3BD3-41C6-BF4F-7B1F82D2D698}"
EndProject
Project("{FAE04EC0-301F-11D3-BF4B-00C04F79EFBC}") = "Pi3.Core.TrasmissioneAggregate", "..\\..\\core\\pi3.core-main\\Pi3.Core.TrasmissioneAggregate\\Pi3.Core.TrasmissioneAggregate.csproj", "{EC0FA325-139B-47B6-9F9A-379C0450CD6C}"
EndProject
Project("{FAE04EC0-301F-11D3-BF4B-00C04F79EFBC}") = "Pi3.Core.DocumentoAmministrativoAggregate", "..\\..\\core\\pi3.core-main\\Pi3.Core.DocumentoAmministrativoAggregate\\Pi3.Core.DocumentoAmministrativoAggregate.csproj", "{ECFA83DF-C4B7-4734-8DFC-F02DEC3E30A7}"
EndProject
Project("{FAE04EC0-301F-11D3-BF4B-00C04F79EFBC}") = "Pi3.Core.DocumentBlobAggregate", "..\\..\\core\\pi3.core-main\\Pi3.Core.DocumentBlobAggregate\\Pi3.Core.DocumentBlobAggregate.csproj", "{8058E52E-F329-4B23-AAD5-4B77870FE410}"
EndProject
Project("{FAE04EC0-301F-11D3-BF4B-00C04F79EFBC}") = "Pi3.Core.DocumentAggregate", "..\\..\\core\\pi3.core-main\\Pi3.Core.DocumentAggregate\\Pi3.Core.DocumentAggregate.csproj", "{A76D165F-5FDF-42D4-831F-FB8344C7FAE9}"
EndProject
Project("{FAE04EC0-301F-11D3-BF4B-00C04F79EFBC}") = "Pi3.Core.ElementAggregate", "..\\..\\core\\pi3.core-main\\Pi3.Core.ElementAggregate\\Pi3.Core.ElementAggregate.csproj", "{0570A7D0-62C8-4DDE-8A2E-B07D7AE54A29}"
EndProject
Project("{FAE04EC0-301F-11D3-BF4B-00C04F79EFBC}") = "Pi3.Core.ContentElementAggregate", "..\\..\\core\\pi3.core-main\\Pi3.Core.ContentElementAggregate\\Pi3.Core.ContentElementAggregate.csproj", "{CA0038D0-4967-4295-AFC9-CD381C590A54}"
EndProject
Project("{FAE04EC0-301F-11D3-BF4B-00C04F79EFBC}") = "Pi3.Core.AggregazioneDocumentaleAggregate", "..\\..\\core\\pi3.core-main\\Pi3.Core.AggregazioneDocumentaleAggregate\\Pi3.Core.AggregazioneDocumentaleAggregate.csproj", "{C3A15071-A6F2-4716-BDFA-B79D2B4DB117}"
EndProject
Project("{FAE04EC0-301F-11D3-BF4B-00C04F79EFBC}") = "Pi3.Core", "..\\..\\core\\pi3.core-main\\Pi3.Core\\Pi3.Core.csproj", "{62DAD363-E0B3-4638-A2FE-7C98F276B085}"
EndProject
Project("{FAE04EC0-301F-11D3-BF4B-00C04F79EFBC}") = "Pi3 - Backup.App.Legacy.Pis.WebApi", "Pi3.App.Legacy.Pis.WebApi\\Pi3 - Backup.App.Legacy.Pis.WebApi.csproj", "{20EE942C-F7DB-4B21-B191-34081472B433}"
EndProject
Project("{FAE04EC0-301F-11D3-BF4B-00C04F79EFBC}") = "DocsPaVO", "DocsPaVO\\DocsPaVO.csproj", "{C7BCE45A-BB62-469E-9021-8A411FB637B7}"
EndProject
# Visual Studio Version 17
VisualStudioVersion = 17.3.32804.467
MinimumVisualStudioVersion = 10.0.40219.1
Global
	GlobalSection(SolutionConfigurationPlatforms) = preSolution
		Debug|Any CPU = Debug|Any CPU
		Release|Any CPU = Release|Any CPU
	EndGlobalSection
	GlobalSection(ProjectConfigurationPlatforms) = postSolution
		{71A822C5-D321-41F6-8D1C-9474238036B7}.Debug|Any CPU.ActiveCfg = Debug|Any CPU
		{71A822C5-D321-41F6-8D1C-9474238036B7}.Debug|Any CPU.Build.0 = Debug|Any CPU
		{71A822C5-D321-41F6-8D1C-9474238036B7}.Release|Any CPU.ActiveCfg = Release|Any CPU
		{71A822C5-D321-41F6-8D1C-9474238036B7}.Release|Any CPU.Build.0 = Release|Any CPU
		{9361A427-8861-4473-A65E-1395C7F357A2}.Debug|Any CPU.ActiveCfg = Debug|Any CPU
		{9361A427-8861-4473-A65E-1395C7F357A2}.Debug|Any CPU.Build.0 = Debug|Any CPU
		{9361A427-8861-4473-A65E-1395C7F357A2}.Release|Any CPU.ActiveCfg = Release|Any CPU
		{9361A427-8861-4473-A65E-1395C7F357A2}.Release|Any CPU.Build.0 = Release|Any CPU
		{6771B663-2D4C-4AC8-985F-22589A0CF85F}.Debug|Any CPU.ActiveCfg = Debug|Any CPU
		{6771B663-2D4C-4AC8-985F-22589A0CF85F}.Debug|Any CPU.Build.0 = Debug|Any CPU
		{6771B663-2D4C-4AC8-985F-22589A0CF85F}.Release|Any CPU.ActiveCfg = Release|Any CPU
		{6771B663-2D4C-4AC8-985F-22589A0CF85F}.Release|Any CPU.Build.0 = Release|Any CPU
	EndGlobalSection
	GlobalSection(SolutionProperties) = preSolution
		HideSolutionNode = FALSE
	EndGlobalSection
	GlobalSection(ExtensibilityGlobals) = postSolution
		SolutionGuid = {F290D7DF-2C77-4439-9E97-9D874C96B8E0}
	EndGlobalSection
EndGlobal
