
Microsoft Visual Studio Solution File, Format Version 12.00
Project("{FAE04EC0-301F-11D3-BF4B-00C04F79EFBC}") = "Pi3.App.Legacy.Pis.WebApi.Tests", "Pi3.App.Legacy.Pis.WebApi.Tests\\Pi3.App.Legacy.Pis.WebApi.Tests.csproj", "{84092C95-782B-42AE-83BD-3BDB714EB74E}"
EndProject
Project("{FAE04EC0-301F-11D3-BF4B-00C04F79EFBC}") = "Pi3.Infrastructure.IText.Decorator", "..\\..\\infrastructure\\pi3.infrastructure.itext\\Pi3.Infrastructure.IText.Decorator\\Pi3.Infrastructure.IText.Decorator.csproj", "{E9A059CC-6E52-4EFB-B410-1B150DC47063}"
EndProject
Project("{FAE04EC0-301F-11D3-BF4B-00C04F79EFBC}") = "Pi3.App.Legacy.Pis.WebApi", "Pi3.App.Legacy.Pis.WebApi\\Pi3.App.Legacy.Pis.WebApi.csproj", "{EDD61036-5118-4365-BDCC-A16E45EF9DAD}"
EndProject
Project("{FAE04EC0-301F-11D3-BF4B-00C04F79EFBC}") = "Pi3.Infrastructure.Legacy.UploaderFS", "..\\..\\infrastructure\\pi3.infrastructure.legacy\\Pi3.Infrastructure.Legacy.UploaderFS\\Pi3.Infrastructure.Legacy.UploaderFS.csproj", "{6E6549CD-4A14-4DC5-8906-12ECD97C5547}"
EndProject
Project("{FAE04EC0-301F-11D3-BF4B-00C04F79EFBC}") = "Pi3.Infrastructure.Legacy.EF.TrasmissioneAggregate", "..\\..\\infrastructure\\pi3.infrastructure.legacy\\Pi3.Infrastructure.Legacy.EF.TrasmissioneAggregate\\Pi3.Infrastructure.Legacy.EF.TrasmissioneAggregate.csproj", "{D8E36936-F0DC-45A0-A4B0-2FCC3FC5B4A7}"
EndProject
Project("{FAE04EC0-301F-11D3-BF4B-00C04F79EFBC}") = "Pi3.Infrastructure.Legacy.EF.Services", "..\\..\\infrastructure\\pi3.infrastructure.legacy\\Pi3.Infrastructure.Legacy.EF.Services\\Pi3.Infrastructure.Legacy.EF.Services.csproj", "{3EDD1C76-A795-465B-8C7D-75D9CD434F51}"
EndProject
Project("{FAE04EC0-301F-11D3-BF4B-00C04F79EFBC}") = "Pi3.Infrastructure.Legacy.EF.Oracle", "..\\..\\infrastructure\\pi3.infrastructure.legacy\\Pi3.Infrastructure.Legacy.EF.Oracle\\Pi3.Infrastructure.Legacy.EF.Oracle.csproj", "{BF0FF378-D6DF-46E5-A2CC-B4ADF1298E67}"
EndProject
Project("{FAE04EC0-301F-11D3-BF4B-00C04F79EFBC}") = "Pi3.Core.NotaRFAggregate", "..\\..\\core\\pi3.core\\Pi3.Core.NotaRFAggregate\\Pi3.Core.NotaRFAggregate.csproj", "{02DDF88A-8EC5-4266-8315-F1500D475F22}"
EndProject
Project("{FAE04EC0-301F-11D3-BF4B-00C04F79EFBC}") = "Pi3.Infrastructure.Legacy.EF.NotaRFAggregate", "..\\..\\infrastructure\\pi3.infrastructure.legacy\\Pi3.Infrastructure.Legacy.EF.NotaRFAggregate\\Pi3.Infrastructure.Legacy.EF.NotaRFAggregate.csproj", "{3D6DC00A-7510-4D8A-8608-39BD46BC3073}"
EndProject
Project("{FAE04EC0-301F-11D3-BF4B-00C04F79EFBC}") = "Pi3.Core.NotaAggregate", "..\\..\\core\\pi3.core\\Pi3.Core.NoteAggregate\\Pi3.Core.NotaAggregate.csproj", "{8B5395D6-3354-43E2-B08D-AC4E5F1DB3D5}"
EndProject
Project("{FAE04EC0-301F-11D3-BF4B-00C04F79EFBC}") = "Pi3.Infrastructure.Legacy.EF.NotaAggregate", "..\\..\\infrastructure\\pi3.infrastructure.legacy\\Pi3.Infrastructure.Legacy.EF.NoteAggregate\\Pi3.Infrastructure.Legacy.EF.NotaAggregate.csproj", "{A837F1DD-9C10-4C6D-A42C-D52BEA9CA5D6}"
EndProject
Project("{FAE04EC0-301F-11D3-BF4B-00C04F79EFBC}") = "Pi3.Core.ModelloTrasmissioneAggregate", "..\\..\\core\\pi3.core\\Pi3.Core.ModelloTrasmissioneAggregate\\Pi3.Core.ModelloTrasmissioneAggregate.csproj", "{40DA19EC-E44B-45C6-B1DA-EAE3B40956EC}"
EndProject
Project("{FAE04EC0-301F-11D3-BF4B-00C04F79EFBC}") = "Pi3.Infrastructure.Legacy.EF.ModelloTrasmissioneAggregate", "..\\..\\infrastructure\\pi3.infrastructure.legacy\\Pi3.Infrastructure.Legacy.EF.ModelloTrasmissioneAggregate\\Pi3.Infrastructure.Legacy.EF.ModelloTrasmissioneAggregate.csproj", "{217C27CD-F40A-4B46-8EC5-320A35F4B8DB}"
EndProject
Project("{FAE04EC0-301F-11D3-BF4B-00C04F79EFBC}") = "Pi3.Infrastructure.Legacy.EF.DocumentoAmministrativoAggregate", "..\\..\\infrastructure\\pi3.infrastructure.legacy\\Pi3.Infrastructure.Legacy.EF.DocumentoAmministrativo\\Pi3.Infrastructure.Legacy.EF.DocumentoAmministrativoAggregate.csproj", "{01FB71D2-484B-4269-B1A9-0ED3F87848D6}"
EndProject
Project("{FAE04EC0-301F-11D3-BF4B-00C04F79EFBC}") = "Pi3.Infrastructure.Legacy.EF.Entities", "..\\..\\infrastructure\\pi3.infrastructure.legacy\\Pi3.Infrastructure.Legacy.EF.Entities\\Pi3.Infrastructure.Legacy.EF.Entities.csproj", "{4ACE8CD9-A3C1-4916-AC6A-3CF5798545D0}"
EndProject
Project("{FAE04EC0-301F-11D3-BF4B-00C04F79EFBC}") = "Pi3.Infrastructure.Legacy.EF.AggregazioneDocumentaleAggregate", "..\\..\\infrastructure\\pi3.infrastructure.legacy\\Pi3.Infrastructure.Legacy.EF.AggregazioneDocumentale\\Pi3.Infrastructure.Legacy.EF.AggregazioneDocumentaleAggregate.csproj", "{DD2051C8-387B-488B-814F-ADF9F965A142}"
EndProject
Project("{FAE04EC0-301F-11D3-BF4B-00C04F79EFBC}") = "Pi3.Infrastructure.Legacy.DocumentFSRepository", "..\\..\\infrastructure\\pi3.infrastructure.legacy\\Pi3.Infrastructure.Legacy.DocumentFSRepository\\Pi3.Infrastructure.Legacy.DocumentFSRepository.csproj", "{D739B2F0-11EF-4964-9646-7251090B80A6}"
EndProject
Project("{FAE04EC0-301F-11D3-BF4B-00C04F79EFBC}") = "Pi3.Infrastructure.Graph", "..\\..\\infrastructure\\pi3.infrastructure.graph\\Pi3.Infrastructure.Graph\\Pi3.Infrastructure.Graph.csproj", "{2E1C68BD-8751-4E4F-8683-CB35EB836EA3}"
EndProject
Project("{FAE04EC0-301F-11D3-BF4B-00C04F79EFBC}") = "Pi3.Infrastructure.DocumentFormat.OpenXml", "..\\..\\infrastructure\\pi3.infrastructure.documentformat.openxml\\Pi3.Infrastructure.DocumentFormat.OpenXml\\Pi3.Infrastructure.DocumentFormat.OpenXml.csproj", "{AD66CEBC-FE64-4DF1-A6C5-967B1A70D259}"
EndProject
Project("{FAE04EC0-301F-11D3-BF4B-00C04F79EFBC}") = "Pi3.Infrastructure.Chilkat", "..\\..\\infrastructure\\pi3.infrastructure.chilkat\\Pi3.Infrastructure.Chilkat\\Pi3.Infrastructure.Chilkat.csproj", "{8DC1D0AC-3DD4-408E-9D29-FCB3E2E3FD8F}"
EndProject
Project("{FAE04EC0-301F-11D3-BF4B-00C04F79EFBC}") = "Pi3.Infrastructure.BouncyCastle", "..\\..\\infrastructure\\pi3.infrastructure.bouncycastle\\Pi3.Infrastructure.BouncyCastle\\Pi3.Infrastructure.BouncyCastle.csproj", "{3BD06E82-AF1A-415A-917C-04ED80575540}"
EndProject
Project("{FAE04EC0-301F-11D3-BF4B-00C04F79EFBC}") = "Pi3.Core.TrasmissioneAggregate", "..\\..\\core\\pi3.core\\Pi3.Core.TrasmissioneAggregate\\Pi3.Core.TrasmissioneAggregate.csproj", "{EF7A7DE5-B8FE-4DCB-BCDD-A448BFA78D6D}"
EndProject
Project("{FAE04EC0-301F-11D3-BF4B-00C04F79EFBC}") = "Pi3.Core.DocumentoAmministrativoAggregate", "..\\..\\core\\pi3.core\\Pi3.Core.DocumentoAmministrativoAggregate\\Pi3.Core.DocumentoAmministrativoAggregate.csproj", "{CC8C956C-1551-4BA6-86DF-4D29BFB1242B}"
EndProject
Project("{FAE04EC0-301F-11D3-BF4B-00C04F79EFBC}") = "Pi3.Core.DocumentBlobAggregate", "..\\..\\core\\pi3.core\\Pi3.Core.DocumentBlobAggregate\\Pi3.Core.DocumentBlobAggregate.csproj", "{DCE6A207-666A-47C3-A4EA-18508FE18145}"
EndProject
Project("{FAE04EC0-301F-11D3-BF4B-00C04F79EFBC}") = "Pi3.Core.DocumentAggregate", "..\\..\\core\\pi3.core\\Pi3.Core.DocumentAggregate\\Pi3.Core.DocumentAggregate.csproj", "{CAEFF00F-1EA5-4433-9411-8BEBE3D837B1}"
EndProject
Project("{FAE04EC0-301F-11D3-BF4B-00C04F79EFBC}") = "Pi3.Core.ElementAggregate", "..\\..\\core\\pi3.core\\Pi3.Core.ElementAggregate\\Pi3.Core.ElementAggregate.csproj", "{B141E6E2-CBCB-4316-B3DE-FB5DC88EA35B}"
EndProject
Project("{FAE04EC0-301F-11D3-BF4B-00C04F79EFBC}") = "Pi3.Core.ContentElementAggregate", "..\\..\\core\\pi3.core\\Pi3.Core.ContentElementAggregate\\Pi3.Core.ContentElementAggregate.csproj", "{EE00B88F-7F2B-41FC-A63A-CF6F072F4C06}"
EndProject
Project("{FAE04EC0-301F-11D3-BF4B-00C04F79EFBC}") = "Pi3.Core.AggregazioneDocumentaleAggregate", "..\\..\\core\\pi3.core\\Pi3.Core.AggregazioneDocumentaleAggregate\\Pi3.Core.AggregazioneDocumentaleAggregate.csproj", "{F1CEB2BA-81B1-4990-BDE7-2DA293FF0060}"
EndProject
Project("{FAE04EC0-301F-11D3-BF4B-00C04F79EFBC}") = "Pi3.Core", "..\\..\\core\\pi3.core\\Pi3.Core\\Pi3.Core.csproj", "{37A56993-657A-476D-8348-E33EC6816ED3}"
EndProject
Project("{FAE04EC0-301F-11D3-BF4B-00C04F79EFBC}") = "Pi3 - Backup.App.Legacy.Pis.WebApi", "Pi3.App.Legacy.Pis.WebApi\\Pi3 - Backup.App.Legacy.Pis.WebApi.csproj", "{45DBE45B-E1EE-4082-9A24-3C6C605ECE59}"
EndProject
Project("{FAE04EC0-301F-11D3-BF4B-00C04F79EFBC}") = "DocsPaVO", "DocsPaVO\\DocsPaVO.csproj", "{69CCDE5A-C12D-465F-9436-9276FEF83E19}"
EndProject
# Visual Studio Version 17
VisualStudioVersion = 17.3.32804.467
MinimumVisualStudioVersion = 10.0.40219.1
Global
	GlobalSection(SolutionConfigurationPlatforms) = preSolution
		Debug|Any CPU = Debug|Any CPU
		Release|Any CPU = Release|Any CPU
	EndGlobalSection
	GlobalSection(ProjectConfigurationPlatforms) = postSolution
		{71A822C5-D321-41F6-8D1C-9474238036B7}.Debug|Any CPU.ActiveCfg = Debug|Any CPU
		{71A822C5-D321-41F6-8D1C-9474238036B7}.Debug|Any CPU.Build.0 = Debug|Any CPU
		{71A822C5-D321-41F6-8D1C-9474238036B7}.Release|Any CPU.ActiveCfg = Release|Any CPU
		{71A822C5-D321-41F6-8D1C-9474238036B7}.Release|Any CPU.Build.0 = Release|Any CPU
		{9361A427-8861-4473-A65E-1395C7F357A2}.Debug|Any CPU.ActiveCfg = Debug|Any CPU
		{9361A427-8861-4473-A65E-1395C7F357A2}.Debug|Any CPU.Build.0 = Debug|Any CPU
		{9361A427-8861-4473-A65E-1395C7F357A2}.Release|Any CPU.ActiveCfg = Release|Any CPU
		{9361A427-8861-4473-A65E-1395C7F357A2}.Release|Any CPU.Build.0 = Release|Any CPU
		{6771B663-2D4C-4AC8-985F-22589A0CF85F}.Debug|Any CPU.ActiveCfg = Debug|Any CPU
		{6771B663-2D4C-4AC8-985F-22589A0CF85F}.Debug|Any CPU.Build.0 = Debug|Any CPU
		{6771B663-2D4C-4AC8-985F-22589A0CF85F}.Release|Any CPU.ActiveCfg = Release|Any CPU
		{6771B663-2D4C-4AC8-985F-22589A0CF85F}.Release|Any CPU.Build.0 = Release|Any CPU
	EndGlobalSection
	GlobalSection(SolutionProperties) = preSolution
		HideSolutionNode = FALSE
	EndGlobalSection
	GlobalSection(ExtensibilityGlobals) = postSolution
		SolutionGuid = {F290D7DF-2C77-4439-9E97-9D874C96B8E0}
	EndGlobalSection
EndGlobal
