
Microsoft Visual Studio Solution File, Format Version 12.00
Project("{FAE04EC0-301F-11D3-BF4B-00C04F79EFBC}") = "Pi3.App.AggregazioneDocumentale.WebApi.Tests", "Pi3.App.AggregazioneDocumentale.WebApi.Tests\\Pi3.App.AggregazioneDocumentale.WebApi.Tests.csproj", "{3884DFA7-0775-4CFA-A941-4C9DD54B52B3}"
EndProject
Project("{FAE04EC0-301F-11D3-BF4B-00C04F79EFBC}") = "Pi3.Core.TrasmissioneAggregate", "..\\..\\core\\pi3.core\\Pi3.Core.TrasmissioneAggregate\\Pi3.Core.TrasmissioneAggregate.csproj", "{F958D95D-4AF3-494F-9EEA-0C0A6DB8352F}"
EndProject
Project("{FAE04EC0-301F-11D3-BF4B-00C04F79EFBC}") = "Pi3.Infrastructure.Legacy.EF.TrasmissioneAggregate", "..\\..\\infrastructure\\pi3.infrastructure.legacy\\Pi3.Infrastructure.Legacy.EF.TrasmissioneAggregate\\Pi3.Infrastructure.Legacy.EF.TrasmissioneAggregate.csproj", "{53A876EF-BBD0-443C-8520-1AAE8A1BFAC1}"
EndProject
Project("{FAE04EC0-301F-11D3-BF4B-00C04F79EFBC}") = "Pi3.Infrastructure.Legacy.EF.Services", "..\\..\\infrastructure\\pi3.infrastructure.legacy\\Pi3.Infrastructure.Legacy.EF.Services\\Pi3.Infrastructure.Legacy.EF.Services.csproj", "{8B3B451C-DF13-4A0C-827E-63A323B4C2F2}"
EndProject
Project("{FAE04EC0-301F-11D3-BF4B-00C04F79EFBC}") = "Pi3.Core.NotaAggregate", "..\\..\\core\\pi3.core\\Pi3.Core.NoteAggregate\\Pi3.Core.NotaAggregate.csproj", "{44747689-F71A-45B7-B1FE-1B04A8C47D50}"
EndProject
Project("{FAE04EC0-301F-11D3-BF4B-00C04F79EFBC}") = "Pi3.Infrastructure.Legacy.EF.NotaAggregate", "..\\..\\infrastructure\\pi3.infrastructure.legacy\\Pi3.Infrastructure.Legacy.EF.NoteAggregate\\Pi3.Infrastructure.Legacy.EF.NotaAggregate.csproj", "{10C4E3DB-E18D-4BCE-882F-FA5549408A66}"
EndProject
Project("{FAE04EC0-301F-11D3-BF4B-00C04F79EFBC}") = "Pi3.Core.ModelloTrasmissioneAggregate", "..\\..\\core\\pi3.core\\Pi3.Core.ModelloTrasmissioneAggregate\\Pi3.Core.ModelloTrasmissioneAggregate.csproj", "{9544C750-C0A9-454E-B487-2CB16B1D4638}"
EndProject
Project("{FAE04EC0-301F-11D3-BF4B-00C04F79EFBC}") = "Pi3.Infrastructure.Legacy.EF.ModelloTrasmissioneAggregate", "..\\..\\infrastructure\\pi3.infrastructure.legacy\\Pi3.Infrastructure.Legacy.EF.ModelloTrasmissioneAggregate\\Pi3.Infrastructure.Legacy.EF.ModelloTrasmissioneAggregate.csproj", "{F947DECB-4D2C-44CF-94FF-626A843591C5}"
EndProject
Project("{FAE04EC0-301F-11D3-BF4B-00C04F79EFBC}") = "Pi3.App.AggregazioneDocumentale.WebApi", "Pi3.App.AggregazioneDocumentale.WebApi\\Pi3.App.AggregazioneDocumentale.WebApi.csproj", "{63CD5809-6E69-4E45-B183-32EB92C888DA}"
EndProject
Project("{FAE04EC0-301F-11D3-BF4B-00C04F79EFBC}") = "Pi3.Infrastructure.Legacy.EF.Oracle", "..\\..\\infrastructure\\pi3.infrastructure.legacy\\Pi3.Infrastructure.Legacy.EF.Oracle\\Pi3.Infrastructure.Legacy.EF.Oracle.csproj", "{1E7CC4FC-3F93-4484-8884-81567AC936C9}"
EndProject
Project("{FAE04EC0-301F-11D3-BF4B-00C04F79EFBC}") = "Pi3.Infrastructure.Legacy.EF.Entities", "..\\..\\infrastructure\\pi3.infrastructure.legacy\\Pi3.Infrastructure.Legacy.EF.Entities\\Pi3.Infrastructure.Legacy.EF.Entities.csproj", "{6CD8BCB3-AED0-45A5-AED6-79DE7035DF3B}"
EndProject
Project("{FAE04EC0-301F-11D3-BF4B-00C04F79EFBC}") = "Pi3.Core", "..\\..\\core\\pi3.core\\Pi3.Core\\Pi3.Core.csproj", "{F62226A0-2561-4744-9D94-6AEBAFD91193}"
EndProject
Project("{FAE04EC0-301F-11D3-BF4B-00C04F79EFBC}") = "Pi3.Core.ElementAggregate", "..\\..\\core\\pi3.core\\Pi3.Core.ElementAggregate\\Pi3.Core.ElementAggregate.csproj", "{806AE4A4-54BE-47AC-9172-4C6725BBC55F}"
EndProject
Project("{FAE04EC0-301F-11D3-BF4B-00C04F79EFBC}") = "Pi3.Core.ContentElementAggregate", "..\\..\\core\\pi3.core\\Pi3.Core.ContentElementAggregate\\Pi3.Core.ContentElementAggregate.csproj", "{A926A150-44F4-4794-B044-B5A3FE8A5D00}"
EndProject
Project("{FAE04EC0-301F-11D3-BF4B-00C04F79EFBC}") = "Pi3.Core.AggregazioneDocumentaleAggregate", "..\\..\\core\\pi3.core\\Pi3.Core.AggregazioneDocumentaleAggregate\\Pi3.Core.AggregazioneDocumentaleAggregate.csproj", "{547E8866-2CF2-4D57-A554-803325659DA8}"
EndProject
Project("{FAE04EC0-301F-11D3-BF4B-00C04F79EFBC}") = "Pi3.Infrastructure.Legacy.EF.AggregazioneDocumentaleAggregate", "..\\..\\infrastructure\\pi3.infrastructure.legacy\\Pi3.Infrastructure.Legacy.EF.AggregazioneDocumentale\\Pi3.Infrastructure.Legacy.EF.AggregazioneDocumentaleAggregate.csproj", "{02481A54-BC1F-4B09-B5DC-616F7D07E8FE}"
EndProject
Project("{FAE04EC0-301F-11D3-BF4B-00C04F79EFBC}") = "Pi3.Infrastructure.AAC", "..\\..\\infrastructure\\pi3.infrastructure.aac\\Pi3.Infrastructure.AAC\\Pi3.Infrastructure.AAC.csproj", "{57E3B351-6089-47D7-ADF8-E2250DA7F8FD}"
EndProject
Project("{FAE04EC0-301F-11D3-BF4B-00C04F79EFBC}") = "Pi3 - Backup.App.AggregazioneDocumentale.WebApi", "Pi3.App.AggregazioneDocumentale.WebApi\\Pi3 - Backup.App.AggregazioneDocumentale.WebApi.csproj", "{6FEF1FAA-B185-4480-8DB1-050C3D0FB664}"
EndProject
# Visual Studio Version 17
VisualStudioVersion = 17.3.32804.467
MinimumVisualStudioVersion = 10.0.40219.1
Global
	GlobalSection(SolutionConfigurationPlatforms) = preSolution
		Debug|Any CPU = Debug|Any CPU
		Release|Any CPU = Release|Any CPU
	EndGlobalSection
	GlobalSection(ProjectConfigurationPlatforms) = postSolution
		{DEF09F30-0A9B-4A95-88FF-9DB45F496825}.Debug|Any CPU.ActiveCfg = Debug|Any CPU
		{DEF09F30-0A9B-4A95-88FF-9DB45F496825}.Debug|Any CPU.Build.0 = Debug|Any CPU
		{DEF09F30-0A9B-4A95-88FF-9DB45F496825}.Release|Any CPU.ActiveCfg = Release|Any CPU
		{DEF09F30-0A9B-4A95-88FF-9DB45F496825}.Release|Any CPU.Build.0 = Release|Any CPU
		{E9BB1E4F-1F98-4014-BBFC-559C321B8721}.Debug|Any CPU.ActiveCfg = Debug|Any CPU
		{E9BB1E4F-1F98-4014-BBFC-559C321B8721}.Debug|Any CPU.Build.0 = Debug|Any CPU
		{E9BB1E4F-1F98-4014-BBFC-559C321B8721}.Release|Any CPU.ActiveCfg = Release|Any CPU
		{E9BB1E4F-1F98-4014-BBFC-559C321B8721}.Release|Any CPU.Build.0 = Release|Any CPU
	EndGlobalSection
	GlobalSection(SolutionProperties) = preSolution
		HideSolutionNode = FALSE
	EndGlobalSection
	GlobalSection(ExtensibilityGlobals) = postSolution
		SolutionGuid = {65D645FE-9897-4540-BE72-66159895BCE1}
	EndGlobalSection
EndGlobal
