
Microsoft Visual Studio Solution File, Format Version 12.00
Project("{FAE04EC0-301F-11D3-BF4B-00C04F79EFBC}") = "Pi3.Infrastructure.BouncyCastle", "..\\..\\infrastructure\\pi3.infrastructure.bouncycastle-main\\Pi3.Infrastructure.BouncyCastle\\Pi3.Infrastructure.BouncyCastle.csproj", "{B85BBD3B-24BF-472C-A8C0-784EB1F3EA96}"
EndProject
Project("{FAE04EC0-301F-11D3-BF4B-00C04F79EFBC}") = "Pi3.Infrastructure.Chilkat", "..\\..\\infrastructure\\pi3.infrastructure.chilkat-main\\Pi3.Infrastructure.Chilkat\\Pi3.Infrastructure.Chilkat.csproj", "{B3180A30-01E4-4E45-90E0-FF2ABDCDD7E3}"
EndProject
Project("{FAE04EC0-301F-11D3-BF4B-00C04F79EFBC}") = "Pi3.Infrastructure.Legacy.DocumentFSRepository", "..\\..\\infrastructure\\pi3.infrastructure.legacy-main\\Pi3.Infrastructure.Legacy.DocumentFSRepository\\Pi3.Infrastructure.Legacy.DocumentFSRepository.csproj", "{43A56EBC-7E0E-4AF5-95FF-5F28C116D693}"
EndProject
Project("{FAE04EC0-301F-11D3-BF4B-00C04F79EFBC}") = "Pi3.Core.TrasmissioneAggregate", "..\\..\\core\\pi3.core-main\\Pi3.Core.TrasmissioneAggregate\\Pi3.Core.TrasmissioneAggregate.csproj", "{F59EE34E-2246-4EF4-A71A-B52618115BA2}"
EndProject
Project("{FAE04EC0-301F-11D3-BF4B-00C04F79EFBC}") = "Pi3.Infrastructure.Legacy.EF.TrasmissioneAggregate", "..\\..\\infrastructure\\pi3.infrastructure.legacy-main\\Pi3.Infrastructure.Legacy.EF.TrasmissioneAggregate\\Pi3.Infrastructure.Legacy.EF.TrasmissioneAggregate.csproj", "{7ED42507-4093-4D9D-BA96-574778BA3E34}"
EndProject
Project("{FAE04EC0-301F-11D3-BF4B-00C04F79EFBC}") = "Pi3.Core.DocumentAggregate", "..\\..\\core\\pi3.core-main\\Pi3.Core.DocumentAggregate\\Pi3.Core.DocumentAggregate.csproj", "{D7E001C8-0CE8-4141-B1EA-61CAB837BC2A}"
EndProject
Project("{FAE04EC0-301F-11D3-BF4B-00C04F79EFBC}") = "Pi3.Core.DocumentoAmministrativoAggregate", "..\\..\\core\\pi3.core-main\\Pi3.Core.DocumentoAmministrativoAggregate\\Pi3.Core.DocumentoAmministrativoAggregate.csproj", "{7AF86985-0E08-4913-B48B-A8866AAC5473}"
EndProject
Project("{FAE04EC0-301F-11D3-BF4B-00C04F79EFBC}") = "Pi3.Infrastructure.Legacy.EF.DocumentoAmministrativoAggregate", "..\\..\\infrastructure\\pi3.infrastructure.legacy-main\\Pi3.Infrastructure.Legacy.EF.DocumentoAmministrativo\\Pi3.Infrastructure.Legacy.EF.DocumentoAmministrativoAggregate.csproj", "{52BF6F05-D365-49CC-982E-C156F467A3A4}"
EndProject
Project("{FAE04EC0-301F-11D3-BF4B-00C04F79EFBC}") = "Pi3.Infrastructure.IText.ReportGenerator", "..\\..\\infrastructure\\pi3.infrastructure.itext-main\\Pi3.Infrastructure.IText.ReportGenerator\\Pi3.Infrastructure.IText.ReportGenerator.csproj", "{D50691D4-5F10-405A-9FAB-FCDB8890C16E}"
EndProject
Project("{FAE04EC0-301F-11D3-BF4B-00C04F79EFBC}") = "Pi3.Infrastructure.AAC", "..\\..\\infrastructure\\pi3.infrastructure.aac-main\\Pi3.Infrastructure.AAC\\Pi3.Infrastructure.AAC.csproj", "{78E0B0B7-8898-44B0-9CF8-F473687042C2}"
EndProject
Project("{FAE04EC0-301F-11D3-BF4B-00C04F79EFBC}") = "Pi3.App.Legacy.Mobile.WebApi", "Pi3.App.Legacy.Mobile.WebApi\\Pi3.App.Legacy.Mobile.WebApi.csproj", "{3D75792C-F06C-4CF3-98C3-48037317888D}"
EndProject
Project("{FAE04EC0-301F-11D3-BF4B-00C04F79EFBC}") = "Pi3.App.Legacy.Mobile.Shared", "Pi3.App.Legacy.Mobile.Shared\\Pi3.App.Legacy.Mobile.Shared.csproj", "{4AB22214-1BCE-41A6-B6D9-AB9E73CC94BE}"
EndProject
Project("{FAE04EC0-301F-11D3-BF4B-00C04F79EFBC}") = "Pi3.App.Legacy.Mobile.Models", "Pi3.App.Legacy.Mobile.Models\\Pi3.App.Legacy.Mobile.Models.csproj", "{F7DCE488-13DB-4B42-8133-AACD56EF36F6}"
EndProject
Project("{FAE04EC0-301F-11D3-BF4B-00C04F79EFBC}") = "Pi3.Core.DelegaAggregate", "..\\..\\core\\pi3.core-main\\Pi3.Core.DelegaAggregate\\Pi3.Core.DelegaAggregate.csproj", "{408EC336-C36C-429A-9CFA-F2E8DD1901E0}"
EndProject
Project("{FAE04EC0-301F-11D3-BF4B-00C04F79EFBC}") = "Pi3.Infrastructure.Legacy.EF.DelegaAggregate", "..\\..\\infrastructure\\pi3.infrastructure.legacy-main\\Pi3.Infrastructure.Legacy.EF.DelegaAggregate\\Pi3.Infrastructure.Legacy.EF.DelegaAggregate.csproj", "{6DFA5DBB-5E3C-4AA7-A1A9-6F63CFB686CB}"
EndProject
Project("{FAE04EC0-301F-11D3-BF4B-00C04F79EFBC}") = "Pi3.Infrastructure.Legacy.EF.Services", "..\\..\\infrastructure\\pi3.infrastructure.legacy-main\\Pi3.Infrastructure.Legacy.EF.Services\\Pi3.Infrastructure.Legacy.EF.Services.csproj", "{7A137351-80B6-4155-9A9D-BE948111FB53}"
EndProject
Project("{FAE04EC0-301F-11D3-BF4B-00C04F79EFBC}") = "Pi3.Infrastructure.Legacy.EF.Entities", "..\\..\\infrastructure\\pi3.infrastructure.legacy-main\\Pi3.Infrastructure.Legacy.EF.Entities\\Pi3.Infrastructure.Legacy.EF.Entities.csproj", "{9C07E298-376F-485B-8D7C-0BF755523310}"
EndProject
Project("{FAE04EC0-301F-11D3-BF4B-00C04F79EFBC}") = "Pi3.Infrastructure.Legacy.EF.Oracle", "..\\..\\infrastructure\\pi3.infrastructure.legacy-main\\Pi3.Infrastructure.Legacy.EF.Oracle\\Pi3.Infrastructure.Legacy.EF.Oracle.csproj", "{9BC2DEDB-24CC-4AD4-AA9D-2CC659406F12}"
EndProject
Project("{FAE04EC0-301F-11D3-BF4B-00C04F79EFBC}") = "Pi3.Core.ElementAggregate", "..\\..\\core\\pi3.core-main\\Pi3.Core.ElementAggregate\\Pi3.Core.ElementAggregate.csproj", "{5398B40C-6850-46E3-A49B-A63BBA1C2791}"
EndProject
Project("{FAE04EC0-301F-11D3-BF4B-00C04F79EFBC}") = "Pi3.Core.ContentElementAggregate", "..\\..\\core\\pi3.core-main\\Pi3.Core.ContentElementAggregate\\Pi3.Core.ContentElementAggregate.csproj", "{A373887C-FA21-4FC3-9EFB-39226FDED94B}"
EndProject
Project("{FAE04EC0-301F-11D3-BF4B-00C04F79EFBC}") = "Pi3.Core.DocumentBlobAggregate", "..\\..\\core\\pi3.core-main\\Pi3.Core.DocumentBlobAggregate\\Pi3.Core.DocumentBlobAggregate.csproj", "{933D8539-83E5-41B0-9EF2-EAAA319B52AA}"
EndProject
Project("{FAE04EC0-301F-11D3-BF4B-00C04F79EFBC}") = "Pi3.App.Legacy.Mobile.Data", "Pi3.App.Legacy.Mobile.Data\\Pi3.App.Legacy.Mobile.Data.csproj", "{F244C90C-EDE0-43E8-9C41-3DE09013F5EE}"
EndProject
Project("{FAE04EC0-301F-11D3-BF4B-00C04F79EFBC}") = "Pi3.App.Legacy.Mobile.ApiHandler", "Pi3.App.Legacy.Mobile.ApiHandler\\Pi3.App.Legacy.Mobile.ApiHandler.csproj", "{C65DC25C-E655-4D96-A12A-ECBF8BFA0527}"
EndProject
Project("{FAE04EC0-301F-11D3-BF4B-00C04F79EFBC}") = "Pi3.Infrastructure.IText.Decorator", "..\\..\\infrastructure\\pi3.infrastructure.itext-main\\Pi3.Infrastructure.IText.Decorator\\Pi3.Infrastructure.IText.Decorator.csproj", "{CF3E40DB-5951-4E0D-AFD2-2222BDCCCF88}"
EndProject
Project("{FAE04EC0-301F-11D3-BF4B-00C04F79EFBC}") = "Pi3.Infrastructure.DocumentFormat.OpenXml", "..\\..\\infrastructure\\pi3.infrastructure.documentformat.openxml-main\\Pi3.Infrastructure.DocumentFormat.OpenXml\\Pi3.Infrastructure.DocumentFormat.OpenXml.csproj", "{003B929B-8738-4F7B-ADF8-5491EF85CCED}"
EndProject
Project("{FAE04EC0-301F-11D3-BF4B-00C04F79EFBC}") = "StampaPDF", "StampaPDF\\StampaPDF.csproj", "{2E2B154E-79C3-4F99-9474-84B4655037D1}"
EndProject
Project("{FAE04EC0-301F-11D3-BF4B-00C04F79EFBC}") = "DocsPaPwdServices", "DocsPaPwdServices\\DocsPaPwdServices.csproj", "{F98973DB-7293-4871-A31D-BBB322DD6EA3}"
EndProject
Project("{FAE04EC0-301F-11D3-BF4B-00C04F79EFBC}") = "DocsPaLdapServices", "DocsPaLdapServices\\DocsPaLdapServices.csproj", "{5D04D27A-D6EA-4488-BE0B-020087FD9311}"
EndProject
Project("{FAE04EC0-301F-11D3-BF4B-00C04F79EFBC}") = "DocsPaDocumentale_Interfaces", "DocsPaDocumentale_Interfaces\\DocsPaDocumentale_Interfaces.csproj", "{17CDE7AB-2AA5-446F-9476-C07D2816EF3E}"
EndProject
Project("{FAE04EC0-301F-11D3-BF4B-00C04F79EFBC}") = "DocsPaDocumentale_ETDOCS", "DocsPaDocumentale_ETDOCS\\DocsPaDocumentale_ETDOCS.csproj", "{1330B982-0CFB-4175-8DF8-7111B9B42F4B}"
EndProject
Project("{FAE04EC0-301F-11D3-BF4B-00C04F79EFBC}") = "DocsPaDocumentale", "DocsPaDocumentale\\DocsPaDocumentale.csproj", "{C5490C8E-1B1B-4558-B851-CE50339696E3}"
EndProject
Project("{FAE04EC0-301F-11D3-BF4B-00C04F79EFBC}") = "Pi3.Core", "..\\..\\core\\pi3.core-main\\Pi3.Core\\Pi3.Core.csproj", "{06FBDA5F-75DC-4740-B091-568347F5EB10}"
EndProject
Project("{FAE04EC0-301F-11D3-BF4B-00C04F79EFBC}") = "Pi3.Infrastructure.Tibco", "..\\..\\infrastructure\\pi3.infrastructure.tibco-main\\pi3.infrastructure.tibco-main\\Pi3.Infrastructure.Tibco\\Pi3.Infrastructure.Tibco.csproj", "{ECE83E66-C0C7-4E08-B113-E98A24DFABDD}"
EndProject
Project("{FAE04EC0-301F-11D3-BF4B-00C04F79EFBC}") = "DocsPaDigitalSignature", "DocsPaDigitalSignature\\DocsPaDigitalSignature.csproj", "{8B3CBCFF-820C-4F4C-85C2-ED9EC444F470}"
EndProject
Project("{FAE04EC0-301F-11D3-BF4B-00C04F79EFBC}") = "DocsPaDbManagement_ORACLE", "DocsPaDbManagement_ORACLE\\DocsPaDbManagement_ORACLE.csproj", "{9B70A1BD-7DAA-43F9-AF21-6D257527C920}"
EndProject
Project("{FAE04EC0-301F-11D3-BF4B-00C04F79EFBC}") = "DocsPaVO", "DocsPaVO\\DocsPaVO.csproj", "{7EE0D920-D330-4B75-80D4-B77BC7052F23}"
EndProject
Project("{FAE04EC0-301F-11D3-BF4B-00C04F79EFBC}") = "DocsPaUtils", "DocsPaUtils\\DocsPaUtils.csproj", "{A2D0372C-EE0C-4490-A2E9-2821465E33FD}"
EndProject
Project("{FAE04EC0-301F-11D3-BF4B-00C04F79EFBC}") = "DocsPaDB.Transactions", "DocsPaDB.Transactions\\DocsPaDB.Transactions.csproj", "{09F6751C-AE65-405F-8629-B5FCC081088F}"
EndProject
Project("{FAE04EC0-301F-11D3-BF4B-00C04F79EFBC}") = "DocsPaDB", "DocsPaDB\\DocsPaDB.csproj", "{85083958-3FB7-412F-A6AA-136111807B22}"
EndProject
Project("{FAE04EC0-301F-11D3-BF4B-00C04F79EFBC}") = "DocsPaAS400", "DocsPaAS400\\DocsPaAS400.csproj", "{94C46B58-4AC6-40DA-B5B0-044D198310AC}"
EndProject
Project("{FAE04EC0-301F-11D3-BF4B-00C04F79EFBC}") = "BusinessLogic", "BusinessLogic\\BusinessLogic.csproj", "{45F0255C-E1D6-41A5-8F86-8DA7F60F3FF1}"
EndProject
# Visual Studio Version 17
VisualStudioVersion = 17.8.34408.163
MinimumVisualStudioVersion = 10.0.40219.1
Global
	GlobalSection(SolutionConfigurationPlatforms) = preSolution
		Debug|Any CPU = Debug|Any CPU
		Release|Any CPU = Release|Any CPU
	EndGlobalSection
	GlobalSection(ProjectConfigurationPlatforms) = postSolution
		{8AAE0A94-35D2-4720-BA68-3F914FA0D3D0}.Debug|Any CPU.ActiveCfg = Debug|Any CPU
		{8AAE0A94-35D2-4720-BA68-3F914FA0D3D0}.Debug|Any CPU.Build.0 = Debug|Any CPU
		{8AAE0A94-35D2-4720-BA68-3F914FA0D3D0}.Release|Any CPU.ActiveCfg = Release|Any CPU
		{8AAE0A94-35D2-4720-BA68-3F914FA0D3D0}.Release|Any CPU.Build.0 = Release|Any CPU
		{04DDF3F0-399E-44B6-BC63-3DA3B3F00201}.Debug|Any CPU.ActiveCfg = Debug|Any CPU
		{04DDF3F0-399E-44B6-BC63-3DA3B3F00201}.Debug|Any CPU.Build.0 = Debug|Any CPU
		{04DDF3F0-399E-44B6-BC63-3DA3B3F00201}.Release|Any CPU.ActiveCfg = Release|Any CPU
		{04DDF3F0-399E-44B6-BC63-3DA3B3F00201}.Release|Any CPU.Build.0 = Release|Any CPU
		{EDB9757F-0550-4E60-A9C7-B50E05EB69D1}.Debug|Any CPU.ActiveCfg = Debug|Any CPU
		{EDB9757F-0550-4E60-A9C7-B50E05EB69D1}.Debug|Any CPU.Build.0 = Debug|Any CPU
		{EDB9757F-0550-4E60-A9C7-B50E05EB69D1}.Release|Any CPU.ActiveCfg = Release|Any CPU
		{EDB9757F-0550-4E60-A9C7-B50E05EB69D1}.Release|Any CPU.Build.0 = Release|Any CPU
		{3305E409-2F58-419B-B577-FE4DACEC0D8D}.Debug|Any CPU.ActiveCfg = Debug|Any CPU
		{3305E409-2F58-419B-B577-FE4DACEC0D8D}.Debug|Any CPU.Build.0 = Debug|Any CPU
		{3305E409-2F58-419B-B577-FE4DACEC0D8D}.Release|Any CPU.ActiveCfg = Release|Any CPU
		{3305E409-2F58-419B-B577-FE4DACEC0D8D}.Release|Any CPU.Build.0 = Release|Any CPU
		{A732F937-E973-49C4-8010-52EF3E93C087}.Debug|Any CPU.ActiveCfg = Debug|Any CPU
		{A732F937-E973-49C4-8010-52EF3E93C087}.Debug|Any CPU.Build.0 = Debug|Any CPU
		{A732F937-E973-49C4-8010-52EF3E93C087}.Release|Any CPU.ActiveCfg = Release|Any CPU
		{A732F937-E973-49C4-8010-52EF3E93C087}.Release|Any CPU.Build.0 = Release|Any CPU
		{E6E20741-9190-449C-986B-F58E37C2BCF1}.Debug|Any CPU.ActiveCfg = Debug|Any CPU
		{E6E20741-9190-449C-986B-F58E37C2BCF1}.Debug|Any CPU.Build.0 = Debug|Any CPU
		{E6E20741-9190-449C-986B-F58E37C2BCF1}.Release|Any CPU.ActiveCfg = Release|Any CPU
		{E6E20741-9190-449C-986B-F58E37C2BCF1}.Release|Any CPU.Build.0 = Release|Any CPU
		{1308C6A9-3576-4884-A714-4679DD602AAE}.Debug|Any CPU.ActiveCfg = Debug|Any CPU
		{1308C6A9-3576-4884-A714-4679DD602AAE}.Debug|Any CPU.Build.0 = Debug|Any CPU
		{1308C6A9-3576-4884-A714-4679DD602AAE}.Release|Any CPU.ActiveCfg = Release|Any CPU
		{1308C6A9-3576-4884-A714-4679DD602AAE}.Release|Any CPU.Build.0 = Release|Any CPU
		{D2FF16B9-247C-4526-B95A-339DA776310D}.Debug|Any CPU.ActiveCfg = Debug|Any CPU
		{D2FF16B9-247C-4526-B95A-339DA776310D}.Debug|Any CPU.Build.0 = Debug|Any CPU
		{D2FF16B9-247C-4526-B95A-339DA776310D}.Release|Any CPU.ActiveCfg = Release|Any CPU
		{D2FF16B9-247C-4526-B95A-339DA776310D}.Release|Any CPU.Build.0 = Release|Any CPU
		{110B9161-9467-4B2F-B209-7AC3AAD80750}.Debug|Any CPU.ActiveCfg = Debug|Any CPU
		{110B9161-9467-4B2F-B209-7AC3AAD80750}.Debug|Any CPU.Build.0 = Debug|Any CPU
		{110B9161-9467-4B2F-B209-7AC3AAD80750}.Release|Any CPU.ActiveCfg = Release|Any CPU
		{110B9161-9467-4B2F-B209-7AC3AAD80750}.Release|Any CPU.Build.0 = Release|Any CPU
		{80864FF6-1BB3-4A63-AB10-7A22AE1E2505}.Debug|Any CPU.ActiveCfg = Debug|Any CPU
		{80864FF6-1BB3-4A63-AB10-7A22AE1E2505}.Debug|Any CPU.Build.0 = Debug|Any CPU
		{80864FF6-1BB3-4A63-AB10-7A22AE1E2505}.Release|Any CPU.ActiveCfg = Release|Any CPU
		{80864FF6-1BB3-4A63-AB10-7A22AE1E2505}.Release|Any CPU.Build.0 = Release|Any CPU
		{6CD8FC4C-CCD7-47DD-B316-AC7644FC7764}.Debug|Any CPU.ActiveCfg = Debug|Any CPU
		{6CD8FC4C-CCD7-47DD-B316-AC7644FC7764}.Debug|Any CPU.Build.0 = Debug|Any CPU
		{6CD8FC4C-CCD7-47DD-B316-AC7644FC7764}.Release|Any CPU.ActiveCfg = Release|Any CPU
		{6CD8FC4C-CCD7-47DD-B316-AC7644FC7764}.Release|Any CPU.Build.0 = Release|Any CPU
		{A24AE811-2E1D-44C4-80E3-EDB3F7ECAB36}.Debug|Any CPU.ActiveCfg = Debug|Any CPU
		{A24AE811-2E1D-44C4-80E3-EDB3F7ECAB36}.Debug|Any CPU.Build.0 = Debug|Any CPU
		{A24AE811-2E1D-44C4-80E3-EDB3F7ECAB36}.Release|Any CPU.ActiveCfg = Release|Any CPU
		{A24AE811-2E1D-44C4-80E3-EDB3F7ECAB36}.Release|Any CPU.Build.0 = Release|Any CPU
		{00C3533E-BC21-4218-A2EA-B9E6A13720FF}.Debug|Any CPU.ActiveCfg = Debug|Any CPU
		{00C3533E-BC21-4218-A2EA-B9E6A13720FF}.Debug|Any CPU.Build.0 = Debug|Any CPU
		{00C3533E-BC21-4218-A2EA-B9E6A13720FF}.Release|Any CPU.ActiveCfg = Release|Any CPU
		{00C3533E-BC21-4218-A2EA-B9E6A13720FF}.Release|Any CPU.Build.0 = Release|Any CPU
		{CFDDBC2E-5461-4EC1-B8F9-6A5380E89985}.Debug|Any CPU.ActiveCfg = Debug|Any CPU
		{CFDDBC2E-5461-4EC1-B8F9-6A5380E89985}.Debug|Any CPU.Build.0 = Debug|Any CPU
		{CFDDBC2E-5461-4EC1-B8F9-6A5380E89985}.Release|Any CPU.ActiveCfg = Release|Any CPU
		{CFDDBC2E-5461-4EC1-B8F9-6A5380E89985}.Release|Any CPU.Build.0 = Release|Any CPU
		{9FE0BAA9-5AA7-4DF2-9799-CDF0AF85F164}.Debug|Any CPU.ActiveCfg = Debug|Any CPU
		{9FE0BAA9-5AA7-4DF2-9799-CDF0AF85F164}.Debug|Any CPU.Build.0 = Debug|Any CPU
		{9FE0BAA9-5AA7-4DF2-9799-CDF0AF85F164}.Release|Any CPU.ActiveCfg = Release|Any CPU
		{9FE0BAA9-5AA7-4DF2-9799-CDF0AF85F164}.Release|Any CPU.Build.0 = Release|Any CPU
		{FE7551E9-6146-4D65-8619-6A55343BBF19}.Debug|Any CPU.ActiveCfg = Debug|Any CPU
		{FE7551E9-6146-4D65-8619-6A55343BBF19}.Debug|Any CPU.Build.0 = Debug|Any CPU
		{FE7551E9-6146-4D65-8619-6A55343BBF19}.Release|Any CPU.ActiveCfg = Release|Any CPU
		{FE7551E9-6146-4D65-8619-6A55343BBF19}.Release|Any CPU.Build.0 = Release|Any CPU
		{07582C56-0788-45DC-B8E7-AE48C6D3F457}.Debug|Any CPU.ActiveCfg = Debug|Any CPU
		{07582C56-0788-45DC-B8E7-AE48C6D3F457}.Debug|Any CPU.Build.0 = Debug|Any CPU
		{07582C56-0788-45DC-B8E7-AE48C6D3F457}.Release|Any CPU.ActiveCfg = Release|Any CPU
		{07582C56-0788-45DC-B8E7-AE48C6D3F457}.Release|Any CPU.Build.0 = Release|Any CPU
		{7F328A5B-6FCF-4FFB-9145-65EA0AFA3AAB}.Debug|Any CPU.ActiveCfg = Debug|Any CPU
		{7F328A5B-6FCF-4FFB-9145-65EA0AFA3AAB}.Debug|Any CPU.Build.0 = Debug|Any CPU
		{7F328A5B-6FCF-4FFB-9145-65EA0AFA3AAB}.Release|Any CPU.ActiveCfg = Release|Any CPU
		{7F328A5B-6FCF-4FFB-9145-65EA0AFA3AAB}.Release|Any CPU.Build.0 = Release|Any CPU
		{1480A8AE-A9AF-4B9B-9BB4-FD1637353AF4}.Debug|Any CPU.ActiveCfg = Debug|Any CPU
		{1480A8AE-A9AF-4B9B-9BB4-FD1637353AF4}.Debug|Any CPU.Build.0 = Debug|Any CPU
		{1480A8AE-A9AF-4B9B-9BB4-FD1637353AF4}.Release|Any CPU.ActiveCfg = Release|Any CPU
		{1480A8AE-A9AF-4B9B-9BB4-FD1637353AF4}.Release|Any CPU.Build.0 = Release|Any CPU
		{5CDD7B54-C5B4-4825-B7B8-63D3D87571D0}.Debug|Any CPU.ActiveCfg = Debug|Any CPU
		{5CDD7B54-C5B4-4825-B7B8-63D3D87571D0}.Debug|Any CPU.Build.0 = Debug|Any CPU
		{5CDD7B54-C5B4-4825-B7B8-63D3D87571D0}.Release|Any CPU.ActiveCfg = Release|Any CPU
		{5CDD7B54-C5B4-4825-B7B8-63D3D87571D0}.Release|Any CPU.Build.0 = Release|Any CPU
	EndGlobalSection
	GlobalSection(SolutionProperties) = preSolution
		HideSolutionNode = FALSE
	EndGlobalSection
	GlobalSection(NestedProjects) = preSolution
		{1308C6A9-3576-4884-A714-4679DD602AAE} = {50C7D07B-23CD-429E-93E2-7B2022277B40}
		{D2FF16B9-247C-4526-B95A-339DA776310D} = {50C7D07B-23CD-429E-93E2-7B2022277B40}
		{110B9161-9467-4B2F-B209-7AC3AAD80750} = {50C7D07B-23CD-429E-93E2-7B2022277B40}
		{80864FF6-1BB3-4A63-AB10-7A22AE1E2505} = {F15E9009-B841-4B96-A8B4-D40F337F414D}
		{6CD8FC4C-CCD7-47DD-B316-AC7644FC7764} = {F15E9009-B841-4B96-A8B4-D40F337F414D}
		{00C3533E-BC21-4218-A2EA-B9E6A13720FF} = {261D16AE-EC6E-4791-A059-B1F5113D8425}
		{CFDDBC2E-5461-4EC1-B8F9-6A5380E89985} = {261D16AE-EC6E-4791-A059-B1F5113D8425}
		{9FE0BAA9-5AA7-4DF2-9799-CDF0AF85F164} = {261D16AE-EC6E-4791-A059-B1F5113D8425}
		{FE7551E9-6146-4D65-8619-6A55343BBF19} = {261D16AE-EC6E-4791-A059-B1F5113D8425}
		{07582C56-0788-45DC-B8E7-AE48C6D3F457} = {261D16AE-EC6E-4791-A059-B1F5113D8425}
		{7F328A5B-6FCF-4FFB-9145-65EA0AFA3AAB} = {261D16AE-EC6E-4791-A059-B1F5113D8425}
		{1480A8AE-A9AF-4B9B-9BB4-FD1637353AF4} = {261D16AE-EC6E-4791-A059-B1F5113D8425}
		{5CDD7B54-C5B4-4825-B7B8-63D3D87571D0} = {261D16AE-EC6E-4791-A059-B1F5113D8425}
	EndGlobalSection
	GlobalSection(ExtensibilityGlobals) = postSolution
		SolutionGuid = {7371E5AC-AE97-44F2-9176-DD96F3E1B6C8}
	EndGlobalSection
EndGlobal
