
Microsoft Visual Studio Solution File, Format Version 12.00
Project("{FAE04EC0-301F-11D3-BF4B-00C04F79EFBC}") = "Pi3.App.Uploader.WebApi.Tests", "Pi3.App.Uploader.WebApi.Tests\\Pi3.App.Uploader.WebApi.Tests.csproj", "{2BD1AB2D-7268-4287-A880-86617CB851F6}"
EndProject
Project("{FAE04EC0-301F-11D3-BF4B-00C04F79EFBC}") = "Pi3.Infrastructure.Legacy.UploaderFS", "..\\..\\infrastructure\\pi3.infrastructure.legacy\\Pi3.Infrastructure.Legacy.UploaderFS\\Pi3.Infrastructure.Legacy.UploaderFS.csproj", "{A39F7076-D95F-4688-B70F-3C841ED41AAE}"
EndProject
Project("{FAE04EC0-301F-11D3-BF4B-00C04F79EFBC}") = "Pi3.Infrastructure.Legacy.EF.Services", "..\\..\\infrastructure\\pi3.infrastructure.legacy\\Pi3.Infrastructure.Legacy.EF.Services\\Pi3.Infrastructure.Legacy.EF.Services.csproj", "{FAAE1583-6A3D-430F-B28E-E67DD59528E6}"
EndProject
Project("{FAE04EC0-301F-11D3-BF4B-00C04F79EFBC}") = "Pi3.Core", "..\\..\\core\\pi3.core\\Pi3.Core\\Pi3.Core.csproj", "{1D56D484-C6C5-4888-AB67-8518CC1DEF32}"
EndProject
Project("{FAE04EC0-301F-11D3-BF4B-00C04F79EFBC}") = "Pi3.Infrastructure.Legacy.EF.Entities", "..\\..\\infrastructure\\pi3.infrastructure.legacy\\Pi3.Infrastructure.Legacy.EF.Entities\\Pi3.Infrastructure.Legacy.EF.Entities.csproj", "{4BB0DE51-D415-4F77-9768-3FA5DA6A6A5A}"
EndProject
Project("{FAE04EC0-301F-11D3-BF4B-00C04F79EFBC}") = "Pi3.Infrastructure.Legacy.EF.Oracle", "..\\..\\infrastructure\\pi3.infrastructure.legacy\\Pi3.Infrastructure.Legacy.EF.Oracle\\Pi3.Infrastructure.Legacy.EF.Oracle.csproj", "{540C90F0-CF4A-454E-BE30-0D316F867EDD}"
EndProject
Project("{FAE04EC0-301F-11D3-BF4B-00C04F79EFBC}") = "Pi3.Infrastructure.AAC", "..\\..\\infrastructure\\pi3.infrastructure.aac\\Pi3.Infrastructure.AAC\\Pi3.Infrastructure.AAC.csproj", "{8F9E03B3-076B-42F1-8724-02F90A538DE0}"
EndProject
Project("{FAE04EC0-301F-11D3-BF4B-00C04F79EFBC}") = "Pi3.App.Uploader.WebApi", "Pi3.App.Uploader.WebApi\\Pi3.App.Uploader.WebApi.csproj", "{440DAE09-2BE7-48CE-98C3-44A9EEEDF5D5}"
EndProject
# Visual Studio Version 17
VisualStudioVersion = 17.9.34728.123
MinimumVisualStudioVersion = 10.0.40219.1
Global
	GlobalSection(SolutionConfigurationPlatforms) = preSolution
		Debug|Any CPU = Debug|Any CPU
		Release|Any CPU = Release|Any CPU
	EndGlobalSection
	GlobalSection(ProjectConfigurationPlatforms) = postSolution
		{42F4524B-DEA6-4B12-A27D-C6E595FDC9E6}.Debug|Any CPU.ActiveCfg = Debug|Any CPU
		{42F4524B-DEA6-4B12-A27D-C6E595FDC9E6}.Debug|Any CPU.Build.0 = Debug|Any CPU
		{42F4524B-DEA6-4B12-A27D-C6E595FDC9E6}.Release|Any CPU.ActiveCfg = Release|Any CPU
		{42F4524B-DEA6-4B12-A27D-C6E595FDC9E6}.Release|Any CPU.Build.0 = Release|Any CPU
		{8998AD2A-C67A-49C6-BDEB-AAD8F1FA1C2D}.Debug|Any CPU.ActiveCfg = Debug|Any CPU
		{8998AD2A-C67A-49C6-BDEB-AAD8F1FA1C2D}.Debug|Any CPU.Build.0 = Debug|Any CPU
		{8998AD2A-C67A-49C6-BDEB-AAD8F1FA1C2D}.Release|Any CPU.ActiveCfg = Release|Any CPU
		{8998AD2A-C67A-49C6-BDEB-AAD8F1FA1C2D}.Release|Any CPU.Build.0 = Release|Any CPU
	EndGlobalSection
	GlobalSection(SolutionProperties) = preSolution
		HideSolutionNode = FALSE
	EndGlobalSection
	GlobalSection(ExtensibilityGlobals) = postSolution
		SolutionGuid = {7F95D63A-44FB-4702-9444-8C12100D967B}
	EndGlobalSection
EndGlobal
