
Microsoft Visual Studio Solution File, Format Version 12.00
Project("{FAE04EC0-301F-11D3-BF4B-00C04F79EFBC}") = "Pi3.Infrastructure.Legacy.UploaderFS", "..\\..\\infrastructure\\pi3.infrastructure.legacy-main\\Pi3.Infrastructure.Legacy.UploaderFS\\Pi3.Infrastructure.Legacy.UploaderFS.csproj", "{1E299322-936B-42AF-A902-2F288125EA9A}"
EndProject
Project("{FAE04EC0-301F-11D3-BF4B-00C04F79EFBC}") = "Pi3.Infrastructure.Legacy.EF.Services", "..\\..\\infrastructure\\pi3.infrastructure.legacy-main\\Pi3.Infrastructure.Legacy.EF.Services\\Pi3.Infrastructure.Legacy.EF.Services.csproj", "{F5453B04-493F-409B-B1DF-C585FAFF024C}"
EndProject
Project("{FAE04EC0-301F-11D3-BF4B-00C04F79EFBC}") = "Pi3.Core", "..\\..\\core\\pi3.core-main\\Pi3.Core\\Pi3.Core.csproj", "{4055A423-54D3-4467-B71B-179345C06944}"
EndProject
Project("{FAE04EC0-301F-11D3-BF4B-00C04F79EFBC}") = "Pi3.Infrastructure.Legacy.EF.Entities", "..\\..\\infrastructure\\pi3.infrastructure.legacy-main\\Pi3.Infrastructure.Legacy.EF.Entities\\Pi3.Infrastructure.Legacy.EF.Entities.csproj", "{77463EA3-B5F3-4ACF-A708-6678B77B3A61}"
EndProject
Project("{FAE04EC0-301F-11D3-BF4B-00C04F79EFBC}") = "Pi3.Infrastructure.Legacy.EF.Oracle", "..\\..\\infrastructure\\pi3.infrastructure.legacy-main\\Pi3.Infrastructure.Legacy.EF.Oracle\\Pi3.Infrastructure.Legacy.EF.Oracle.csproj", "{57439BEA-1EFA-4EC4-AABF-98E2947DE939}"
EndProject
Project("{FAE04EC0-301F-11D3-BF4B-00C04F79EFBC}") = "Pi3.Infrastructure.AAC", "..\\..\\infrastructure\\pi3.infrastructure.aac-main\\Pi3.Infrastructure.AAC\\Pi3.Infrastructure.AAC.csproj", "{EF9741C8-16AF-4281-AF00-2A4379463F54}"
EndProject
Project("{FAE04EC0-301F-11D3-BF4B-00C04F79EFBC}") = "Pi3.App.Uploader.WebApi", "Pi3.App.Uploader.WebApi\\Pi3.App.Uploader.WebApi.csproj", "{3A8F80C4-72CD-4599-BA3F-B66CA774812F}"
EndProject
# Visual Studio Version 17
VisualStudioVersion = 17.9.34728.123
MinimumVisualStudioVersion = 10.0.40219.1
Global
	GlobalSection(SolutionConfigurationPlatforms) = preSolution
		Debug|Any CPU = Debug|Any CPU
		Release|Any CPU = Release|Any CPU
	EndGlobalSection
	GlobalSection(ProjectConfigurationPlatforms) = postSolution
		{42F4524B-DEA6-4B12-A27D-C6E595FDC9E6}.Debug|Any CPU.ActiveCfg = Debug|Any CPU
		{42F4524B-DEA6-4B12-A27D-C6E595FDC9E6}.Debug|Any CPU.Build.0 = Debug|Any CPU
		{42F4524B-DEA6-4B12-A27D-C6E595FDC9E6}.Release|Any CPU.ActiveCfg = Release|Any CPU
		{42F4524B-DEA6-4B12-A27D-C6E595FDC9E6}.Release|Any CPU.Build.0 = Release|Any CPU
		{8998AD2A-C67A-49C6-BDEB-AAD8F1FA1C2D}.Debug|Any CPU.ActiveCfg = Debug|Any CPU
		{8998AD2A-C67A-49C6-BDEB-AAD8F1FA1C2D}.Debug|Any CPU.Build.0 = Debug|Any CPU
		{8998AD2A-C67A-49C6-BDEB-AAD8F1FA1C2D}.Release|Any CPU.ActiveCfg = Release|Any CPU
		{8998AD2A-C67A-49C6-BDEB-AAD8F1FA1C2D}.Release|Any CPU.Build.0 = Release|Any CPU
	EndGlobalSection
	GlobalSection(SolutionProperties) = preSolution
		HideSolutionNode = FALSE
	EndGlobalSection
	GlobalSection(ExtensibilityGlobals) = postSolution
		SolutionGuid = {7F95D63A-44FB-4702-9444-8C12100D967B}
	EndGlobalSection
EndGlobal
