
Microsoft Visual Studio Solution File, Format Version 11.00
# Visual Studio 2010
Project("{FAE04EC0-301F-11D3-BF4B-00C04F79EFBC}") = "PISRoutingServiceApplication", "PISRoutingServiceApplication\PISRoutingServiceApplication.csproj", "{35BB5960-E913-4035-A749-8E0A639C0FDB}"
EndProject
Project("{FAE04EC0-301F-11D3-BF4B-00C04F79EFBC}") = "WcfRouting", "WcfRouting\WcfRouting\WcfRouting.csproj", "{FCB801E7-F4C8-4725-980C-049F935C76BD}"
EndProject
Project("{FAE04EC0-301F-11D3-BF4B-00C04F79EFBC}") = "WSDLDownloader", "WSDLDownloader\WSDLDownloader\WSDLDownloader.csproj", "{3A8A854F-ABD0-451F-85C4-C3FC31EA03C1}"
EndProject
Project("{FAE04EC0-301F-11D3-BF4B-00C04F79EFBC}") = "WcfService1", "WsHttpTestServices\WcfService1.csproj", "{FC41761C-8200-468D-8191-675324C10972}"
EndProject
Global
	GlobalSection(TeamFoundationVersionControl) = preSolution
		SccNumberOfProjects = 5
		SccEnterpriseProvider = {4CA58AB2-18FA-4F8D-95D4-32DDF27D184C}
		SccTeamFoundationServer = http://tfs.intra.infotn.it:8080/tfs/informaticatrentina
		SccProjectUniqueName0 = PISRoutingServiceApplication\\PISRoutingServiceApplication.csproj
		SccProjectName0 = PISRoutingServiceApplication
		SccLocalPath0 = PISRoutingServiceApplication
		SccProjectUniqueName1 = WcfRouting\\WcfRouting\\WcfRouting.csproj
		SccProjectName1 = WcfRouting/WcfRouting
		SccLocalPath1 = WcfRouting\\WcfRouting
		SccProjectUniqueName2 = WSDLDownloader\\WSDLDownloader\\WSDLDownloader.csproj
		SccProjectName2 = WSDLDownloader/WSDLDownloader
		SccLocalPath2 = WSDLDownloader\\WSDLDownloader
		SccProjectUniqueName3 = WsHttpTestServices\\WcfService1.csproj
		SccProjectName3 = WsHttpTestServices
		SccLocalPath3 = WsHttpTestServices
		SccLocalPath4 = .
	EndGlobalSection
	GlobalSection(SolutionConfigurationPlatforms) = preSolution
		Debug|Any CPU = Debug|Any CPU
		Release|Any CPU = Release|Any CPU
	EndGlobalSection
	GlobalSection(ProjectConfigurationPlatforms) = postSolution
		{35BB5960-E913-4035-A749-8E0A639C0FDB}.Debug|Any CPU.ActiveCfg = Debug|Any CPU
		{35BB5960-E913-4035-A749-8E0A639C0FDB}.Debug|Any CPU.Build.0 = Debug|Any CPU
		{35BB5960-E913-4035-A749-8E0A639C0FDB}.Release|Any CPU.ActiveCfg = Release|Any CPU
		{35BB5960-E913-4035-A749-8E0A639C0FDB}.Release|Any CPU.Build.0 = Release|Any CPU
		{FCB801E7-F4C8-4725-980C-049F935C76BD}.Debug|Any CPU.ActiveCfg = Debug|Any CPU
		{FCB801E7-F4C8-4725-980C-049F935C76BD}.Debug|Any CPU.Build.0 = Debug|Any CPU
		{FCB801E7-F4C8-4725-980C-049F935C76BD}.Release|Any CPU.ActiveCfg = Release|Any CPU
		{FCB801E7-F4C8-4725-980C-049F935C76BD}.Release|Any CPU.Build.0 = Release|Any CPU
		{3A8A854F-ABD0-451F-85C4-C3FC31EA03C1}.Debug|Any CPU.ActiveCfg = Debug|Any CPU
		{3A8A854F-ABD0-451F-85C4-C3FC31EA03C1}.Debug|Any CPU.Build.0 = Debug|Any CPU
		{3A8A854F-ABD0-451F-85C4-C3FC31EA03C1}.Release|Any CPU.ActiveCfg = Release|Any CPU
		{3A8A854F-ABD0-451F-85C4-C3FC31EA03C1}.Release|Any CPU.Build.0 = Release|Any CPU
		{FC41761C-8200-468D-8191-675324C10972}.Debug|Any CPU.ActiveCfg = Debug|Any CPU
		{FC41761C-8200-468D-8191-675324C10972}.Debug|Any CPU.Build.0 = Debug|Any CPU
		{FC41761C-8200-468D-8191-675324C10972}.Release|Any CPU.ActiveCfg = Release|Any CPU
		{FC41761C-8200-468D-8191-675324C10972}.Release|Any CPU.Build.0 = Release|Any CPU
	EndGlobalSection
	GlobalSection(SolutionProperties) = preSolution
		HideSolutionNode = FALSE
	EndGlobalSection
EndGlobal
