
Microsoft Visual Studio Solution File, Format Version 12.00
Project("{FAE04EC0-301F-11D3-BF4B-00C04F79EFBC}") = "Pi3.Core", "..\\..\\core\\pi3.core-main\\Pi3.Core\\Pi3.Core.csproj", "{0241685A-AB32-4DCC-9D17-13F4176B480B}"
EndProject
Project("{FAE04EC0-301F-11D3-BF4B-00C04F79EFBC}") = "Pi3.Infrastructure.Graph", "Pi3.Infrastructure.Graph\\Pi3.Infrastructure.Graph.csproj", "{BD8A9E9C-9A16-42DC-91A0-534E66D1A3D5}"
EndProject
# Visual Studio Version 17
VisualStudioVersion = 17.9.34728.123
MinimumVisualStudioVersion = 10.0.40219.1
Global
	GlobalSection(SolutionConfigurationPlatforms) = preSolution
		Debug|Any CPU = Debug|Any CPU
		Release|Any CPU = Release|Any CPU
	EndGlobalSection
	GlobalSection(ProjectConfigurationPlatforms) = postSolution
		{FC176D18-2051-49E3-94EC-45CFB56751DA}.Debug|Any CPU.ActiveCfg = Debug|Any CPU
		{FC176D18-2051-49E3-94EC-45CFB56751DA}.Debug|Any CPU.Build.0 = Debug|Any CPU
		{FC176D18-2051-49E3-94EC-45CFB56751DA}.Release|Any CPU.ActiveCfg = Release|Any CPU
		{FC176D18-2051-49E3-94EC-45CFB56751DA}.Release|Any CPU.Build.0 = Release|Any CPU
		{15F01E8B-38E3-4D07-BAA3-077F10C21226}.Debug|Any CPU.ActiveCfg = Debug|Any CPU
		{15F01E8B-38E3-4D07-BAA3-077F10C21226}.Debug|Any CPU.Build.0 = Debug|Any CPU
		{15F01E8B-38E3-4D07-BAA3-077F10C21226}.Release|Any CPU.ActiveCfg = Release|Any CPU
		{15F01E8B-38E3-4D07-BAA3-077F10C21226}.Release|Any CPU.Build.0 = Release|Any CPU
	EndGlobalSection
	GlobalSection(SolutionProperties) = preSolution
		HideSolutionNode = FALSE
	EndGlobalSection
	GlobalSection(ExtensibilityGlobals) = postSolution
		SolutionGuid = {13DAC836-A384-457A-9C65-2583831D70A8}
	EndGlobalSection
EndGlobal
