
Microsoft Visual Studio Solution File, Format Version 12.00
Project("{FAE04EC0-301F-11D3-BF4B-00C04F79EFBC}") = "Pi3.Core", "..\\..\\core\\pi3.core-main\\Pi3.Core\\Pi3.Core.csproj", "{9B46BE2F-545A-45D4-B244-D4CCEFFB9165}"
EndProject
Project("{FAE04EC0-301F-11D3-BF4B-00C04F79EFBC}") = "Pi3.Infrastructure.BouncyCastle", "Pi3.Infrastructure.BouncyCastle\\Pi3.Infrastructure.BouncyCastle.csproj", "{E189CCD1-4849-4642-B5BF-BEA1BC7D2067}"
EndProject
# Visual Studio Version 17
VisualStudioVersion = 17.3.32804.467
MinimumVisualStudioVersion = 10.0.40219.1
Global
	GlobalSection(SolutionConfigurationPlatforms) = preSolution
		Debug|Any CPU = Debug|Any CPU
		Release|Any CPU = Release|Any CPU
	EndGlobalSection
	GlobalSection(ProjectConfigurationPlatforms) = postSolution
		{D3EE252D-64E0-4992-B2EE-6B00E5A13390}.Debug|Any CPU.ActiveCfg = Debug|Any CPU
		{D3EE252D-64E0-4992-B2EE-6B00E5A13390}.Debug|Any CPU.Build.0 = Debug|Any CPU
		{D3EE252D-64E0-4992-B2EE-6B00E5A13390}.Release|Any CPU.ActiveCfg = Release|Any CPU
		{D3EE252D-64E0-4992-B2EE-6B00E5A13390}.Release|Any CPU.Build.0 = Release|Any CPU
		{1B195530-20DF-4DB0-A3A5-441E2E0A8C64}.Debug|Any CPU.ActiveCfg = Debug|Any CPU
		{1B195530-20DF-4DB0-A3A5-441E2E0A8C64}.Debug|Any CPU.Build.0 = Debug|Any CPU
		{1B195530-20DF-4DB0-A3A5-441E2E0A8C64}.Release|Any CPU.ActiveCfg = Release|Any CPU
		{1B195530-20DF-4DB0-A3A5-441E2E0A8C64}.Release|Any CPU.Build.0 = Release|Any CPU
	EndGlobalSection
	GlobalSection(SolutionProperties) = preSolution
		HideSolutionNode = FALSE
	EndGlobalSection
	GlobalSection(ExtensibilityGlobals) = postSolution
		SolutionGuid = {8A754CE0-F17A-4E40-B7C6-B4568E2AB836}
	EndGlobalSection
	GlobalSection(TeamFoundationVersionControl) = preSolution
		SccNumberOfProjects = 3
		SccEnterpriseProvider = {4CA58AB2-18FA-4F8D-95D4-32DDF27D184C}
		SccTeamFoundationServer = http://10.166.17.51:8080/tfs/baseline
		SccLocalPath0 = .
		SccProjectUniqueName1 = Pi3.Infrastructure.BouncyCastle.Test\\Pi3.Infrastructure.BouncyCastle.Test.csproj
		SccProjectName1 = Pi3.Infrastructure.BouncyCastle.Test
		SccLocalPath1 = Pi3.Infrastructure.BouncyCastle.Test
		SccProjectUniqueName2 = Pi3.Infrastructure.BouncyCastle\\Pi3.Infrastructure.BouncyCastle.csproj
		SccProjectName2 = Pi3.Infrastructure.BouncyCastle
		SccLocalPath2 = Pi3.Infrastructure.BouncyCastle
	EndGlobalSection
EndGlobal
