
Microsoft Visual Studio Solution File, Format Version 12.00
Project("{FAE04EC0-301F-11D3-BF4B-00C04F79EFBC}") = "Pi3.Infrastructure.Legacy.EF.AggregazioneDocumentaleAggregate", "..\\..\\infrastructure\\pi3.infrastructure.legacy-main\\Pi3.Infrastructure.Legacy.EF.AggregazioneDocumentale\\Pi3.Infrastructure.Legacy.EF.AggregazioneDocumentaleAggregate.csproj", "{CCCD99FE-EFEB-4E23-85EB-68A63CAC72CF}"
EndProject
Project("{FAE04EC0-301F-11D3-BF4B-00C04F79EFBC}") = "Pi3.Infrastructure.BouncyCastle", "..\\..\\infrastructure\\pi3.infrastructure.bouncycastle-main\\Pi3.Infrastructure.BouncyCastle\\Pi3.Infrastructure.BouncyCastle.csproj", "{592F1775-7D66-43D0-B34D-E3756A21E4FB}"
EndProject
Project("{FAE04EC0-301F-11D3-BF4B-00C04F79EFBC}") = "Pi3.Core.AggregazioneDocumentaleAggregate", "..\\..\\core\\pi3.core-main\\Pi3.Core.AggregazioneDocumentaleAggregate\\Pi3.Core.AggregazioneDocumentaleAggregate.csproj", "{5646016F-5F84-4C17-B5CD-CD38F9C26FFF}"
EndProject
Project("{FAE04EC0-301F-11D3-BF4B-00C04F79EFBC}") = "Pi3.Infrastructure.ParER", "..\\..\\infrastructure\\pi3.infrastructure.parer-main\\Pi3.Infrastructure.ParER\\Pi3.Infrastructure.ParER.csproj", "{3895417E-8AB5-42FC-AF41-C0DB13346704}"
EndProject
Project("{FAE04EC0-301F-11D3-BF4B-00C04F79EFBC}") = "Pi3.Infrastructure.Legacy.EF.Services", "..\\..\\infrastructure\\pi3.infrastructure.legacy-main\\Pi3.Infrastructure.Legacy.EF.Services\\Pi3.Infrastructure.Legacy.EF.Services.csproj", "{AE20DA2B-B0C9-4F9E-9938-3CD251368141}"
EndProject
Project("{FAE04EC0-301F-11D3-BF4B-00C04F79EFBC}") = "Pi3.Infrastructure.Legacy.EF.Oracle", "..\\..\\infrastructure\\pi3.infrastructure.legacy-main\\Pi3.Infrastructure.Legacy.EF.Oracle\\Pi3.Infrastructure.Legacy.EF.Oracle.csproj", "{475DA31A-334F-4FE6-9095-9C3C4E0426AD}"
EndProject
Project("{FAE04EC0-301F-11D3-BF4B-00C04F79EFBC}") = "Pi3.Infrastructure.Legacy.EF.Entities", "..\\..\\infrastructure\\pi3.infrastructure.legacy-main\\Pi3.Infrastructure.Legacy.EF.Entities\\Pi3.Infrastructure.Legacy.EF.Entities.csproj", "{A6534C6A-BA3F-418A-827B-17AEB90040AE}"
EndProject
Project("{FAE04EC0-301F-11D3-BF4B-00C04F79EFBC}") = "Pi3.Core.DocumentAggregate", "..\\..\\core\\pi3.core-main\\Pi3.Core.DocumentAggregate\\Pi3.Core.DocumentAggregate.csproj", "{09B2AEEC-E8D7-43C6-BE61-AC8EBB87BE4E}"
EndProject
Project("{FAE04EC0-301F-11D3-BF4B-00C04F79EFBC}") = "Pi3.Core.DocumentoAmministrativoAggregate", "..\\..\\core\\pi3.core-main\\Pi3.Core.DocumentoAmministrativoAggregate\\Pi3.Core.DocumentoAmministrativoAggregate.csproj", "{6EC6ECBB-064F-4690-9DE5-99C1F673661D}"
EndProject
Project("{FAE04EC0-301F-11D3-BF4B-00C04F79EFBC}") = "Pi3.Infrastructure.Legacy.EF.DocumentoAmministrativoAggregate", "..\\..\\infrastructure\\pi3.infrastructure.legacy-main\\Pi3.Infrastructure.Legacy.EF.DocumentoAmministrativo\\Pi3.Infrastructure.Legacy.EF.DocumentoAmministrativoAggregate.csproj", "{275CAB8D-8805-464A-AD69-B78353CB935F}"
EndProject
Project("{FAE04EC0-301F-11D3-BF4B-00C04F79EFBC}") = "Pi3.Core.ElementAggregate", "..\\..\\core\\pi3.core-main\\Pi3.Core.ElementAggregate\\Pi3.Core.ElementAggregate.csproj", "{1325C507-E4EE-4000-AACD-A47A38E6DC08}"
EndProject
Project("{FAE04EC0-301F-11D3-BF4B-00C04F79EFBC}") = "Pi3.Core.ContentElementAggregate", "..\\..\\core\\pi3.core-main\\Pi3.Core.ContentElementAggregate\\Pi3.Core.ContentElementAggregate.csproj", "{FD6F47D5-17C4-48E5-9D79-E85FF06F0491}"
EndProject
Project("{FAE04EC0-301F-11D3-BF4B-00C04F79EFBC}") = "Pi3.Core.DocumentBlobAggregate", "..\\..\\core\\pi3.core-main\\Pi3.Core.DocumentBlobAggregate\\Pi3.Core.DocumentBlobAggregate.csproj", "{034A5E3E-EFD6-416D-BFCF-6FB7081A69BE}"
EndProject
Project("{FAE04EC0-301F-11D3-BF4B-00C04F79EFBC}") = "Pi3.Infrastructure.Legacy.DocumentFSRepository", "..\\..\\infrastructure\\pi3.infrastructure.legacy-main\\Pi3.Infrastructure.Legacy.DocumentFSRepository\\Pi3.Infrastructure.Legacy.DocumentFSRepository.csproj", "{0646D1D5-A67F-4454-8AFB-CC38D194BD2D}"
EndProject
Project("{FAE04EC0-301F-11D3-BF4B-00C04F79EFBC}") = "Pi3.Infrastructure.IText.ReportGenerator", "..\\..\\infrastructure\\pi3.infrastructure.itext-main\\Pi3.Infrastructure.IText.ReportGenerator\\Pi3.Infrastructure.IText.ReportGenerator.csproj", "{A2169BCF-5BC4-4E6D-AA80-33646242362C}"
EndProject
Project("{FAE04EC0-301F-11D3-BF4B-00C04F79EFBC}") = "Pi3.Core", "..\\..\\core\\pi3.core-main\\Pi3.Core\\Pi3.Core.csproj", "{FF8F73C7-D4D4-4231-9734-E5CE4E34BE62}"
EndProject
Project("{FAE04EC0-301F-11D3-BF4B-00C04F79EFBC}") = "Pi3.Infrastructure.Chilkat", "..\\..\\infrastructure\\pi3.infrastructure.chilkat-main\\Pi3.Infrastructure.Chilkat\\Pi3.Infrastructure.Chilkat.csproj", "{0BF9A63C-FE64-4A27-8A57-9CC8FEFD9A44}"
EndProject
Project("{FAE04EC0-301F-11D3-BF4B-00C04F79EFBC}") = "Pi3.App.StampaRegistri.Batch", "Pi3.App.StampaRegistri.Batch\\Pi3.App.StampaRegistri.Batch.csproj", "{AFC89D19-DAAD-460E-98B0-A4BADE58C474}"
EndProject
# Visual Studio Version 17
VisualStudioVersion = 17.3.32804.467
MinimumVisualStudioVersion = 10.0.40219.1
Global
	GlobalSection(SolutionConfigurationPlatforms) = preSolution
		Debug|Any CPU = Debug|Any CPU
		Release|Any CPU = Release|Any CPU
	EndGlobalSection
	GlobalSection(ProjectConfigurationPlatforms) = postSolution
		{2F696AC9-D223-4004-93D0-946EC8F55D0B}.Debug|Any CPU.ActiveCfg = Debug|Any CPU
		{2F696AC9-D223-4004-93D0-946EC8F55D0B}.Debug|Any CPU.Build.0 = Debug|Any CPU
		{2F696AC9-D223-4004-93D0-946EC8F55D0B}.Release|Any CPU.ActiveCfg = Release|Any CPU
		{2F696AC9-D223-4004-93D0-946EC8F55D0B}.Release|Any CPU.Build.0 = Release|Any CPU
		{4982A55F-4CA3-48A8-81A9-120D97C602C8}.Debug|Any CPU.ActiveCfg = Debug|Any CPU
		{4982A55F-4CA3-48A8-81A9-120D97C602C8}.Debug|Any CPU.Build.0 = Debug|Any CPU
		{4982A55F-4CA3-48A8-81A9-120D97C602C8}.Release|Any CPU.ActiveCfg = Release|Any CPU
		{4982A55F-4CA3-48A8-81A9-120D97C602C8}.Release|Any CPU.Build.0 = Release|Any CPU
		{79F78DD1-49BC-44CF-A6BD-4C639DB54E90}.Debug|Any CPU.ActiveCfg = Debug|Any CPU
		{79F78DD1-49BC-44CF-A6BD-4C639DB54E90}.Debug|Any CPU.Build.0 = Debug|Any CPU
		{79F78DD1-49BC-44CF-A6BD-4C639DB54E90}.Release|Any CPU.ActiveCfg = Release|Any CPU
		{79F78DD1-49BC-44CF-A6BD-4C639DB54E90}.Release|Any CPU.Build.0 = Release|Any CPU
	EndGlobalSection
	GlobalSection(SolutionProperties) = preSolution
		HideSolutionNode = FALSE
	EndGlobalSection
	GlobalSection(ExtensibilityGlobals) = postSolution
		SolutionGuid = {E268134F-6A90-4E74-A7EC-A478629490BE}
	EndGlobalSection
EndGlobal
