
Microsoft Visual Studio Solution File, Format Version 11.00
# Visual Studio 2010
Project("{FAE04EC0-301F-11D3-BF4B-00C04F79EFBC}") = "LcServicesEmulator", "LcServicesEmulator\LcServicesEmulator.csproj", "{1ED6052D-281C-49DF-96B1-71745A2A240B}"
EndProject
Project("{FAE04EC0-301F-11D3-BF4B-00C04F79EFBC}") = "LCDocsPaService", "LCDocsPaService\LCDocsPaService\LCDocsPaService.csproj", "{96FDF0D6-4610-453B-AFA2-5C45C811693D}"
EndProject
Project("{FAE04EC0-301F-11D3-BF4B-00C04F79EFBC}") = "FileHandler", "FileHandler\FileHandler.csproj", "{96CF158C-B597-4AD8-ACAF-7AEA57B0DE28}"
EndProject
Project("{FAE04EC0-301F-11D3-BF4B-00C04F79EFBC}") = "ConverterPdfDocsPa", "ConverterPdfDocsPa\ConverterPdfDocsPa.csproj", "{F4FE1932-6DBD-4DB6-B164-AF1AB1371A2D}"
EndProject
Project("{2150E333-8FDC-42A3-9474-1A3956D46DE8}") = "AdlibConnector", "AdlibConnector", "{DB192F25-D5CC-42BD-A2ED-7F40FEC4E634}"
EndProject
Project("{FAE04EC0-301F-11D3-BF4B-00C04F79EFBC}") = "Adlib.Director.DirectorWSAWrapper", "Adlib\Adlib.Director.DirectorWSAWrapper\Adlib.Director.DirectorWSAWrapper.csproj", "{00DE5C09-BAC8-437E-9286-3E04C129B793}"
EndProject
Project("{FAE04EC0-301F-11D3-BF4B-00C04F79EFBC}") = "Adlib.Generic.Connector", "Adlib\Adlib.Generic.Connector\Adlib.Generic.Connector.csproj", "{44B1A65C-4346-4FF2-875A-C669E22147E0}"
EndProject
Project("{FAE04EC0-301F-11D3-BF4B-00C04F79EFBC}") = "AdlibJobManager", "Adlib\AdlibJobManager\AdlibJobManager.csproj", "{6B3C452F-5E1F-4F28-B464-B86153C77A5D}"
EndProject
Project("{FAE04EC0-301F-11D3-BF4B-00C04F79EFBC}") = "SharedFolderManager", "SharedFolderManager\SharedFolderManager.csproj", "{A24955E0-EE66-478F-BCC3-C71A4F9154B4}"
EndProject
Global
	GlobalSection(TeamFoundationVersionControl) = preSolution
		SccNumberOfProjects = 9
		SccEnterpriseProvider = {4CA58AB2-18FA-4F8D-95D4-32DDF27D184C}
		SccTeamFoundationServer = http://lv01097.vtlab.local:9090/tfs/progetti_vtdocs
		SccLocalPath0 = .
		SccProjectUniqueName1 = LCDocsPaService\\LCDocsPaService\\LCDocsPaService.csproj
		SccProjectName1 = LCDocsPaService/LCDocsPaService
		SccLocalPath1 = LCDocsPaService\\LCDocsPaService
		SccProjectUniqueName2 = FileHandler\\FileHandler.csproj
		SccProjectName2 = FileHandler
		SccLocalPath2 = FileHandler
		SccProjectUniqueName3 = ConverterPdfDocsPa\\ConverterPdfDocsPa.csproj
		SccProjectName3 = ConverterPdfDocsPa
		SccLocalPath3 = ConverterPdfDocsPa
		SccProjectUniqueName4 = LcServicesEmulator\\LcServicesEmulator.csproj
		SccProjectName4 = LcServicesEmulator
		SccLocalPath4 = LcServicesEmulator
		SccProjectUniqueName5 = Adlib\\Adlib.Director.DirectorWSAWrapper\\Adlib.Director.DirectorWSAWrapper.csproj
		SccProjectTopLevelParentUniqueName5 = LcHelpers.sln
		SccProjectName5 = Adlib/Adlib.Director.DirectorWSAWrapper
		SccLocalPath5 = Adlib\\Adlib.Director.DirectorWSAWrapper
		SccProjectUniqueName6 = Adlib\\Adlib.Generic.Connector\\Adlib.Generic.Connector.csproj
		SccProjectTopLevelParentUniqueName6 = LcHelpers.sln
		SccProjectName6 = Adlib/Adlib.Generic.Connector
		SccLocalPath6 = Adlib\\Adlib.Generic.Connector
		SccProjectUniqueName7 = Adlib\\AdlibJobManager\\AdlibJobManager.csproj
		SccProjectTopLevelParentUniqueName7 = LcHelpers.sln
		SccProjectName7 = Adlib/AdlibJobManager
		SccLocalPath7 = Adlib\\AdlibJobManager
		SccProjectUniqueName8 = SharedFolderManager\\SharedFolderManager.csproj
		SccProjectName8 = SharedFolderManager
		SccLocalPath8 = SharedFolderManager
	EndGlobalSection
	GlobalSection(SolutionConfigurationPlatforms) = preSolution
		Debug|Any CPU = Debug|Any CPU
		Debug|Mixed Platforms = Debug|Mixed Platforms
		Debug|x86 = Debug|x86
		Release|Any CPU = Release|Any CPU
		Release|Mixed Platforms = Release|Mixed Platforms
		Release|x86 = Release|x86
	EndGlobalSection
	GlobalSection(ProjectConfigurationPlatforms) = postSolution
		{1ED6052D-281C-49DF-96B1-71745A2A240B}.Debug|Any CPU.ActiveCfg = Debug|Any CPU
		{1ED6052D-281C-49DF-96B1-71745A2A240B}.Debug|Any CPU.Build.0 = Debug|Any CPU
		{1ED6052D-281C-49DF-96B1-71745A2A240B}.Debug|Mixed Platforms.ActiveCfg = Debug|Any CPU
		{1ED6052D-281C-49DF-96B1-71745A2A240B}.Debug|Mixed Platforms.Build.0 = Debug|Any CPU
		{1ED6052D-281C-49DF-96B1-71745A2A240B}.Debug|x86.ActiveCfg = Debug|Any CPU
		{1ED6052D-281C-49DF-96B1-71745A2A240B}.Release|Any CPU.ActiveCfg = Release|Any CPU
		{1ED6052D-281C-49DF-96B1-71745A2A240B}.Release|Any CPU.Build.0 = Release|Any CPU
		{1ED6052D-281C-49DF-96B1-71745A2A240B}.Release|Mixed Platforms.ActiveCfg = Release|Any CPU
		{1ED6052D-281C-49DF-96B1-71745A2A240B}.Release|Mixed Platforms.Build.0 = Release|Any CPU
		{1ED6052D-281C-49DF-96B1-71745A2A240B}.Release|x86.ActiveCfg = Release|Any CPU
		{96FDF0D6-4610-453B-AFA2-5C45C811693D}.Debug|Any CPU.ActiveCfg = Debug|x86
		{96FDF0D6-4610-453B-AFA2-5C45C811693D}.Debug|Mixed Platforms.ActiveCfg = Debug|x86
		{96FDF0D6-4610-453B-AFA2-5C45C811693D}.Debug|Mixed Platforms.Build.0 = Debug|x86
		{96FDF0D6-4610-453B-AFA2-5C45C811693D}.Debug|x86.ActiveCfg = Debug|x86
		{96FDF0D6-4610-453B-AFA2-5C45C811693D}.Debug|x86.Build.0 = Debug|x86
		{96FDF0D6-4610-453B-AFA2-5C45C811693D}.Release|Any CPU.ActiveCfg = Release|x86
		{96FDF0D6-4610-453B-AFA2-5C45C811693D}.Release|Mixed Platforms.ActiveCfg = Release|x86
		{96FDF0D6-4610-453B-AFA2-5C45C811693D}.Release|Mixed Platforms.Build.0 = Release|x86
		{96FDF0D6-4610-453B-AFA2-5C45C811693D}.Release|x86.ActiveCfg = Release|x86
		{96FDF0D6-4610-453B-AFA2-5C45C811693D}.Release|x86.Build.0 = Release|x86
		{96CF158C-B597-4AD8-ACAF-7AEA57B0DE28}.Debug|Any CPU.ActiveCfg = Debug|Any CPU
		{96CF158C-B597-4AD8-ACAF-7AEA57B0DE28}.Debug|Any CPU.Build.0 = Debug|Any CPU
		{96CF158C-B597-4AD8-ACAF-7AEA57B0DE28}.Debug|Mixed Platforms.ActiveCfg = Debug|Any CPU
		{96CF158C-B597-4AD8-ACAF-7AEA57B0DE28}.Debug|Mixed Platforms.Build.0 = Debug|Any CPU
		{96CF158C-B597-4AD8-ACAF-7AEA57B0DE28}.Debug|x86.ActiveCfg = Debug|Any CPU
		{96CF158C-B597-4AD8-ACAF-7AEA57B0DE28}.Release|Any CPU.ActiveCfg = Release|Any CPU
		{96CF158C-B597-4AD8-ACAF-7AEA57B0DE28}.Release|Any CPU.Build.0 = Release|Any CPU
		{96CF158C-B597-4AD8-ACAF-7AEA57B0DE28}.Release|Mixed Platforms.ActiveCfg = Release|Any CPU
		{96CF158C-B597-4AD8-ACAF-7AEA57B0DE28}.Release|Mixed Platforms.Build.0 = Release|Any CPU
		{96CF158C-B597-4AD8-ACAF-7AEA57B0DE28}.Release|x86.ActiveCfg = Release|Any CPU
		{F4FE1932-6DBD-4DB6-B164-AF1AB1371A2D}.Debug|Any CPU.ActiveCfg = Debug|Any CPU
		{F4FE1932-6DBD-4DB6-B164-AF1AB1371A2D}.Debug|Any CPU.Build.0 = Debug|Any CPU
		{F4FE1932-6DBD-4DB6-B164-AF1AB1371A2D}.Debug|Mixed Platforms.ActiveCfg = Debug|Any CPU
		{F4FE1932-6DBD-4DB6-B164-AF1AB1371A2D}.Debug|Mixed Platforms.Build.0 = Debug|Any CPU
		{F4FE1932-6DBD-4DB6-B164-AF1AB1371A2D}.Debug|x86.ActiveCfg = Debug|Any CPU
		{F4FE1932-6DBD-4DB6-B164-AF1AB1371A2D}.Release|Any CPU.ActiveCfg = Release|Any CPU
		{F4FE1932-6DBD-4DB6-B164-AF1AB1371A2D}.Release|Any CPU.Build.0 = Release|Any CPU
		{F4FE1932-6DBD-4DB6-B164-AF1AB1371A2D}.Release|Mixed Platforms.ActiveCfg = Release|Any CPU
		{F4FE1932-6DBD-4DB6-B164-AF1AB1371A2D}.Release|Mixed Platforms.Build.0 = Release|Any CPU
		{F4FE1932-6DBD-4DB6-B164-AF1AB1371A2D}.Release|x86.ActiveCfg = Release|Any CPU
		{00DE5C09-BAC8-437E-9286-3E04C129B793}.Debug|Any CPU.ActiveCfg = Debug|Any CPU
		{00DE5C09-BAC8-437E-9286-3E04C129B793}.Debug|Any CPU.Build.0 = Debug|Any CPU
		{00DE5C09-BAC8-437E-9286-3E04C129B793}.Debug|Mixed Platforms.ActiveCfg = Debug|Any CPU
		{00DE5C09-BAC8-437E-9286-3E04C129B793}.Debug|Mixed Platforms.Build.0 = Debug|Any CPU
		{00DE5C09-BAC8-437E-9286-3E04C129B793}.Debug|x86.ActiveCfg = Debug|Any CPU
		{00DE5C09-BAC8-437E-9286-3E04C129B793}.Release|Any CPU.ActiveCfg = Release|Any CPU
		{00DE5C09-BAC8-437E-9286-3E04C129B793}.Release|Any CPU.Build.0 = Release|Any CPU
		{00DE5C09-BAC8-437E-9286-3E04C129B793}.Release|Mixed Platforms.ActiveCfg = Release|Any CPU
		{00DE5C09-BAC8-437E-9286-3E04C129B793}.Release|Mixed Platforms.Build.0 = Release|Any CPU
		{00DE5C09-BAC8-437E-9286-3E04C129B793}.Release|x86.ActiveCfg = Release|Any CPU
		{44B1A65C-4346-4FF2-875A-C669E22147E0}.Debug|Any CPU.ActiveCfg = Debug|Any CPU
		{44B1A65C-4346-4FF2-875A-C669E22147E0}.Debug|Any CPU.Build.0 = Debug|Any CPU
		{44B1A65C-4346-4FF2-875A-C669E22147E0}.Debug|Mixed Platforms.ActiveCfg = Debug|Any CPU
		{44B1A65C-4346-4FF2-875A-C669E22147E0}.Debug|Mixed Platforms.Build.0 = Debug|Any CPU
		{44B1A65C-4346-4FF2-875A-C669E22147E0}.Debug|x86.ActiveCfg = Debug|Any CPU
		{44B1A65C-4346-4FF2-875A-C669E22147E0}.Release|Any CPU.ActiveCfg = Release|Any CPU
		{44B1A65C-4346-4FF2-875A-C669E22147E0}.Release|Any CPU.Build.0 = Release|Any CPU
		{44B1A65C-4346-4FF2-875A-C669E22147E0}.Release|Mixed Platforms.ActiveCfg = Release|Any CPU
		{44B1A65C-4346-4FF2-875A-C669E22147E0}.Release|Mixed Platforms.Build.0 = Release|Any CPU
		{44B1A65C-4346-4FF2-875A-C669E22147E0}.Release|x86.ActiveCfg = Release|Any CPU
		{6B3C452F-5E1F-4F28-B464-B86153C77A5D}.Debug|Any CPU.ActiveCfg = Debug|Any CPU
		{6B3C452F-5E1F-4F28-B464-B86153C77A5D}.Debug|Any CPU.Build.0 = Debug|Any CPU
		{6B3C452F-5E1F-4F28-B464-B86153C77A5D}.Debug|Mixed Platforms.ActiveCfg = Debug|Any CPU
		{6B3C452F-5E1F-4F28-B464-B86153C77A5D}.Debug|Mixed Platforms.Build.0 = Debug|Any CPU
		{6B3C452F-5E1F-4F28-B464-B86153C77A5D}.Debug|x86.ActiveCfg = Debug|Any CPU
		{6B3C452F-5E1F-4F28-B464-B86153C77A5D}.Release|Any CPU.ActiveCfg = Release|Any CPU
		{6B3C452F-5E1F-4F28-B464-B86153C77A5D}.Release|Any CPU.Build.0 = Release|Any CPU
		{6B3C452F-5E1F-4F28-B464-B86153C77A5D}.Release|Mixed Platforms.ActiveCfg = Release|Any CPU
		{6B3C452F-5E1F-4F28-B464-B86153C77A5D}.Release|Mixed Platforms.Build.0 = Release|Any CPU
		{6B3C452F-5E1F-4F28-B464-B86153C77A5D}.Release|x86.ActiveCfg = Release|Any CPU
		{A24955E0-EE66-478F-BCC3-C71A4F9154B4}.Debug|Any CPU.ActiveCfg = Debug|Any CPU
		{A24955E0-EE66-478F-BCC3-C71A4F9154B4}.Debug|Any CPU.Build.0 = Debug|Any CPU
		{A24955E0-EE66-478F-BCC3-C71A4F9154B4}.Debug|Mixed Platforms.ActiveCfg = Debug|Any CPU
		{A24955E0-EE66-478F-BCC3-C71A4F9154B4}.Debug|Mixed Platforms.Build.0 = Debug|Any CPU
		{A24955E0-EE66-478F-BCC3-C71A4F9154B4}.Debug|x86.ActiveCfg = Debug|Any CPU
		{A24955E0-EE66-478F-BCC3-C71A4F9154B4}.Release|Any CPU.ActiveCfg = Release|Any CPU
		{A24955E0-EE66-478F-BCC3-C71A4F9154B4}.Release|Any CPU.Build.0 = Release|Any CPU
		{A24955E0-EE66-478F-BCC3-C71A4F9154B4}.Release|Mixed Platforms.ActiveCfg = Release|Any CPU
		{A24955E0-EE66-478F-BCC3-C71A4F9154B4}.Release|Mixed Platforms.Build.0 = Release|Any CPU
		{A24955E0-EE66-478F-BCC3-C71A4F9154B4}.Release|x86.ActiveCfg = Release|Any CPU
	EndGlobalSection
	GlobalSection(SolutionProperties) = preSolution
		HideSolutionNode = FALSE
	EndGlobalSection
	GlobalSection(NestedProjects) = preSolution
		{00DE5C09-BAC8-437E-9286-3E04C129B793} = {DB192F25-D5CC-42BD-A2ED-7F40FEC4E634}
		{44B1A65C-4346-4FF2-875A-C669E22147E0} = {DB192F25-D5CC-42BD-A2ED-7F40FEC4E634}
		{6B3C452F-5E1F-4F28-B464-B86153C77A5D} = {DB192F25-D5CC-42BD-A2ED-7F40FEC4E634}
	EndGlobalSection
EndGlobal
