
Microsoft Visual Studio Solution File, Format Version 12.00
Project("{FAE04EC0-301F-11D3-BF4B-00C04F79EFBC}") = "WinFormsApp1", "WinFormsApp1\\WinFormsApp1.csproj", "{CF251B78-FB4E-4C7B-8F9C-3410470A88FB}"
EndProject
Project("{FAE04EC0-301F-11D3-BF4B-00C04F79EFBC}") = "Signing.Api", "Signing.Api\\Signing.Api.csproj", "{1D7D5900-76CF-4A41-8D90-82866528C942}"
EndProject
Project("{FAE04EC0-301F-11D3-BF4B-00C04F79EFBC}") = "Pi3.Infrastructure.IText.Tests", "Pi3.Infrastructure.IText.Tests\\Pi3.Infrastructure.IText.Tests.csproj", "{9368BB6E-4B8B-48DB-834A-94E93CBC101C}"
EndProject
Project("{FAE04EC0-301F-11D3-BF4B-00C04F79EFBC}") = "Pi3.Infrastructure.IText.ReportGenerator", "Pi3.Infrastructure.IText.ReportGenerator\\Pi3.Infrastructure.IText.ReportGenerator.csproj", "{D3A0D46F-F71D-4B85-BA17-CC3058FC5449}"
EndProject
Project("{FAE04EC0-301F-11D3-BF4B-00C04F79EFBC}") = "Pi3.Core", "..\\..\\core\\pi3.core\\Pi3.Core\\Pi3.Core.csproj", "{62B677FF-0616-4B1B-B770-35771D142DDC}"
EndProject
Project("{FAE04EC0-301F-11D3-BF4B-00C04F79EFBC}") = "Pi3.Infrastructure.IText.Decorator", "Pi3.Infrastructure.IText.Decorator\\Pi3.Infrastructure.IText.Decorator.csproj", "{09EF83D3-8845-4420-9E25-58CE35FDFEEF}"
EndProject
# Visual Studio Version 17
VisualStudioVersion = 17.11.35327.3
MinimumVisualStudioVersion = 10.0.40219.1
Global
	GlobalSection(SolutionConfigurationPlatforms) = preSolution
		Debug|Any CPU = Debug|Any CPU
		Release|Any CPU = Release|Any CPU
	EndGlobalSection
	GlobalSection(ProjectConfigurationPlatforms) = postSolution
		{FA26CCE3-B251-421B-A810-C584F7B52161}.Debug|Any CPU.ActiveCfg = Debug|Any CPU
		{FA26CCE3-B251-421B-A810-C584F7B52161}.Debug|Any CPU.Build.0 = Debug|Any CPU
		{FA26CCE3-B251-421B-A810-C584F7B52161}.Release|Any CPU.ActiveCfg = Release|Any CPU
		{FA26CCE3-B251-421B-A810-C584F7B52161}.Release|Any CPU.Build.0 = Release|Any CPU
		{8F171A29-220A-4559-9E01-82966B000478}.Debug|Any CPU.ActiveCfg = Debug|Any CPU
		{8F171A29-220A-4559-9E01-82966B000478}.Debug|Any CPU.Build.0 = Debug|Any CPU
		{8F171A29-220A-4559-9E01-82966B000478}.Release|Any CPU.ActiveCfg = Release|Any CPU
		{8F171A29-220A-4559-9E01-82966B000478}.Release|Any CPU.Build.0 = Release|Any CPU
		{E2E696D1-5545-4BBD-B1DB-DFC39812EEE3}.Debug|Any CPU.ActiveCfg = Debug|Any CPU
		{E2E696D1-5545-4BBD-B1DB-DFC39812EEE3}.Debug|Any CPU.Build.0 = Debug|Any CPU
		{E2E696D1-5545-4BBD-B1DB-DFC39812EEE3}.Release|Any CPU.ActiveCfg = Release|Any CPU
		{E2E696D1-5545-4BBD-B1DB-DFC39812EEE3}.Release|Any CPU.Build.0 = Release|Any CPU
	EndGlobalSection
	GlobalSection(SolutionProperties) = preSolution
		HideSolutionNode = FALSE
	EndGlobalSection
	GlobalSection(ExtensibilityGlobals) = postSolution
		SolutionGuid = {1457D538-033E-41FD-9111-EE0E51AE193A}
	EndGlobalSection
EndGlobal
