
Microsoft Visual Studio Solution File, Format Version 11.00
# Visual Studio 2010
Project("{FAE04EC0-301F-11D3-BF4B-00C04F79EFBC}") = "ServiceNotifications", "ServiceNotifications\ServiceNotifications.csproj", "{A6287F4A-C4AA-4F66-AF21-DE3BE101A650}"
	ProjectSection(ProjectDependencies) = postProject
		{942AD652-BCF7-44CA-AE38-CF0CDA8E0D16} = {942AD652-BCF7-44CA-AE38-CF0CDA8E0D16}
	EndProjectSection
EndProject
Project("{FAE04EC0-301F-11D3-BF4B-00C04F79EFBC}") = "DocsPaVO", "DocsPaVO\DocsPaVO.csproj", "{A8BA40A6-AB86-4DF7-8C0F-8A9BBB7EE885}"
EndProject
Project("{FAE04EC0-301F-11D3-BF4B-00C04F79EFBC}") = "DocsPaUtils", "DocsPaUtils\DocsPaUtils.csproj", "{942AD652-BCF7-44CA-AE38-CF0CDA8E0D16}"
EndProject
Project("{FAE04EC0-301F-11D3-BF4B-00C04F79EFBC}") = "DocsPaDB", "DocsPaDB\DocsPaDB.csproj", "{5CFF0911-B6D1-4F98-A9EA-3034E188F68B}"
EndProject
Project("{FAE04EC0-301F-11D3-BF4B-00C04F79EFBC}") = "DocsPaDbManagement_ORACLE", "DocsPaDbManagement\DocsPaDbManagement_ORACLE\DocsPaDbManagement_ORACLE.csproj", "{145DB8D9-C055-4EC4-82A5-F2C634A1DCEA}"
EndProject
Project("{FAE04EC0-301F-11D3-BF4B-00C04F79EFBC}") = "DocsPaDbManagement_SQLSERVER", "DocsPaDbManagement\DocsPaDbManagement_SQLSERVER\DocsPaDbManagement_SQLSERVER.csproj", "{8A8D6FCC-95FA-4F81-B827-E2A160BBA9D3}"
EndProject
Project("{FAE04EC0-301F-11D3-BF4B-00C04F79EFBC}") = "DocsPaDB.Transactions", "DocsPaDB.Transactions\DocsPaDB.Transactions.csproj", "{9797A7A0-D014-4176-A411-306DB1A915C6}"
EndProject
Global
	GlobalSection(TeamFoundationVersionControl) = preSolution
		SccNumberOfProjects = 8
		SccEnterpriseProvider = {4CA58AB2-18FA-4F8D-95D4-32DDF27D184C}
		SccTeamFoundationServer = http://10.166.27.85:9090/tfs/progetti_vtdocs
		SccLocalPath0 = .
		SccProjectUniqueName1 = DocsPaDB.Transactions\\DocsPaDB.Transactions.csproj
		SccProjectName1 = DocsPaDB.Transactions
		SccLocalPath1 = DocsPaDB.Transactions
		SccProjectUniqueName2 = DocsPaDB\\DocsPaDB.csproj
		SccProjectName2 = DocsPaDB
		SccLocalPath2 = DocsPaDB
		SccProjectUniqueName3 = DocsPaDbManagement\\DocsPaDbManagement_ORACLE\\DocsPaDbManagement_ORACLE.csproj
		SccProjectName3 = DocsPaDbManagement/DocsPaDbManagement_ORACLE
		SccLocalPath3 = DocsPaDbManagement\\DocsPaDbManagement_ORACLE
		SccProjectUniqueName4 = DocsPaDbManagement\\DocsPaDbManagement_SQLSERVER\\DocsPaDbManagement_SQLSERVER.csproj
		SccProjectName4 = DocsPaDbManagement/DocsPaDbManagement_SQLSERVER
		SccLocalPath4 = DocsPaDbManagement\\DocsPaDbManagement_SQLSERVER
		SccProjectUniqueName5 = DocsPaUtils\\DocsPaUtils.csproj
		SccProjectName5 = DocsPaUtils
		SccLocalPath5 = DocsPaUtils
		SccProjectUniqueName6 = DocsPaVO\\DocsPaVO.csproj
		SccProjectName6 = DocsPaVO
		SccLocalPath6 = DocsPaVO
		SccProjectUniqueName7 = ServiceNotifications\\ServiceNotifications.csproj
		SccProjectName7 = ServiceNotifications
		SccLocalPath7 = ServiceNotifications
	EndGlobalSection
	GlobalSection(SolutionConfigurationPlatforms) = preSolution
		Debug|Any CPU = Debug|Any CPU
		Debug|Mixed Platforms = Debug|Mixed Platforms
		Debug|x86 = Debug|x86
		Release|Any CPU = Release|Any CPU
		Release|Mixed Platforms = Release|Mixed Platforms
		Release|x86 = Release|x86
	EndGlobalSection
	GlobalSection(ProjectConfigurationPlatforms) = postSolution
		{A6287F4A-C4AA-4F66-AF21-DE3BE101A650}.Debug|Any CPU.ActiveCfg = Debug|x86
		{A6287F4A-C4AA-4F66-AF21-DE3BE101A650}.Debug|Mixed Platforms.ActiveCfg = Debug|x86
		{A6287F4A-C4AA-4F66-AF21-DE3BE101A650}.Debug|Mixed Platforms.Build.0 = Debug|x86
		{A6287F4A-C4AA-4F66-AF21-DE3BE101A650}.Debug|x86.ActiveCfg = Debug|x86
		{A6287F4A-C4AA-4F66-AF21-DE3BE101A650}.Debug|x86.Build.0 = Debug|x86
		{A6287F4A-C4AA-4F66-AF21-DE3BE101A650}.Release|Any CPU.ActiveCfg = Release|x86
		{A6287F4A-C4AA-4F66-AF21-DE3BE101A650}.Release|Mixed Platforms.ActiveCfg = Release|x86
		{A6287F4A-C4AA-4F66-AF21-DE3BE101A650}.Release|Mixed Platforms.Build.0 = Release|x86
		{A6287F4A-C4AA-4F66-AF21-DE3BE101A650}.Release|x86.ActiveCfg = Release|x86
		{A6287F4A-C4AA-4F66-AF21-DE3BE101A650}.Release|x86.Build.0 = Release|x86
		{A8BA40A6-AB86-4DF7-8C0F-8A9BBB7EE885}.Debug|Any CPU.ActiveCfg = Debug|Any CPU
		{A8BA40A6-AB86-4DF7-8C0F-8A9BBB7EE885}.Debug|Any CPU.Build.0 = Debug|Any CPU
		{A8BA40A6-AB86-4DF7-8C0F-8A9BBB7EE885}.Debug|Mixed Platforms.ActiveCfg = Debug|Any CPU
		{A8BA40A6-AB86-4DF7-8C0F-8A9BBB7EE885}.Debug|x86.ActiveCfg = Debug|Any CPU
		{A8BA40A6-AB86-4DF7-8C0F-8A9BBB7EE885}.Release|Any CPU.ActiveCfg = Release|Any CPU
		{A8BA40A6-AB86-4DF7-8C0F-8A9BBB7EE885}.Release|Any CPU.Build.0 = Release|Any CPU
		{A8BA40A6-AB86-4DF7-8C0F-8A9BBB7EE885}.Release|Mixed Platforms.ActiveCfg = Release|Any CPU
		{A8BA40A6-AB86-4DF7-8C0F-8A9BBB7EE885}.Release|Mixed Platforms.Build.0 = Release|Any CPU
		{A8BA40A6-AB86-4DF7-8C0F-8A9BBB7EE885}.Release|x86.ActiveCfg = Release|Any CPU
		{942AD652-BCF7-44CA-AE38-CF0CDA8E0D16}.Debug|Any CPU.ActiveCfg = Debug|Any CPU
		{942AD652-BCF7-44CA-AE38-CF0CDA8E0D16}.Debug|Any CPU.Build.0 = Debug|Any CPU
		{942AD652-BCF7-44CA-AE38-CF0CDA8E0D16}.Debug|Mixed Platforms.ActiveCfg = Debug|Any CPU
		{942AD652-BCF7-44CA-AE38-CF0CDA8E0D16}.Debug|x86.ActiveCfg = Debug|Any CPU
		{942AD652-BCF7-44CA-AE38-CF0CDA8E0D16}.Release|Any CPU.ActiveCfg = Release|Any CPU
		{942AD652-BCF7-44CA-AE38-CF0CDA8E0D16}.Release|Any CPU.Build.0 = Release|Any CPU
		{942AD652-BCF7-44CA-AE38-CF0CDA8E0D16}.Release|Mixed Platforms.ActiveCfg = Release|Any CPU
		{942AD652-BCF7-44CA-AE38-CF0CDA8E0D16}.Release|Mixed Platforms.Build.0 = Release|Any CPU
		{942AD652-BCF7-44CA-AE38-CF0CDA8E0D16}.Release|x86.ActiveCfg = Release|Any CPU
		{5CFF0911-B6D1-4F98-A9EA-3034E188F68B}.Debug|Any CPU.ActiveCfg = Debug|Any CPU
		{5CFF0911-B6D1-4F98-A9EA-3034E188F68B}.Debug|Any CPU.Build.0 = Debug|Any CPU
		{5CFF0911-B6D1-4F98-A9EA-3034E188F68B}.Debug|Mixed Platforms.ActiveCfg = Debug|Any CPU
		{5CFF0911-B6D1-4F98-A9EA-3034E188F68B}.Debug|x86.ActiveCfg = Debug|Any CPU
		{5CFF0911-B6D1-4F98-A9EA-3034E188F68B}.Release|Any CPU.ActiveCfg = Release|Any CPU
		{5CFF0911-B6D1-4F98-A9EA-3034E188F68B}.Release|Any CPU.Build.0 = Release|Any CPU
		{5CFF0911-B6D1-4F98-A9EA-3034E188F68B}.Release|Mixed Platforms.ActiveCfg = Release|Any CPU
		{5CFF0911-B6D1-4F98-A9EA-3034E188F68B}.Release|Mixed Platforms.Build.0 = Release|Any CPU
		{5CFF0911-B6D1-4F98-A9EA-3034E188F68B}.Release|x86.ActiveCfg = Release|Any CPU
		{145DB8D9-C055-4EC4-82A5-F2C634A1DCEA}.Debug|Any CPU.ActiveCfg = Debug|Any CPU
		{145DB8D9-C055-4EC4-82A5-F2C634A1DCEA}.Debug|Any CPU.Build.0 = Debug|Any CPU
		{145DB8D9-C055-4EC4-82A5-F2C634A1DCEA}.Debug|Mixed Platforms.ActiveCfg = Debug|Any CPU
		{145DB8D9-C055-4EC4-82A5-F2C634A1DCEA}.Debug|x86.ActiveCfg = Debug|Any CPU
		{145DB8D9-C055-4EC4-82A5-F2C634A1DCEA}.Release|Any CPU.ActiveCfg = Release|Any CPU
		{145DB8D9-C055-4EC4-82A5-F2C634A1DCEA}.Release|Any CPU.Build.0 = Release|Any CPU
		{145DB8D9-C055-4EC4-82A5-F2C634A1DCEA}.Release|Mixed Platforms.ActiveCfg = Release|Any CPU
		{145DB8D9-C055-4EC4-82A5-F2C634A1DCEA}.Release|Mixed Platforms.Build.0 = Release|Any CPU
		{145DB8D9-C055-4EC4-82A5-F2C634A1DCEA}.Release|x86.ActiveCfg = Release|Any CPU
		{8A8D6FCC-95FA-4F81-B827-E2A160BBA9D3}.Debug|Any CPU.ActiveCfg = Debug|Any CPU
		{8A8D6FCC-95FA-4F81-B827-E2A160BBA9D3}.Debug|Any CPU.Build.0 = Debug|Any CPU
		{8A8D6FCC-95FA-4F81-B827-E2A160BBA9D3}.Debug|Mixed Platforms.ActiveCfg = Debug|Any CPU
		{8A8D6FCC-95FA-4F81-B827-E2A160BBA9D3}.Debug|x86.ActiveCfg = Debug|Any CPU
		{8A8D6FCC-95FA-4F81-B827-E2A160BBA9D3}.Release|Any CPU.ActiveCfg = Release|Any CPU
		{8A8D6FCC-95FA-4F81-B827-E2A160BBA9D3}.Release|Any CPU.Build.0 = Release|Any CPU
		{8A8D6FCC-95FA-4F81-B827-E2A160BBA9D3}.Release|Mixed Platforms.ActiveCfg = Release|Any CPU
		{8A8D6FCC-95FA-4F81-B827-E2A160BBA9D3}.Release|Mixed Platforms.Build.0 = Release|Any CPU
		{8A8D6FCC-95FA-4F81-B827-E2A160BBA9D3}.Release|x86.ActiveCfg = Release|Any CPU
		{9797A7A0-D014-4176-A411-306DB1A915C6}.Debug|Any CPU.ActiveCfg = Debug|Any CPU
		{9797A7A0-D014-4176-A411-306DB1A915C6}.Debug|Any CPU.Build.0 = Debug|Any CPU
		{9797A7A0-D014-4176-A411-306DB1A915C6}.Debug|Mixed Platforms.ActiveCfg = Debug|Any CPU
		{9797A7A0-D014-4176-A411-306DB1A915C6}.Debug|x86.ActiveCfg = Debug|Any CPU
		{9797A7A0-D014-4176-A411-306DB1A915C6}.Release|Any CPU.ActiveCfg = Release|Any CPU
		{9797A7A0-D014-4176-A411-306DB1A915C6}.Release|Any CPU.Build.0 = Release|Any CPU
		{9797A7A0-D014-4176-A411-306DB1A915C6}.Release|Mixed Platforms.ActiveCfg = Release|Any CPU
		{9797A7A0-D014-4176-A411-306DB1A915C6}.Release|Mixed Platforms.Build.0 = Release|Any CPU
		{9797A7A0-D014-4176-A411-306DB1A915C6}.Release|x86.ActiveCfg = Release|Any CPU
	EndGlobalSection
	GlobalSection(SolutionProperties) = preSolution
		HideSolutionNode = FALSE
	EndGlobalSection
EndGlobal
