
Microsoft Visual Studio Solution File, Format Version 12.00
Project("{FAE04EC0-301F-11D3-BF4B-00C04F79EFBC}") = "Pi3.App.Conservazione.Batch.Tests", "Pi3.App.Conservazione.Batch.Tests\\Pi3.App.Conservazione.Batch.Tests.csproj", "{EA0D9FAC-28BB-459A-A4F5-11854884397A}"
EndProject
Project("{FAE04EC0-301F-11D3-BF4B-00C04F79EFBC}") = "Pi3.Core.TrasmissioneAggregate", "..\\..\\core\\pi3.core\\Pi3.Core.TrasmissioneAggregate\\Pi3.Core.TrasmissioneAggregate.csproj", "{F2771DCC-7B2F-4B8D-A1E1-49D93C2F9CED}"
EndProject
Project("{FAE04EC0-301F-11D3-BF4B-00C04F79EFBC}") = "Pi3.Infrastructure.Legacy.EF.TrasmissioneAggregate", "..\\..\\infrastructure\\pi3.infrastructure.legacy\\Pi3.Infrastructure.Legacy.EF.TrasmissioneAggregate\\Pi3.Infrastructure.Legacy.EF.TrasmissioneAggregate.csproj", "{6C770C22-DFF1-42B8-A14A-6A670BEBCFAB}"
EndProject
Project("{FAE04EC0-301F-11D3-BF4B-00C04F79EFBC}") = "Pi3.Infrastructure.Legacy.EF.Services", "..\\..\\infrastructure\\pi3.infrastructure.legacy\\Pi3.Infrastructure.Legacy.EF.Services\\Pi3.Infrastructure.Legacy.EF.Services.csproj", "{5BD40969-A530-46DD-A921-5510B2ED15AA}"
EndProject
Project("{FAE04EC0-301F-11D3-BF4B-00C04F79EFBC}") = "Pi3.Infrastructure.Legacy.EF.Oracle", "..\\..\\infrastructure\\pi3.infrastructure.legacy\\Pi3.Infrastructure.Legacy.EF.Oracle\\Pi3.Infrastructure.Legacy.EF.Oracle.csproj", "{C52781C4-3A0F-4F56-B5E5-9594378AA52A}"
EndProject
Project("{FAE04EC0-301F-11D3-BF4B-00C04F79EFBC}") = "Pi3.Infrastructure.Legacy.EF.Entities", "..\\..\\infrastructure\\pi3.infrastructure.legacy\\Pi3.Infrastructure.Legacy.EF.Entities\\Pi3.Infrastructure.Legacy.EF.Entities.csproj", "{6E5D23BF-2264-415F-8186-90C2A684233E}"
EndProject
Project("{FAE04EC0-301F-11D3-BF4B-00C04F79EFBC}") = "Pi3.Core.DocumentAggregate", "..\\..\\core\\pi3.core\\Pi3.Core.DocumentAggregate\\Pi3.Core.DocumentAggregate.csproj", "{D15616F2-FF6C-48E9-9CF7-75F708D3B893}"
EndProject
Project("{FAE04EC0-301F-11D3-BF4B-00C04F79EFBC}") = "Pi3.Core.DocumentoAmministrativoAggregate", "..\\..\\core\\pi3.core\\Pi3.Core.DocumentoAmministrativoAggregate\\Pi3.Core.DocumentoAmministrativoAggregate.csproj", "{9126CAB7-6A55-47E4-9FC0-CE72A13294E4}"
EndProject
Project("{FAE04EC0-301F-11D3-BF4B-00C04F79EFBC}") = "Pi3.Infrastructure.Legacy.EF.DocumentoAmministrativoAggregate", "..\\..\\infrastructure\\pi3.infrastructure.legacy\\Pi3.Infrastructure.Legacy.EF.DocumentoAmministrativo\\Pi3.Infrastructure.Legacy.EF.DocumentoAmministrativoAggregate.csproj", "{F1A40ECD-87C9-43BA-B0F2-A436E2DE45A5}"
EndProject
Project("{FAE04EC0-301F-11D3-BF4B-00C04F79EFBC}") = "Pi3.Core.ElementAggregate", "..\\..\\core\\pi3.core\\Pi3.Core.ElementAggregate\\Pi3.Core.ElementAggregate.csproj", "{1D4B5F3C-CB67-4F0B-9E09-A3610DCBAD0F}"
EndProject
Project("{FAE04EC0-301F-11D3-BF4B-00C04F79EFBC}") = "Pi3.Core.ContentElementAggregate", "..\\..\\core\\pi3.core\\Pi3.Core.ContentElementAggregate\\Pi3.Core.ContentElementAggregate.csproj", "{4BFBEAB4-6B1A-4B32-AE81-D1F9F744F508}"
EndProject
Project("{FAE04EC0-301F-11D3-BF4B-00C04F79EFBC}") = "Pi3.Core.DocumentBlobAggregate", "..\\..\\core\\pi3.core\\Pi3.Core.DocumentBlobAggregate\\Pi3.Core.DocumentBlobAggregate.csproj", "{E437A1BF-5B4A-4416-9265-04E715C191F5}"
EndProject
Project("{FAE04EC0-301F-11D3-BF4B-00C04F79EFBC}") = "Pi3.Infrastructure.Legacy.DocumentFSRepository", "..\\..\\infrastructure\\pi3.infrastructure.legacy\\Pi3.Infrastructure.Legacy.DocumentFSRepository\\Pi3.Infrastructure.Legacy.DocumentFSRepository.csproj", "{FD83C861-20C6-4F5D-B250-BA4C18824B2B}"
EndProject
Project("{FAE04EC0-301F-11D3-BF4B-00C04F79EFBC}") = "Pi3.Core", "..\\..\\core\\pi3.core\\Pi3.Core\\Pi3.Core.csproj", "{3309EDD2-A81F-49D8-9B79-3E2FC64127FA}"
EndProject
Project("{FAE04EC0-301F-11D3-BF4B-00C04F79EFBC}") = "Pi3.Infrastructure.IText.ReportGenerator", "..\\..\\infrastructure\\pi3.infrastructure.itext\\Pi3.Infrastructure.IText.ReportGenerator\\Pi3.Infrastructure.IText.ReportGenerator.csproj", "{DDCCA0CD-5D87-4F6B-B49A-27D3900EF548}"
EndProject
Project("{FAE04EC0-301F-11D3-BF4B-00C04F79EFBC}") = "Pi3.App.Conservazione.Batch", "Pi3.App.Conservazione.Batch\\Pi3.App.Conservazione.Batch.csproj", "{7702D145-F3E0-4754-B3A1-AADABC51025C}"
EndProject
# Visual Studio Version 17
VisualStudioVersion = 17.6.34221.33
MinimumVisualStudioVersion = 10.0.40219.1
Global
	GlobalSection(SolutionConfigurationPlatforms) = preSolution
		Debug|Any CPU = Debug|Any CPU
		Release|Any CPU = Release|Any CPU
	EndGlobalSection
	GlobalSection(ProjectConfigurationPlatforms) = postSolution
		{9E58BE87-82C3-4FA1-9405-D87CD07B9B8A}.Debug|Any CPU.ActiveCfg = Debug|Any CPU
		{9E58BE87-82C3-4FA1-9405-D87CD07B9B8A}.Debug|Any CPU.Build.0 = Debug|Any CPU
		{9E58BE87-82C3-4FA1-9405-D87CD07B9B8A}.Release|Any CPU.ActiveCfg = Release|Any CPU
		{9E58BE87-82C3-4FA1-9405-D87CD07B9B8A}.Release|Any CPU.Build.0 = Release|Any CPU
		{78E8ABC2-A0B3-419C-BB00-54C245A7AA14}.Debug|Any CPU.ActiveCfg = Debug|Any CPU
		{78E8ABC2-A0B3-419C-BB00-54C245A7AA14}.Debug|Any CPU.Build.0 = Debug|Any CPU
		{78E8ABC2-A0B3-419C-BB00-54C245A7AA14}.Release|Any CPU.ActiveCfg = Release|Any CPU
		{78E8ABC2-A0B3-419C-BB00-54C245A7AA14}.Release|Any CPU.Build.0 = Release|Any CPU
	EndGlobalSection
	GlobalSection(SolutionProperties) = preSolution
		HideSolutionNode = FALSE
	EndGlobalSection
	GlobalSection(ExtensibilityGlobals) = postSolution
		SolutionGuid = {4425376F-3029-43A6-AEA4-CB65791A4705}
	EndGlobalSection
EndGlobal
