
Microsoft Visual Studio Solution File, Format Version 12.00
Project("{FAE04EC0-301F-11D3-BF4B-00C04F79EFBC}") = "Pi3.App.DocumentoAmministrativo.WebApi.Tests", "Pi3.App.DocumentoAmministrativo.WebApi.Tests\\Pi3.App.DocumentoAmministrativo.WebApi.Tests.csproj", "{0496B6A8-3A7B-4E06-AC7F-8302F6F24BB5}"
EndProject
Project("{FAE04EC0-301F-11D3-BF4B-00C04F79EFBC}") = "Pi3.Infrastructure.Legacy.UploaderFS", "..\\..\\infrastructure\\pi3.infrastructure.legacy\\Pi3.Infrastructure.Legacy.UploaderFS\\Pi3.Infrastructure.Legacy.UploaderFS.csproj", "{6EC378B7-907D-443A-9222-AA85542B1D32}"
EndProject
Project("{FAE04EC0-301F-11D3-BF4B-00C04F79EFBC}") = "Pi3.Core.TrasmissioneAggregate", "..\\..\\core\\pi3.core\\Pi3.Core.TrasmissioneAggregate\\Pi3.Core.TrasmissioneAggregate.csproj", "{3BC292C8-89B4-453E-A34F-58720DD1B76E}"
EndProject
Project("{FAE04EC0-301F-11D3-BF4B-00C04F79EFBC}") = "Pi3.Infrastructure.Legacy.EF.TrasmissioneAggregate", "..\\..\\infrastructure\\pi3.infrastructure.legacy\\Pi3.Infrastructure.Legacy.EF.TrasmissioneAggregate\\Pi3.Infrastructure.Legacy.EF.TrasmissioneAggregate.csproj", "{BC35CA96-1E8F-45A7-AD46-635358F8916B}"
EndProject
Project("{FAE04EC0-301F-11D3-BF4B-00C04F79EFBC}") = "Pi3.Infrastructure.Legacy.EF.Services", "..\\..\\infrastructure\\pi3.infrastructure.legacy\\Pi3.Infrastructure.Legacy.EF.Services\\Pi3.Infrastructure.Legacy.EF.Services.csproj", "{1C6DEFF9-A847-4189-9EFE-9B033F7B24F7}"
EndProject
Project("{FAE04EC0-301F-11D3-BF4B-00C04F79EFBC}") = "Pi3.Infrastructure.Legacy.EF.Oracle", "..\\..\\infrastructure\\pi3.infrastructure.legacy\\Pi3.Infrastructure.Legacy.EF.Oracle\\Pi3.Infrastructure.Legacy.EF.Oracle.csproj", "{A38C7D1E-71F9-4817-9BC2-DAE1A36D5DBA}"
EndProject
Project("{FAE04EC0-301F-11D3-BF4B-00C04F79EFBC}") = "Pi3.Core.NotaAggregate", "..\\..\\core\\pi3.core\\Pi3.Core.NoteAggregate\\Pi3.Core.NotaAggregate.csproj", "{CFF4DD49-3320-4602-A986-8E1209A86BEF}"
EndProject
Project("{FAE04EC0-301F-11D3-BF4B-00C04F79EFBC}") = "Pi3.Infrastructure.Legacy.EF.NotaAggregate", "..\\..\\infrastructure\\pi3.infrastructure.legacy\\Pi3.Infrastructure.Legacy.EF.NoteAggregate\\Pi3.Infrastructure.Legacy.EF.NotaAggregate.csproj", "{7A13C0F1-B51B-41FA-8FDA-7A907EAC89D9}"
EndProject
Project("{FAE04EC0-301F-11D3-BF4B-00C04F79EFBC}") = "Pi3.Core.ModelloTrasmissioneAggregate", "..\\..\\core\\pi3.core\\Pi3.Core.ModelloTrasmissioneAggregate\\Pi3.Core.ModelloTrasmissioneAggregate.csproj", "{CC9C6B65-192F-4DAF-AE28-947393B50857}"
EndProject
Project("{FAE04EC0-301F-11D3-BF4B-00C04F79EFBC}") = "Pi3.Infrastructure.Legacy.EF.ModelloTrasmissioneAggregate", "..\\..\\infrastructure\\pi3.infrastructure.legacy\\Pi3.Infrastructure.Legacy.EF.ModelloTrasmissioneAggregate\\Pi3.Infrastructure.Legacy.EF.ModelloTrasmissioneAggregate.csproj", "{5AC44DC9-01E7-4A94-B350-896AA87B27C9}"
EndProject
Project("{FAE04EC0-301F-11D3-BF4B-00C04F79EFBC}") = "Pi3.Infrastructure.Legacy.EF.Entities", "..\\..\\infrastructure\\pi3.infrastructure.legacy\\Pi3.Infrastructure.Legacy.EF.Entities\\Pi3.Infrastructure.Legacy.EF.Entities.csproj", "{93D5C8ED-81C7-4C59-BB3C-18736B893DD0}"
EndProject
Project("{FAE04EC0-301F-11D3-BF4B-00C04F79EFBC}") = "Pi3.Core.DocumentAggregate", "..\\..\\core\\pi3.core\\Pi3.Core.DocumentAggregate\\Pi3.Core.DocumentAggregate.csproj", "{1117F678-4B90-4983-847D-FCF5634E41C7}"
EndProject
Project("{FAE04EC0-301F-11D3-BF4B-00C04F79EFBC}") = "Pi3.Core.DocumentoAmministrativoAggregate", "..\\..\\core\\pi3.core\\Pi3.Core.DocumentoAmministrativoAggregate\\Pi3.Core.DocumentoAmministrativoAggregate.csproj", "{1426AEA5-FBF0-4D62-B640-C57DF5095E74}"
EndProject
Project("{FAE04EC0-301F-11D3-BF4B-00C04F79EFBC}") = "Pi3.Infrastructure.Legacy.EF.DocumentoAmministrativoAggregate", "..\\..\\infrastructure\\pi3.infrastructure.legacy\\Pi3.Infrastructure.Legacy.EF.DocumentoAmministrativo\\Pi3.Infrastructure.Legacy.EF.DocumentoAmministrativoAggregate.csproj", "{677D39DD-FB3E-4545-9836-3ED8B2C44810}"
EndProject
Project("{FAE04EC0-301F-11D3-BF4B-00C04F79EFBC}") = "Pi3.Core.ElementAggregate", "..\\..\\core\\pi3.core\\Pi3.Core.ElementAggregate\\Pi3.Core.ElementAggregate.csproj", "{CF496147-7E08-4306-A040-9D3B13547D76}"
EndProject
Project("{FAE04EC0-301F-11D3-BF4B-00C04F79EFBC}") = "Pi3.Core.ContentElementAggregate", "..\\..\\core\\pi3.core\\Pi3.Core.ContentElementAggregate\\Pi3.Core.ContentElementAggregate.csproj", "{A5BAEEF7-50A1-4FFF-9460-B67F1B4EF7CE}"
EndProject
Project("{FAE04EC0-301F-11D3-BF4B-00C04F79EFBC}") = "Pi3.Core.DocumentBlobAggregate", "..\\..\\core\\pi3.core\\Pi3.Core.DocumentBlobAggregate\\Pi3.Core.DocumentBlobAggregate.csproj", "{B28CAA7C-762B-4EDE-8C4A-00E50B7228D8}"
EndProject
Project("{FAE04EC0-301F-11D3-BF4B-00C04F79EFBC}") = "Pi3.Infrastructure.Legacy.DocumentFSRepository", "..\\..\\infrastructure\\pi3.infrastructure.legacy\\Pi3.Infrastructure.Legacy.DocumentFSRepository\\Pi3.Infrastructure.Legacy.DocumentFSRepository.csproj", "{B9A208CC-763C-4261-8295-89B02E4FFD5A}"
EndProject
Project("{FAE04EC0-301F-11D3-BF4B-00C04F79EFBC}") = "Pi3.Infrastructure.AAC", "..\\..\\infrastructure\\pi3.infrastructure.aac\\Pi3.Infrastructure.AAC\\Pi3.Infrastructure.AAC.csproj", "{695A5A04-761F-46C8-B08E-77B15BC2AEE1}"
EndProject
Project("{FAE04EC0-301F-11D3-BF4B-00C04F79EFBC}") = "Pi3.Core", "..\\..\\core\\pi3.core\\Pi3.Core\\Pi3.Core.csproj", "{83490AEA-B190-4DD8-9247-75886B9BBF30}"
EndProject
Project("{FAE04EC0-301F-11D3-BF4B-00C04F79EFBC}") = "Pi3.App.DocumentoAmministrativo.WebApi", "Pi3.App.DocumentoAmministrativo.WebApi\\Pi3.App.DocumentoAmministrativo.WebApi.csproj", "{1E31AD9F-0422-4DF4-9B52-AFD42B9B2708}"
EndProject
# Visual Studio Version 17
VisualStudioVersion = 17.3.32804.467
MinimumVisualStudioVersion = 10.0.40219.1
Global
	GlobalSection(SolutionConfigurationPlatforms) = preSolution
		Debug|Any CPU = Debug|Any CPU
		Release|Any CPU = Release|Any CPU
	EndGlobalSection
	GlobalSection(ProjectConfigurationPlatforms) = postSolution
		{7E83D4DD-89BA-4229-8CF8-03C7F73B39D4}.Debug|Any CPU.ActiveCfg = Debug|Any CPU
		{7E83D4DD-89BA-4229-8CF8-03C7F73B39D4}.Debug|Any CPU.Build.0 = Debug|Any CPU
		{7E83D4DD-89BA-4229-8CF8-03C7F73B39D4}.Release|Any CPU.ActiveCfg = Release|Any CPU
		{7E83D4DD-89BA-4229-8CF8-03C7F73B39D4}.Release|Any CPU.Build.0 = Release|Any CPU
		{FCA0091B-3E19-4AA2-BA3E-469AD7C80624}.Debug|Any CPU.ActiveCfg = Debug|Any CPU
		{FCA0091B-3E19-4AA2-BA3E-469AD7C80624}.Debug|Any CPU.Build.0 = Debug|Any CPU
		{FCA0091B-3E19-4AA2-BA3E-469AD7C80624}.Release|Any CPU.ActiveCfg = Release|Any CPU
		{FCA0091B-3E19-4AA2-BA3E-469AD7C80624}.Release|Any CPU.Build.0 = Release|Any CPU
		{5E1E59F7-441E-4EA7-B537-39153DE1E4BD}.Debug|Any CPU.ActiveCfg = Debug|Any CPU
		{5E1E59F7-441E-4EA7-B537-39153DE1E4BD}.Debug|Any CPU.Build.0 = Debug|Any CPU
		{5E1E59F7-441E-4EA7-B537-39153DE1E4BD}.Release|Any CPU.ActiveCfg = Release|Any CPU
		{5E1E59F7-441E-4EA7-B537-39153DE1E4BD}.Release|Any CPU.Build.0 = Release|Any CPU
	EndGlobalSection
	GlobalSection(SolutionProperties) = preSolution
		HideSolutionNode = FALSE
	EndGlobalSection
	GlobalSection(ExtensibilityGlobals) = postSolution
		SolutionGuid = {E0ACC8C7-4B51-4F81-BF59-92BC633359A0}
	EndGlobalSection
EndGlobal
