
Microsoft Visual Studio Solution File, Format Version 12.00
# Visual Studio 15
VisualStudioVersion = 15.0.28307.271
MinimumVisualStudioVersion = 10.0.40219.1
Project("{FAE04EC0-301F-11D3-BF4B-00C04F79EFBC}") = "NttDataWA", "NttDataWA\NttDataWA.csproj", "{67D7ACEA-7440-4139-AA0D-551BE843941B}"
	ProjectSection(ProjectDependencies) = postProject
		{EF230BAF-B5D9-4DF0-B843-6567C38F9583} = {EF230BAF-B5D9-4DF0-B843-6567C38F9583}
	EndProjectSection
EndProject
Project("{FAE04EC0-301F-11D3-BF4B-00C04F79EFBC}") = "NttDatalLibrary", "NttDatalLibrary\NttDatalLibrary.csproj", "{EF230BAF-B5D9-4DF0-B843-6567C38F9583}"
EndProject
Project("{FAE04EC0-301F-11D3-BF4B-00C04F79EFBC}") = "RubricaComune.Proxy", "Rubrica.Proxy\RubricaComune.Proxy.csproj", "{320E87AF-BC9B-45AD-A7FF-07E6A3A1E3F7}"
EndProject
Project("{FAE04EC0-301F-11D3-BF4B-00C04F79EFBC}") = "DocsPaIntegration", "DocsPaIntegration\DocsPaIntegration.csproj", "{C118CF00-5180-4673-A734-DAFA4717C6D6}"
EndProject
Project("{FAE04EC0-301F-11D3-BF4B-00C04F79EFBC}") = "DocsPaIntegrationImpl", "DocsPaIntegrationImpl\DocsPaIntegrationImpl.csproj", "{B013C517-D643-44B9-90E7-7E85396C13D3}"
EndProject
Project("{FAE04EC0-301F-11D3-BF4B-00C04F79EFBC}") = "MText", "MText\MText.csproj", "{6C46C55E-3739-40CA-BDE2-9478757B147B}"
EndProject
Project("{FAE04EC0-301F-11D3-BF4B-00C04F79EFBC}") = "DocsPa_PrintPen", "PrintPen\DocsPa_PrintPen.csproj", "{11723FE3-1BC5-4F62-9F8D-6EFBFEC111FF}"
EndProject
Global
	GlobalSection(SolutionConfigurationPlatforms) = preSolution
		Debug|Any CPU = Debug|Any CPU
		Release|Any CPU = Release|Any CPU
	EndGlobalSection
	GlobalSection(ProjectConfigurationPlatforms) = postSolution
		{67D7ACEA-7440-4139-AA0D-551BE843941B}.Debug|Any CPU.ActiveCfg = Debug|Any CPU
		{67D7ACEA-7440-4139-AA0D-551BE843941B}.Debug|Any CPU.Build.0 = Debug|Any CPU
		{67D7ACEA-7440-4139-AA0D-551BE843941B}.Release|Any CPU.ActiveCfg = Release|Any CPU
		{67D7ACEA-7440-4139-AA0D-551BE843941B}.Release|Any CPU.Build.0 = Release|Any CPU
		{EF230BAF-B5D9-4DF0-B843-6567C38F9583}.Debug|Any CPU.ActiveCfg = Debug|Any CPU
		{EF230BAF-B5D9-4DF0-B843-6567C38F9583}.Debug|Any CPU.Build.0 = Debug|Any CPU
		{EF230BAF-B5D9-4DF0-B843-6567C38F9583}.Release|Any CPU.ActiveCfg = Release|Any CPU
		{EF230BAF-B5D9-4DF0-B843-6567C38F9583}.Release|Any CPU.Build.0 = Release|Any CPU
		{320E87AF-BC9B-45AD-A7FF-07E6A3A1E3F7}.Debug|Any CPU.ActiveCfg = Debug|Any CPU
		{320E87AF-BC9B-45AD-A7FF-07E6A3A1E3F7}.Debug|Any CPU.Build.0 = Debug|Any CPU
		{320E87AF-BC9B-45AD-A7FF-07E6A3A1E3F7}.Release|Any CPU.ActiveCfg = Release|Any CPU
		{320E87AF-BC9B-45AD-A7FF-07E6A3A1E3F7}.Release|Any CPU.Build.0 = Release|Any CPU
		{C118CF00-5180-4673-A734-DAFA4717C6D6}.Debug|Any CPU.ActiveCfg = Debug|Any CPU
		{C118CF00-5180-4673-A734-DAFA4717C6D6}.Debug|Any CPU.Build.0 = Debug|Any CPU
		{C118CF00-5180-4673-A734-DAFA4717C6D6}.Release|Any CPU.ActiveCfg = Release|Any CPU
		{C118CF00-5180-4673-A734-DAFA4717C6D6}.Release|Any CPU.Build.0 = Release|Any CPU
		{B013C517-D643-44B9-90E7-7E85396C13D3}.Debug|Any CPU.ActiveCfg = Debug|Any CPU
		{B013C517-D643-44B9-90E7-7E85396C13D3}.Debug|Any CPU.Build.0 = Debug|Any CPU
		{B013C517-D643-44B9-90E7-7E85396C13D3}.Release|Any CPU.ActiveCfg = Release|Any CPU
		{B013C517-D643-44B9-90E7-7E85396C13D3}.Release|Any CPU.Build.0 = Release|Any CPU
		{6C46C55E-3739-40CA-BDE2-9478757B147B}.Debug|Any CPU.ActiveCfg = Debug|Any CPU
		{6C46C55E-3739-40CA-BDE2-9478757B147B}.Debug|Any CPU.Build.0 = Debug|Any CPU
		{6C46C55E-3739-40CA-BDE2-9478757B147B}.Release|Any CPU.ActiveCfg = Release|Any CPU
		{6C46C55E-3739-40CA-BDE2-9478757B147B}.Release|Any CPU.Build.0 = Release|Any CPU
		{11723FE3-1BC5-4F62-9F8D-6EFBFEC111FF}.Debug|Any CPU.ActiveCfg = Debug|Any CPU
		{11723FE3-1BC5-4F62-9F8D-6EFBFEC111FF}.Debug|Any CPU.Build.0 = Debug|Any CPU
		{11723FE3-1BC5-4F62-9F8D-6EFBFEC111FF}.Release|Any CPU.ActiveCfg = Release|Any CPU
		{11723FE3-1BC5-4F62-9F8D-6EFBFEC111FF}.Release|Any CPU.Build.0 = Release|Any CPU
	EndGlobalSection
	GlobalSection(SolutionProperties) = preSolution
		HideSolutionNode = FALSE
	EndGlobalSection
	GlobalSection(ExtensibilityGlobals) = postSolution
		SolutionGuid = {79865328-8F54-4D31-99F2-C9EE988AC2E4}
	EndGlobalSection
	GlobalSection(TeamFoundationVersionControl) = preSolution
		SccNumberOfProjects = 8
		SccEnterpriseProvider = {4CA58AB2-18FA-4F8D-95D4-32DDF27D184C}
		SccTeamFoundationServer = http://10.166.27.85:9090/tfs/progetti_vtdocs
		SccLocalPath0 = .
		SccProjectUniqueName1 = NttDatalLibrary\\NttDatalLibrary.csproj
		SccProjectName1 = NttDatalLibrary
		SccLocalPath1 = NttDatalLibrary
		SccProjectUniqueName2 = NttDataWA\\NttDataWA.csproj
		SccProjectName2 = NttDataWA
		SccLocalPath2 = NttDataWA
		SccProjectUniqueName3 = Rubrica.Proxy\\RubricaComune.Proxy.csproj
		SccProjectName3 = Rubrica.Proxy
		SccLocalPath3 = Rubrica.Proxy
		SccProjectUniqueName4 = DocsPaIntegration\\DocsPaIntegration.csproj
		SccProjectName4 = DocsPaIntegration
		SccLocalPath4 = DocsPaIntegration
		SccProjectUniqueName5 = DocsPaIntegrationImpl\\DocsPaIntegrationImpl.csproj
		SccProjectName5 = DocsPaIntegrationImpl
		SccLocalPath5 = DocsPaIntegrationImpl
		SccProjectUniqueName6 = MText\\MText.csproj
		SccProjectName6 = MText
		SccLocalPath6 = MText
		SccProjectUniqueName7 = PrintPen\\DocsPa_PrintPen.csproj
		SccProjectName7 = PrintPen
		SccLocalPath7 = PrintPen
	EndGlobalSection
EndGlobal
