
Microsoft Visual Studio Solution File, Format Version 11.00
# Visual Studio 2010
Project("{FAE04EC0-301F-11D3-BF4B-00C04F79EFBC}") = "WSDLDownloader", "WSDLDownloader\WSDLDownloader.csproj", "{3A8A854F-ABD0-451F-85C4-C3FC31EA03C1}"
EndProject
Global
	GlobalSection(TeamFoundationVersionControl) = preSolution
		SccNumberOfProjects = 2
		SccEnterpriseProvider = {4CA58AB2-18FA-4F8D-95D4-32DDF27D184C}
		SccTeamFoundationServer = http://10.166.27.85:9090/tfs/progetti_vtdocs
		SccLocalPath0 = .
		SccProjectUniqueName1 = WSDLDownloader\\WSDLDownloader.csproj
		SccProjectName1 = WSDLDownloader
		SccLocalPath1 = WSDLDownloader
	EndGlobalSection
	GlobalSection(SolutionConfigurationPlatforms) = preSolution
		Debug|Any CPU = Debug|Any CPU
		Release|Any CPU = Release|Any CPU
	EndGlobalSection
	GlobalSection(ProjectConfigurationPlatforms) = postSolution
		{3A8A854F-ABD0-451F-85C4-C3FC31EA03C1}.Debug|Any CPU.ActiveCfg = Debug|Any CPU
		{3A8A854F-ABD0-451F-85C4-C3FC31EA03C1}.Debug|Any CPU.Build.0 = Debug|Any CPU
		{3A8A854F-ABD0-451F-85C4-C3FC31EA03C1}.Release|Any CPU.ActiveCfg = Release|Any CPU
		{3A8A854F-ABD0-451F-85C4-C3FC31EA03C1}.Release|Any CPU.Build.0 = Release|Any CPU
	EndGlobalSection
	GlobalSection(SolutionProperties) = preSolution
		HideSolutionNode = FALSE
	EndGlobalSection
EndGlobal
