
Microsoft Visual Studio Solution File, Format Version 12.00
Project("{FAE04EC0-301F-11D3-BF4B-00C04F79EFBC}") = "Pi3.App.StampaRepertori.Batch.Test", "Pi3.App.StampaRepertori.Batch.Test\\Pi3.App.StampaRepertori.Batch.Test.csproj", "{61362B29-8C55-4E61-AF31-3831773BEE43}"
EndProject
Project("{FAE04EC0-301F-11D3-BF4B-00C04F79EFBC}") = "Pi3.Infrastructure.Legacy.EF.Services", "..\\..\\infrastructure\\pi3.infrastructure.legacy\\Pi3.Infrastructure.Legacy.EF.Services\\Pi3.Infrastructure.Legacy.EF.Services.csproj", "{F3EE492F-80A0-4591-91CE-42EDB9E40889}"
EndProject
Project("{FAE04EC0-301F-11D3-BF4B-00C04F79EFBC}") = "Pi3.Infrastructure.Legacy.EF.Oracle", "..\\..\\infrastructure\\pi3.infrastructure.legacy\\Pi3.Infrastructure.Legacy.EF.Oracle\\Pi3.Infrastructure.Legacy.EF.Oracle.csproj", "{6EF87D75-3206-4DEC-9BDC-96C370358EF9}"
EndProject
Project("{FAE04EC0-301F-11D3-BF4B-00C04F79EFBC}") = "Pi3.Infrastructure.Legacy.EF.Entities", "..\\..\\infrastructure\\pi3.infrastructure.legacy\\Pi3.Infrastructure.Legacy.EF.Entities\\Pi3.Infrastructure.Legacy.EF.Entities.csproj", "{DA82A925-8666-4FF7-AF56-92234A58867A}"
EndProject
Project("{FAE04EC0-301F-11D3-BF4B-00C04F79EFBC}") = "Pi3.Core.DocumentAggregate", "..\\..\\core\\pi3.core\\Pi3.Core.DocumentAggregate\\Pi3.Core.DocumentAggregate.csproj", "{CA6741FE-BAB3-4DC4-82BC-6F29A84900FE}"
EndProject
Project("{FAE04EC0-301F-11D3-BF4B-00C04F79EFBC}") = "Pi3.Core.DocumentoAmministrativoAggregate", "..\\..\\core\\pi3.core\\Pi3.Core.DocumentoAmministrativoAggregate\\Pi3.Core.DocumentoAmministrativoAggregate.csproj", "{1D01450E-2673-41DA-A144-669B8B68B5DF}"
EndProject
Project("{FAE04EC0-301F-11D3-BF4B-00C04F79EFBC}") = "Pi3.Infrastructure.Legacy.EF.DocumentoAmministrativoAggregate", "..\\..\\infrastructure\\pi3.infrastructure.legacy\\Pi3.Infrastructure.Legacy.EF.DocumentoAmministrativo\\Pi3.Infrastructure.Legacy.EF.DocumentoAmministrativoAggregate.csproj", "{72F0FD39-D1ED-4A00-AFFE-C110E17D19A5}"
EndProject
Project("{FAE04EC0-301F-11D3-BF4B-00C04F79EFBC}") = "Pi3.Core.ElementAggregate", "..\\..\\core\\pi3.core\\Pi3.Core.ElementAggregate\\Pi3.Core.ElementAggregate.csproj", "{266B16E7-AB85-4246-8345-9F574AD1375C}"
EndProject
Project("{FAE04EC0-301F-11D3-BF4B-00C04F79EFBC}") = "Pi3.Core.ContentElementAggregate", "..\\..\\core\\pi3.core\\Pi3.Core.ContentElementAggregate\\Pi3.Core.ContentElementAggregate.csproj", "{33DED4D5-DE6F-48D0-B08B-9AD60D3E3FF8}"
EndProject
Project("{FAE04EC0-301F-11D3-BF4B-00C04F79EFBC}") = "Pi3.Core.DocumentBlobAggregate", "..\\..\\core\\pi3.core\\Pi3.Core.DocumentBlobAggregate\\Pi3.Core.DocumentBlobAggregate.csproj", "{CB824D89-9CF0-463E-88E4-78E574757162}"
EndProject
Project("{FAE04EC0-301F-11D3-BF4B-00C04F79EFBC}") = "Pi3.Infrastructure.Legacy.DocumentFSRepository", "..\\..\\infrastructure\\pi3.infrastructure.legacy\\Pi3.Infrastructure.Legacy.DocumentFSRepository\\Pi3.Infrastructure.Legacy.DocumentFSRepository.csproj", "{D8C6928F-8B35-4B9A-8A95-2789F28B8653}"
EndProject
Project("{FAE04EC0-301F-11D3-BF4B-00C04F79EFBC}") = "Pi3.Infrastructure.IText.ReportGenerator", "..\\..\\infrastructure\\pi3.infrastructure.itext\\Pi3.Infrastructure.IText.ReportGenerator\\Pi3.Infrastructure.IText.ReportGenerator.csproj", "{3D5A6B81-BF53-4739-B2FE-85DE7BF71C90}"
EndProject
Project("{FAE04EC0-301F-11D3-BF4B-00C04F79EFBC}") = "Pi3.Core", "..\\..\\core\\pi3.core\\Pi3.Core\\Pi3.Core.csproj", "{CA2EF70D-110B-4952-BA02-4B45CCFD9C6F}"
EndProject
Project("{FAE04EC0-301F-11D3-BF4B-00C04F79EFBC}") = "Pi3.Infrastructure.Chilkat", "..\\..\\infrastructure\\pi3.infrastructure.chilkat\\Pi3.Infrastructure.Chilkat\\Pi3.Infrastructure.Chilkat.csproj", "{CA6B6CFB-6171-4793-B151-C0BC62139C18}"
EndProject
Project("{FAE04EC0-301F-11D3-BF4B-00C04F79EFBC}") = "Pi3.App.StampaRepertori.Batch", "Pi3.App.StampaRepertori.Batch\\Pi3.App.StampaRepertori.Batch.csproj", "{FD8FBC19-3D53-4C21-83FC-D252F1606F82}"
EndProject
# Visual Studio Version 17
VisualStudioVersion = 17.9.34728.123
MinimumVisualStudioVersion = 10.0.40219.1
Global
	GlobalSection(SolutionConfigurationPlatforms) = preSolution
		Debug|Any CPU = Debug|Any CPU
		Release|Any CPU = Release|Any CPU
	EndGlobalSection
	GlobalSection(ProjectConfigurationPlatforms) = postSolution
		{9F80FBC5-3272-4552-AAFF-96F77E07A809}.Debug|Any CPU.ActiveCfg = Debug|Any CPU
		{9F80FBC5-3272-4552-AAFF-96F77E07A809}.Debug|Any CPU.Build.0 = Debug|Any CPU
		{9F80FBC5-3272-4552-AAFF-96F77E07A809}.Release|Any CPU.ActiveCfg = Release|Any CPU
		{9F80FBC5-3272-4552-AAFF-96F77E07A809}.Release|Any CPU.Build.0 = Release|Any CPU
		{FE634C97-D616-418D-BC7D-59793E8CF051}.Debug|Any CPU.ActiveCfg = Debug|Any CPU
		{FE634C97-D616-418D-BC7D-59793E8CF051}.Debug|Any CPU.Build.0 = Debug|Any CPU
		{FE634C97-D616-418D-BC7D-59793E8CF051}.Release|Any CPU.ActiveCfg = Release|Any CPU
		{FE634C97-D616-418D-BC7D-59793E8CF051}.Release|Any CPU.Build.0 = Release|Any CPU
	EndGlobalSection
	GlobalSection(SolutionProperties) = preSolution
		HideSolutionNode = FALSE
	EndGlobalSection
	GlobalSection(ExtensibilityGlobals) = postSolution
		SolutionGuid = {282911E1-1BDF-4E8E-9A17-272B81BAA7BB}
	EndGlobalSection
EndGlobal
