
Microsoft Visual Studio Solution File, Format Version 12.00
Project("{FAE04EC0-301F-11D3-BF4B-00C04F79EFBC}") = "Pi3.App.RubricaComune.WebApi.Tests", "Pi3.App.RubricaComune.WebApi.Tests\\Pi3.App.RubricaComune.WebApi.Tests.csproj", "{DB706A6A-74A6-45D2-BAD5-2800140F4AF2}"
EndProject
Project("{FAE04EC0-301F-11D3-BF4B-00C04F79EFBC}") = "Pi3.Infrastructure.AAC", "..\\..\\infrastructure\\pi3.infrastructure.aac\\Pi3.Infrastructure.AAC\\Pi3.Infrastructure.AAC.csproj", "{24E5A405-B1B2-4A46-8A96-A7D492E3C537}"
EndProject
Project("{FAE04EC0-301F-11D3-BF4B-00C04F79EFBC}") = "Pi3.App.RubricaComune.WebApi", "Pi3.App.RubricaComune.WebApi\\Pi3.App.RubricaComune.WebApi.csproj", "{0420DD80-65F0-44C0-8F65-0C9633BD38A8}"
EndProject
Project("{FAE04EC0-301F-11D3-BF4B-00C04F79EFBC}") = "Pi3.App.RubricaComune.Infrastructure.EF.Oracle", "Pi3.App.RubricaComune.Infrastructure.EF.Oracle\\Pi3.App.RubricaComune.Infrastructure.EF.Oracle.csproj", "{CC0547C1-F7BC-47B8-BB82-32C4DC80C118}"
EndProject
Project("{FAE04EC0-301F-11D3-BF4B-00C04F79EFBC}") = "Pi3.App.RubricaComune.Infrastructure.EF", "Pi3.App.RubricaComune.Infrastructure.EF\\Pi3.App.RubricaComune.Infrastructure.EF.csproj", "{7EAF48F8-4368-4C7B-AB27-C89C55E1443C}"
EndProject
Project("{FAE04EC0-301F-11D3-BF4B-00C04F79EFBC}") = "Pi3.Core", "..\\..\\core\\pi3.core\\Pi3.Core\\Pi3.Core.csproj", "{71035C48-2F28-4CE0-A1AF-7AF57278C143}"
EndProject
Project("{FAE04EC0-301F-11D3-BF4B-00C04F79EFBC}") = "Pi3.App.RubricaComune.Core", "Pi3.App.RubricaComune.Core\\Pi3.App.RubricaComune.Core.csproj", "{5FF3C706-995F-4447-AE80-D1842F405AF0}"
EndProject
# Visual Studio Version 17
VisualStudioVersion = 17.3.32804.467
MinimumVisualStudioVersion = 10.0.40219.1
Global
	GlobalSection(SolutionConfigurationPlatforms) = preSolution
		Debug|Any CPU = Debug|Any CPU
		Release|Any CPU = Release|Any CPU
	EndGlobalSection
	GlobalSection(ProjectConfigurationPlatforms) = postSolution
		{47169BB1-6BD7-44AB-B55A-DD58EF13282B}.Debug|Any CPU.ActiveCfg = Debug|Any CPU
		{47169BB1-6BD7-44AB-B55A-DD58EF13282B}.Debug|Any CPU.Build.0 = Debug|Any CPU
		{47169BB1-6BD7-44AB-B55A-DD58EF13282B}.Release|Any CPU.ActiveCfg = Release|Any CPU
		{47169BB1-6BD7-44AB-B55A-DD58EF13282B}.Release|Any CPU.Build.0 = Release|Any CPU
		{A8A72F5B-4A3D-4F88-A842-E771F28D886F}.Debug|Any CPU.ActiveCfg = Debug|Any CPU
		{A8A72F5B-4A3D-4F88-A842-E771F28D886F}.Debug|Any CPU.Build.0 = Debug|Any CPU
		{A8A72F5B-4A3D-4F88-A842-E771F28D886F}.Release|Any CPU.ActiveCfg = Release|Any CPU
		{A8A72F5B-4A3D-4F88-A842-E771F28D886F}.Release|Any CPU.Build.0 = Release|Any CPU
		{73AA17B3-C1CE-4E0D-9A67-8FC0DED51A2C}.Debug|Any CPU.ActiveCfg = Debug|Any CPU
		{73AA17B3-C1CE-4E0D-9A67-8FC0DED51A2C}.Debug|Any CPU.Build.0 = Debug|Any CPU
		{73AA17B3-C1CE-4E0D-9A67-8FC0DED51A2C}.Release|Any CPU.ActiveCfg = Release|Any CPU
		{73AA17B3-C1CE-4E0D-9A67-8FC0DED51A2C}.Release|Any CPU.Build.0 = Release|Any CPU
		{87173DA1-990B-4B1B-A472-A7569457E28B}.Debug|Any CPU.ActiveCfg = Debug|Any CPU
		{87173DA1-990B-4B1B-A472-A7569457E28B}.Debug|Any CPU.Build.0 = Debug|Any CPU
		{87173DA1-990B-4B1B-A472-A7569457E28B}.Release|Any CPU.ActiveCfg = Release|Any CPU
		{87173DA1-990B-4B1B-A472-A7569457E28B}.Release|Any CPU.Build.0 = Release|Any CPU
		{B895EA5E-2836-4C57-B809-F5A9BCD11EBA}.Debug|Any CPU.ActiveCfg = Debug|Any CPU
		{B895EA5E-2836-4C57-B809-F5A9BCD11EBA}.Debug|Any CPU.Build.0 = Debug|Any CPU
		{B895EA5E-2836-4C57-B809-F5A9BCD11EBA}.Release|Any CPU.ActiveCfg = Release|Any CPU
		{B895EA5E-2836-4C57-B809-F5A9BCD11EBA}.Release|Any CPU.Build.0 = Release|Any CPU
	EndGlobalSection
	GlobalSection(SolutionProperties) = preSolution
		HideSolutionNode = FALSE
	EndGlobalSection
	GlobalSection(ExtensibilityGlobals) = postSolution
		SolutionGuid = {7D09DDCA-96F2-4288-B7DC-566CCCF44F71}
	EndGlobalSection
EndGlobal
