
Microsoft Visual Studio Solution File, Format Version 11.00
# Visual Studio 2010
Project("{FAE04EC0-301F-11D3-BF4B-00C04F79EFBC}") = "ConservazioneWA", "ConservazioneWA\ConservazioneWA.csproj", "{E6244EF1-6D71-4856-9226-7467F5B9DE7F}"
EndProject
Global
	GlobalSection(TeamFoundationVersionControl) = preSolution
		SccNumberOfProjects = 2
		SccEnterpriseProvider = {4CA58AB2-18FA-4F8D-95D4-32DDF27D184C}
		SccTeamFoundationServer = http://10.20.30.44:8080/tfs/progetti_vtdocs
		SccLocalPath0 = .
		SccProjectUniqueName1 = ConservazioneWA\\ConservazioneWA.csproj
		SccProjectName1 = ConservazioneWA
		SccLocalPath1 = ConservazioneWA
	EndGlobalSection
	GlobalSection(SolutionConfigurationPlatforms) = preSolution
		Debug|Any CPU = Debug|Any CPU
		Release|Any CPU = Release|Any CPU
	EndGlobalSection
	GlobalSection(ProjectConfigurationPlatforms) = postSolution
		{E6244EF1-6D71-4856-9226-7467F5B9DE7F}.Debug|Any CPU.ActiveCfg = Debug|Any CPU
		{E6244EF1-6D71-4856-9226-7467F5B9DE7F}.Debug|Any CPU.Build.0 = Debug|Any CPU
		{E6244EF1-6D71-4856-9226-7467F5B9DE7F}.Release|Any CPU.ActiveCfg = Release|Any CPU
		{E6244EF1-6D71-4856-9226-7467F5B9DE7F}.Release|Any CPU.Build.0 = Release|Any CPU
	EndGlobalSection
	GlobalSection(SolutionProperties) = preSolution
		HideSolutionNode = FALSE
	EndGlobalSection
EndGlobal
