
Microsoft Visual Studio Solution File, Format Version 12.00
Project("{FAE04EC0-301F-11D3-BF4B-00C04F79EFBC}") = "Pi3.Core", "..\\..\\..\\core\\pi3.core-main\\Pi3.Core\\Pi3.Core.csproj", "{5D1655D3-D6B2-4B2C-91BF-6D03AE839C94}"
EndProject
Project("{FAE04EC0-301F-11D3-BF4B-00C04F79EFBC}") = "Pi3.Infrastructure.Tibco", "Pi3.Infrastructure.Tibco\\Pi3.Infrastructure.Tibco.csproj", "{F9E80E7A-B671-4937-AC94-AE2144C60FA8}"
EndProject
# Visual Studio Version 17
VisualStudioVersion = 17.3.32804.467
MinimumVisualStudioVersion = 10.0.40219.1
Global
	GlobalSection(SolutionConfigurationPlatforms) = preSolution
		Debug|Any CPU = Debug|Any CPU
		Release|Any CPU = Release|Any CPU
	EndGlobalSection
	GlobalSection(ProjectConfigurationPlatforms) = postSolution
		{61E89EDD-9CD9-4AEC-B51F-EC5A4D736E06}.Debug|Any CPU.ActiveCfg = Debug|Any CPU
		{61E89EDD-9CD9-4AEC-B51F-EC5A4D736E06}.Debug|Any CPU.Build.0 = Debug|Any CPU
		{61E89EDD-9CD9-4AEC-B51F-EC5A4D736E06}.Release|Any CPU.ActiveCfg = Release|Any CPU
		{61E89EDD-9CD9-4AEC-B51F-EC5A4D736E06}.Release|Any CPU.Build.0 = Release|Any CPU
		{FD87CE9E-A10E-4122-9084-099C63F2827A}.Debug|Any CPU.ActiveCfg = Debug|Any CPU
		{FD87CE9E-A10E-4122-9084-099C63F2827A}.Debug|Any CPU.Build.0 = Debug|Any CPU
		{FD87CE9E-A10E-4122-9084-099C63F2827A}.Release|Any CPU.ActiveCfg = Release|Any CPU
		{FD87CE9E-A10E-4122-9084-099C63F2827A}.Release|Any CPU.Build.0 = Release|Any CPU
	EndGlobalSection
	GlobalSection(SolutionProperties) = preSolution
		HideSolutionNode = FALSE
	EndGlobalSection
	GlobalSection(ExtensibilityGlobals) = postSolution
		SolutionGuid = {DCDB74DD-A311-4220-B30C-E5FEF037498B}
	EndGlobalSection
EndGlobal
