
Microsoft Visual Studio Solution File, Format Version 12.00
Project("{FAE04EC0-301F-11D3-BF4B-00C04F79EFBC}") = "RedisCache", "RedisCache\\RedisCache.csproj", "{FE7DA93F-A957-4BEE-B446-5D89D1531203}"
EndProject
Project("{FAE04EC0-301F-11D3-BF4B-00C04F79EFBC}") = "Pi3.Infrastructure.AAC", "..\\pi3.infrastructure.aac-main\\Pi3.Infrastructure.AAC\\Pi3.Infrastructure.AAC.csproj", "{715F482F-A3C9-4442-88B7-3D0B869972E8}"
EndProject
Project("{FAE04EC0-301F-11D3-BF4B-00C04F79EFBC}") = "Pi3.App.Search.WebApi", "Pi3.App.Search.WebApi\\Pi3.App.Search.WebApi.csproj", "{64F86F80-BDD7-44D8-8C1A-9B1B71390464}"
EndProject
Project("{FAE04EC0-301F-11D3-BF4B-00C04F79EFBC}") = "Pi3.App.Search.RabbitMq", "Pi3.App.Search.RabbitMq\\Pi3.App.Search.RabbitMq.csproj", "{65F94C04-93D6-4089-8F23-C1C7DE60AA31}"
EndProject
Project("{FAE04EC0-301F-11D3-BF4B-00C04F79EFBC}") = "Pi3.Infrastructure.Elastic", "Pi3.Infrastructure.Elastic\\Pi3.Infrastructure.Elastic.csproj", "{8D57A9BC-BE49-4AE3-9B83-17D7A5B41E08}"
EndProject
Project("{FAE04EC0-301F-11D3-BF4B-00C04F79EFBC}") = "Pi3.Infrastructure.ZipFileTextExtractor", "..\\pi3.infrastructure.zipfiletextextractor-main\\pi3.infrastructure.zipfiletextextractor-main\\Pi3.Infrastructure.ZipFileTextExtractor\\Pi3.Infrastructure.ZipFileTextExtractor.csproj", "{0AC8CC19-5864-415F-9822-19E2EE489395}"
EndProject
Project("{FAE04EC0-301F-11D3-BF4B-00C04F79EFBC}") = "Pi3.Infrastructure.Legacy.EF.Services", "..\\pi3.infrastructure.legacy-main\\Pi3.Infrastructure.Legacy.EF.Services\\Pi3.Infrastructure.Legacy.EF.Services.csproj", "{642711C5-9ABE-40CF-824C-3EBE0A422897}"
EndProject
Project("{FAE04EC0-301F-11D3-BF4B-00C04F79EFBC}") = "Pi3.Infrastructure.Legacy.EF.Oracle", "..\\pi3.infrastructure.legacy-main\\Pi3.Infrastructure.Legacy.EF.Oracle\\Pi3.Infrastructure.Legacy.EF.Oracle.csproj", "{F732B2DB-8FEE-4530-A478-DB807770A753}"
EndProject
Project("{FAE04EC0-301F-11D3-BF4B-00C04F79EFBC}") = "Pi3.Infrastructure.BouncyCastle", "..\\pi3.infrastructure.bouncycastle-main\\Pi3.Infrastructure.BouncyCastle\\Pi3.Infrastructure.BouncyCastle.csproj", "{91AF0856-429F-4706-83A8-8A235B68A8E4}"
EndProject
Project("{FAE04EC0-301F-11D3-BF4B-00C04F79EFBC}") = "Pi3.App.Indexer.Batch", "Pi3.App.Indexer.Batch\\Pi3.App.Indexer.Batch.csproj", "{DB89B747-7A37-465A-ADF8-842409FEFFA4}"
EndProject
Project("{FAE04EC0-301F-11D3-BF4B-00C04F79EFBC}") = "pi3.Core.Contracts", "pi3.Core.Contracts\\pi3.Core.Contracts.csproj", "{C778B12A-908D-4EBF-8B6F-E72F86E0AE8A}"
EndProject
Project("{FAE04EC0-301F-11D3-BF4B-00C04F79EFBC}") = "Pi3.Infrastructure.Legacy.EF.Entities", "..\\pi3.infrastructure.legacy-main\\Pi3.Infrastructure.Legacy.EF.Entities\\Pi3.Infrastructure.Legacy.EF.Entities.csproj", "{25DD1FCB-8B3B-41D7-A2A5-165410842E9D}"
EndProject
Project("{FAE04EC0-301F-11D3-BF4B-00C04F79EFBC}") = "Pi3.Core.DocumentAggregate", "..\\..\\core\\pi3.core-main\\Pi3.Core.DocumentAggregate\\Pi3.Core.DocumentAggregate.csproj", "{567FE0D3-3871-44C2-9012-3CEFADD1CA2B}"
EndProject
Project("{FAE04EC0-301F-11D3-BF4B-00C04F79EFBC}") = "Pi3.Core.DocumentoAmministrativoAggregate", "..\\..\\core\\pi3.core-main\\Pi3.Core.DocumentoAmministrativoAggregate\\Pi3.Core.DocumentoAmministrativoAggregate.csproj", "{D0E8DE32-798F-43FF-B5BA-EC064BEA9B68}"
EndProject
Project("{FAE04EC0-301F-11D3-BF4B-00C04F79EFBC}") = "Pi3.Infrastructure.Legacy.EF.DocumentoAmministrativoAggregate", "..\\pi3.infrastructure.legacy-main\\Pi3.Infrastructure.Legacy.EF.DocumentoAmministrativo\\Pi3.Infrastructure.Legacy.EF.DocumentoAmministrativoAggregate.csproj", "{D8E29B44-F6E3-4D4E-90A6-1DD32BDA7FFB}"
EndProject
Project("{FAE04EC0-301F-11D3-BF4B-00C04F79EFBC}") = "Pi3.Core", "..\\..\\core\\pi3.core-main\\Pi3.Core\\Pi3.Core.csproj", "{BD5AC025-8F0E-4A28-BA16-D4F4082BA68D}"
EndProject
Project("{FAE04EC0-301F-11D3-BF4B-00C04F79EFBC}") = "Pi3.Core.ElementAggregate", "..\\..\\core\\pi3.core-main\\Pi3.Core.ElementAggregate\\Pi3.Core.ElementAggregate.csproj", "{5E33098D-7776-4FC5-8A6A-9484D679DA57}"
EndProject
Project("{FAE04EC0-301F-11D3-BF4B-00C04F79EFBC}") = "Pi3.Core.ContentElementAggregate", "..\\..\\core\\pi3.core-main\\Pi3.Core.ContentElementAggregate\\Pi3.Core.ContentElementAggregate.csproj", "{258AEFB5-6FCB-436B-B35D-F51D98050A41}"
EndProject
Project("{FAE04EC0-301F-11D3-BF4B-00C04F79EFBC}") = "Pi3.Core.DocumentBlobAggregate", "..\\..\\core\\pi3.core-main\\Pi3.Core.DocumentBlobAggregate\\Pi3.Core.DocumentBlobAggregate.csproj", "{99C99400-0B28-4D67-A567-610110AD3249}"
EndProject
Project("{FAE04EC0-301F-11D3-BF4B-00C04F79EFBC}") = "Pi3.Infrastructure.Legacy.DocumentFSRepository", "..\\pi3.infrastructure.legacy-main\\Pi3.Infrastructure.Legacy.DocumentFSRepository\\Pi3.Infrastructure.Legacy.DocumentFSRepository.csproj", "{C2B59DE9-8EAE-4BFD-9BB2-AA75CA818D82}"
EndProject
Project("{FAE04EC0-301F-11D3-BF4B-00C04F79EFBC}") = "Doc.Application.Search.DocumentoAmministrativo", "Doc.Application.Search.DocumentoAmministrativo\\Doc.Application.Search.DocumentoAmministrativo.csproj", "{A7A79763-25E0-446A-A8DD-422C3DCB41B4}"
EndProject
# Visual Studio Version 17
VisualStudioVersion = 17.12.35417.141
MinimumVisualStudioVersion = 10.0.40219.1
Global
	GlobalSection(SolutionConfigurationPlatforms) = preSolution
		Debug|Any CPU = Debug|Any CPU
		Release|Any CPU = Release|Any CPU
	EndGlobalSection
	GlobalSection(ProjectConfigurationPlatforms) = postSolution
		{0400A7B8-37CF-412D-8B6A-10DB105FD787}.Debug|Any CPU.ActiveCfg = Debug|Any CPU
		{0400A7B8-37CF-412D-8B6A-10DB105FD787}.Debug|Any CPU.Build.0 = Debug|Any CPU
		{0400A7B8-37CF-412D-8B6A-10DB105FD787}.Release|Any CPU.ActiveCfg = Release|Any CPU
		{0400A7B8-37CF-412D-8B6A-10DB105FD787}.Release|Any CPU.Build.0 = Release|Any CPU
		{10A8E8D6-BD17-4BB3-A1A7-6A1F8035A16A}.Debug|Any CPU.ActiveCfg = Debug|Any CPU
		{10A8E8D6-BD17-4BB3-A1A7-6A1F8035A16A}.Debug|Any CPU.Build.0 = Debug|Any CPU
		{10A8E8D6-BD17-4BB3-A1A7-6A1F8035A16A}.Release|Any CPU.ActiveCfg = Release|Any CPU
		{10A8E8D6-BD17-4BB3-A1A7-6A1F8035A16A}.Release|Any CPU.Build.0 = Release|Any CPU
		{185653F8-7100-49FA-B8B4-9449BE63B1A9}.Debug|Any CPU.ActiveCfg = Debug|Any CPU
		{185653F8-7100-49FA-B8B4-9449BE63B1A9}.Debug|Any CPU.Build.0 = Debug|Any CPU
		{185653F8-7100-49FA-B8B4-9449BE63B1A9}.Release|Any CPU.ActiveCfg = Release|Any CPU
		{185653F8-7100-49FA-B8B4-9449BE63B1A9}.Release|Any CPU.Build.0 = Release|Any CPU
		{5AD2A2E1-D4A4-4052-90C9-41002255E17D}.Debug|Any CPU.ActiveCfg = Debug|Any CPU
		{5AD2A2E1-D4A4-4052-90C9-41002255E17D}.Debug|Any CPU.Build.0 = Debug|Any CPU
		{5AD2A2E1-D4A4-4052-90C9-41002255E17D}.Release|Any CPU.ActiveCfg = Release|Any CPU
		{5AD2A2E1-D4A4-4052-90C9-41002255E17D}.Release|Any CPU.Build.0 = Release|Any CPU
		{F155F770-1854-4DCE-8B96-BBD2BB513F1A}.Debug|Any CPU.ActiveCfg = Debug|Any CPU
		{F155F770-1854-4DCE-8B96-BBD2BB513F1A}.Debug|Any CPU.Build.0 = Debug|Any CPU
		{F155F770-1854-4DCE-8B96-BBD2BB513F1A}.Release|Any CPU.ActiveCfg = Release|Any CPU
		{F155F770-1854-4DCE-8B96-BBD2BB513F1A}.Release|Any CPU.Build.0 = Release|Any CPU
		{9767F571-177E-4415-A6DD-2BCB13EC0F38}.Debug|Any CPU.ActiveCfg = Debug|Any CPU
		{9767F571-177E-4415-A6DD-2BCB13EC0F38}.Debug|Any CPU.Build.0 = Debug|Any CPU
		{9767F571-177E-4415-A6DD-2BCB13EC0F38}.Release|Any CPU.ActiveCfg = Release|Any CPU
		{9767F571-177E-4415-A6DD-2BCB13EC0F38}.Release|Any CPU.Build.0 = Release|Any CPU
		{ACA912AE-8277-498A-A6D9-DAF4A61F0867}.Debug|Any CPU.ActiveCfg = Debug|Any CPU
		{ACA912AE-8277-498A-A6D9-DAF4A61F0867}.Debug|Any CPU.Build.0 = Debug|Any CPU
		{ACA912AE-8277-498A-A6D9-DAF4A61F0867}.Release|Any CPU.ActiveCfg = Release|Any CPU
		{ACA912AE-8277-498A-A6D9-DAF4A61F0867}.Release|Any CPU.Build.0 = Release|Any CPU
		{AD2DB86B-9530-4592-A9EA-ECC955DF3CC1}.Debug|Any CPU.ActiveCfg = Debug|Any CPU
		{AD2DB86B-9530-4592-A9EA-ECC955DF3CC1}.Debug|Any CPU.Build.0 = Debug|Any CPU
		{AD2DB86B-9530-4592-A9EA-ECC955DF3CC1}.Release|Any CPU.ActiveCfg = Release|Any CPU
		{AD2DB86B-9530-4592-A9EA-ECC955DF3CC1}.Release|Any CPU.Build.0 = Release|Any CPU
		{385B66DB-F8CC-4B0C-AFD7-CF41C429803C}.Debug|Any CPU.ActiveCfg = Debug|Any CPU
		{385B66DB-F8CC-4B0C-AFD7-CF41C429803C}.Debug|Any CPU.Build.0 = Debug|Any CPU
		{385B66DB-F8CC-4B0C-AFD7-CF41C429803C}.Release|Any CPU.ActiveCfg = Release|Any CPU
		{385B66DB-F8CC-4B0C-AFD7-CF41C429803C}.Release|Any CPU.Build.0 = Release|Any CPU
	EndGlobalSection
	GlobalSection(SolutionProperties) = preSolution
		HideSolutionNode = FALSE
	EndGlobalSection
	GlobalSection(NestedProjects) = preSolution
		{5AD2A2E1-D4A4-4052-90C9-41002255E17D} = {9D97FC74-C8A8-4AA2-83C1-E4307EA2FC24}
		{F155F770-1854-4DCE-8B96-BBD2BB513F1A} = {9716FCFE-0A5A-4858-9270-271D02C544BB}
		{9767F571-177E-4415-A6DD-2BCB13EC0F38} = {9716FCFE-0A5A-4858-9270-271D02C544BB}
		{ACA912AE-8277-498A-A6D9-DAF4A61F0867} = {9D97FC74-C8A8-4AA2-83C1-E4307EA2FC24}
		{AD2DB86B-9530-4592-A9EA-ECC955DF3CC1} = {9D97FC74-C8A8-4AA2-83C1-E4307EA2FC24}
	EndGlobalSection
	GlobalSection(ExtensibilityGlobals) = postSolution
		SolutionGuid = {5B5B78DB-0265-4CBC-B250-4A20D910FA57}
	EndGlobalSection
EndGlobal
