
Microsoft Visual Studio Solution File, Format Version 12.00
Project("{FAE04EC0-301F-11D3-BF4B-00C04F79EFBC}") = "Pi3.Core.CorrispondenteAggregate", "..\\..\\core\\pi3.core-main\\Pi3.Core.CorrispondenteAggregate\\Pi3.Core.CorrispondenteAggregate.csproj", "{E43EC66F-ADAC-4A5A-BFB1-4D04BBCBEF56}"
EndProject
Project("{FAE04EC0-301F-11D3-BF4B-00C04F79EFBC}") = "Pi3.Core.UOCorrispondenteAggregate", "..\\..\\core\\pi3.core-main\\Pi3.Core.UOCorrispondenteAggregate\\Pi3.Core.UOCorrispondenteAggregate.csproj", "{BF30F55A-337B-493F-81B1-0F0ECC827372}"
EndProject
Project("{FAE04EC0-301F-11D3-BF4B-00C04F79EFBC}") = "Pi3.Infrastructure.Legacy.EF.UOCorrispondenteAggregate", "..\\..\\infrastructure\\pi3.infrastructure.legacy-main\\Pi3.Infrastructure.Legacy.EF.UOCorrispondenteAggregate\\Pi3.Infrastructure.Legacy.EF.UOCorrispondenteAggregate.csproj", "{F659D568-C552-4C55-8143-95E9993DCB54}"
EndProject
Project("{FAE04EC0-301F-11D3-BF4B-00C04F79EFBC}") = "Pi3.Core.TrasmissioneAggregate", "..\\..\\core\\pi3.core-main\\Pi3.Core.TrasmissioneAggregate\\Pi3.Core.TrasmissioneAggregate.csproj", "{B0D419B7-E529-4FCC-BCD4-6BF9ED19191F}"
EndProject
Project("{FAE04EC0-301F-11D3-BF4B-00C04F79EFBC}") = "Pi3.Infrastructure.Legacy.EF.TrasmissioneAggregate", "..\\..\\infrastructure\\pi3.infrastructure.legacy-main\\Pi3.Infrastructure.Legacy.EF.TrasmissioneAggregate\\Pi3.Infrastructure.Legacy.EF.TrasmissioneAggregate.csproj", "{1FDC292D-457C-41F6-86D7-22A8C68F2E24}"
EndProject
Project("{FAE04EC0-301F-11D3-BF4B-00C04F79EFBC}") = "Pi3.Infrastructure.Legacy.EF.Services", "..\\..\\infrastructure\\pi3.infrastructure.legacy-main\\Pi3.Infrastructure.Legacy.EF.Services\\Pi3.Infrastructure.Legacy.EF.Services.csproj", "{B384F39F-412F-448D-BEB8-97863329BE0F}"
EndProject
Project("{FAE04EC0-301F-11D3-BF4B-00C04F79EFBC}") = "Pi3.Infrastructure.Legacy.EF.Oracle", "..\\..\\infrastructure\\pi3.infrastructure.legacy-main\\Pi3.Infrastructure.Legacy.EF.Oracle\\Pi3.Infrastructure.Legacy.EF.Oracle.csproj", "{28D3D820-357F-471F-89EB-2F28C55A69EC}"
EndProject
Project("{FAE04EC0-301F-11D3-BF4B-00C04F79EFBC}") = "Pi3.Core.NotaAggregate", "..\\..\\core\\pi3.core-main\\Pi3.Core.NoteAggregate\\Pi3.Core.NotaAggregate.csproj", "{64DBDECC-9F73-4650-B35A-1F4A86D7F590}"
EndProject
Project("{FAE04EC0-301F-11D3-BF4B-00C04F79EFBC}") = "Pi3.Infrastructure.Legacy.EF.NotaAggregate", "..\\..\\infrastructure\\pi3.infrastructure.legacy-main\\Pi3.Infrastructure.Legacy.EF.NoteAggregate\\Pi3.Infrastructure.Legacy.EF.NotaAggregate.csproj", "{BA942803-B1F0-4F05-B449-192255D014D6}"
EndProject
Project("{FAE04EC0-301F-11D3-BF4B-00C04F79EFBC}") = "Pi3.Infrastructure.Legacy.EF.Entities", "..\\..\\infrastructure\\pi3.infrastructure.legacy-main\\Pi3.Infrastructure.Legacy.EF.Entities\\Pi3.Infrastructure.Legacy.EF.Entities.csproj", "{9AC7EBB0-CEF3-41A3-BC84-7944F3910175}"
EndProject
Project("{FAE04EC0-301F-11D3-BF4B-00C04F79EFBC}") = "Pi3.Core.DocumentAggregate", "..\\..\\core\\pi3.core-main\\Pi3.Core.DocumentAggregate\\Pi3.Core.DocumentAggregate.csproj", "{DED1EA70-E75E-4DE8-962E-4E8632B665BC}"
EndProject
Project("{FAE04EC0-301F-11D3-BF4B-00C04F79EFBC}") = "Pi3.Core.DocumentoAmministrativoAggregate", "..\\..\\core\\pi3.core-main\\Pi3.Core.DocumentoAmministrativoAggregate\\Pi3.Core.DocumentoAmministrativoAggregate.csproj", "{57982ADB-EE05-4B9B-AD46-453A351F8CB3}"
EndProject
Project("{FAE04EC0-301F-11D3-BF4B-00C04F79EFBC}") = "Pi3.Infrastructure.Legacy.EF.DocumentoAmministrativoAggregate", "..\\..\\infrastructure\\pi3.infrastructure.legacy-main\\Pi3.Infrastructure.Legacy.EF.DocumentoAmministrativo\\Pi3.Infrastructure.Legacy.EF.DocumentoAmministrativoAggregate.csproj", "{0E66D5D2-A1B6-40FF-8CFB-DD5AF40B5C70}"
EndProject
Project("{FAE04EC0-301F-11D3-BF4B-00C04F79EFBC}") = "Pi3.Core.ElementAggregate", "..\\..\\core\\pi3.core-main\\Pi3.Core.ElementAggregate\\Pi3.Core.ElementAggregate.csproj", "{95F5F397-8E45-4D45-8040-EA8B26C8F120}"
EndProject
Project("{FAE04EC0-301F-11D3-BF4B-00C04F79EFBC}") = "Pi3.Core.ContentElementAggregate", "..\\..\\core\\pi3.core-main\\Pi3.Core.ContentElementAggregate\\Pi3.Core.ContentElementAggregate.csproj", "{37FC6B5E-7A1B-4D33-BC7B-6053BC576BEE}"
EndProject
Project("{FAE04EC0-301F-11D3-BF4B-00C04F79EFBC}") = "Pi3.Core.DocumentBlobAggregate", "..\\..\\core\\pi3.core-main\\Pi3.Core.DocumentBlobAggregate\\Pi3.Core.DocumentBlobAggregate.csproj", "{84EB2EF0-D638-45F1-9552-A9D71BAECC21}"
EndProject
Project("{FAE04EC0-301F-11D3-BF4B-00C04F79EFBC}") = "Pi3.Infrastructure.Legacy.DocumentFSRepository", "..\\..\\infrastructure\\pi3.infrastructure.legacy-main\\Pi3.Infrastructure.Legacy.DocumentFSRepository\\Pi3.Infrastructure.Legacy.DocumentFSRepository.csproj", "{66857427-349F-45E8-B87C-D245A20721B6}"
EndProject
Project("{FAE04EC0-301F-11D3-BF4B-00C04F79EFBC}") = "Pi3.Infrastructure.Graph", "..\\..\\infrastructure\\pi3.infrastructure.graph-main\\Pi3.Infrastructure.Graph\\Pi3.Infrastructure.Graph.csproj", "{7D03515B-A05F-4CAD-9EF5-0676F99C120D}"
EndProject
Project("{FAE04EC0-301F-11D3-BF4B-00C04F79EFBC}") = "Pi3.Infrastructure.Chilkat", "..\\..\\infrastructure\\pi3.infrastructure.chilkat-main\\Pi3.Infrastructure.Chilkat\\Pi3.Infrastructure.Chilkat.csproj", "{EF23E737-2F20-463C-B756-BA11DA8FC85B}"
EndProject
Project("{FAE04EC0-301F-11D3-BF4B-00C04F79EFBC}") = "Pi3.Core", "..\\..\\core\\pi3.core-main\\Pi3.Core\\Pi3.Core.csproj", "{1668824F-8F0C-4FCD-AF60-BFB36DEFEB2B}"
EndProject
Project("{FAE04EC0-301F-11D3-BF4B-00C04F79EFBC}") = "Pi3.Infrastructure.BouncyCastle", "..\\..\\infrastructure\\pi3.infrastructure.bouncycastle-main\\Pi3.Infrastructure.BouncyCastle\\Pi3.Infrastructure.BouncyCastle.csproj", "{9C47FD6B-183C-45DC-AC49-30C661A0059A}"
EndProject
Project("{FAE04EC0-301F-11D3-BF4B-00C04F79EFBC}") = "Pi3.Infrastructure.AAC", "..\\..\\infrastructure\\pi3.infrastructure.aac-main\\Pi3.Infrastructure.AAC\\Pi3.Infrastructure.AAC.csproj", "{FCFA696B-040F-43E1-9E1F-96A4C96F1D3A}"
EndProject
Project("{FAE04EC0-301F-11D3-BF4B-00C04F79EFBC}") = "Pi3.App.InteropPitre.WebApi", "Pi3.App.InteropPitre.WebApi\\Pi3.App.InteropPitre.WebApi.csproj", "{5CC46827-4870-4E34-941A-95534E374CE5}"
EndProject
# Visual Studio Version 17
VisualStudioVersion = 17.3.32804.467
MinimumVisualStudioVersion = 10.0.40219.1
Global
	GlobalSection(SolutionConfigurationPlatforms) = preSolution
		Debug|Any CPU = Debug|Any CPU
		Release|Any CPU = Release|Any CPU
	EndGlobalSection
	GlobalSection(ProjectConfigurationPlatforms) = postSolution
		{3C9F5543-5857-4531-A91E-0C7CFF364487}.Debug|Any CPU.ActiveCfg = Debug|Any CPU
		{3C9F5543-5857-4531-A91E-0C7CFF364487}.Debug|Any CPU.Build.0 = Debug|Any CPU
		{3C9F5543-5857-4531-A91E-0C7CFF364487}.Release|Any CPU.ActiveCfg = Release|Any CPU
		{3C9F5543-5857-4531-A91E-0C7CFF364487}.Release|Any CPU.Build.0 = Release|Any CPU
		{836E2965-AAE3-4324-B093-05072BD3AB9B}.Debug|Any CPU.ActiveCfg = Debug|Any CPU
		{836E2965-AAE3-4324-B093-05072BD3AB9B}.Debug|Any CPU.Build.0 = Debug|Any CPU
		{836E2965-AAE3-4324-B093-05072BD3AB9B}.Release|Any CPU.ActiveCfg = Release|Any CPU
		{836E2965-AAE3-4324-B093-05072BD3AB9B}.Release|Any CPU.Build.0 = Release|Any CPU
	EndGlobalSection
	GlobalSection(SolutionProperties) = preSolution
		HideSolutionNode = FALSE
	EndGlobalSection
	GlobalSection(ExtensibilityGlobals) = postSolution
		SolutionGuid = {FA035F19-8E4B-4152-B046-80B449513B59}
	EndGlobalSection
EndGlobal
